
Microsoft Visual Studio Solution File, Format Version 12.00
# Visual Studio 14
VisualStudioVersion = 14.0.24720.0
MinimumVisualStudioVersion = 10.0.40219.1
Project("{FAE04EC0-301F-11D3-BF4B-00C04F79EFBC}") = "AptkAms.Abstractions", "AptkAms.Abstractions\AptkAms.Abstractions.csproj", "{A6FCEF44-D2BA-42C7-B3CB-13667BCD7B54}"
EndProject
Project("{FAE04EC0-301F-11D3-BF4B-00C04F79EFBC}") = "AptkAms.iOS", "AptkAms.iOS\AptkAms.iOS.csproj", "{2882AEEB-D4CD-4EB9-8A6C-6653B33681F0}"
EndProject
Project("{FAE04EC0-301F-11D3-BF4B-00C04F79EFBC}") = "AptkAms.Android", "AptkAms.Android\AptkAms.Android.csproj", "{56A56F17-7DE1-4CA1-9617-BF32E971AC84}"
EndProject
Project("{FAE04EC0-301F-11D3-BF4B-00C04F79EFBC}") = "AptkAms.WindowsPhone", "AptkAms.WindowsPhone8\AptkAms.WindowsPhone.csproj", "{5876144B-47DD-4C4E-B421-BC03F191B996}"
EndProject
Project("{FAE04EC0-301F-11D3-BF4B-00C04F79EFBC}") = "AptkAms.Uwp", "AptkAms.Uwp\AptkAms.Uwp.csproj", "{4EE4F673-D674-41FF-B245-DD1B4F0E8CB4}"
EndProject
Project("{D954291E-2A0B-460D-934E-DC6B0785DB48}") = "AptkAms.Shared", "AptkAms.Shared\AptkAms.Shared.shproj", "{3BC9B55F-F2F3-4CC5-932B-088EF9ACB768}"
EndProject
Project("{FAE04EC0-301F-11D3-BF4B-00C04F79EFBC}") = "AptkAms.LocalStore", "AptkAms.LocalStore\AptkAms.LocalStore.csproj", "{6E8DF24C-3029-4227-9C81-404BC5C18889}"
EndProject
Project("{2150E333-8FDC-42A3-9474-1A3956D46DE8}") = "MvvmCross", "MvvmCross", "{81D5428D-B40E-4E82-85F2-B2A52883F077}"
EndProject
Project("{2150E333-8FDC-42A3-9474-1A3956D46DE8}") = "AptkAms.WinRT", "AptkAms.WinRT", "{934B405D-E514-43D2-A304-46C120B8F3FA}"
EndProject
Project("{FAE04EC0-301F-11D3-BF4B-00C04F79EFBC}") = "AptkAms.WinRT.Windows", "AptkAms.WinRT\AptkAms.WinRT.Windows81\AptkAms.WinRT.Windows.csproj", "{ED9A4CA1-C04C-457D-9A2E-7995CCF12356}"
EndProject
Project("{FAE04EC0-301F-11D3-BF4B-00C04F79EFBC}") = "AptkAms.WinRT.WindowsPhone", "AptkAms.WinRT\AptkAms.WinRT.WindowsPhone81\AptkAms.WinRT.WindowsPhone.csproj", "{7169373F-0B82-4E5D-9129-7CC3065B90FA}"
EndProject
Project("{D954291E-2A0B-460D-934E-DC6B0785DB48}") = "AptkAms.WinRT.Shared", "AptkAms.WinRT\AptkAms.WinRT.Shared\AptkAms.WinRT.Shared.shproj", "{F1FBD5F6-E337-4254-B116-2BB99F83970C}"
EndProject
Project("{2150E333-8FDC-42A3-9474-1A3956D46DE8}") = "Samples", "Samples", "{D9E5CE7D-E1AD-4AB6-B7FA-7F3DD5609F32}"
EndProject
Project("{FAE04EC0-301F-11D3-BF4B-00C04F79EFBC}") = "AptkAms.Sample.Core", "Samples\AptkAms.Sample.Core\AptkAms.Sample.Core.csproj", "{CD8506E7-6212-477C-89AB-8AE2EEEA1776}"
EndProject
Project("{FAE04EC0-301F-11D3-BF4B-00C04F79EFBC}") = "AptkAms.Sample.Droid", "Samples\AptkAms.Sample.Droid\AptkAms.Sample.Droid.csproj", "{8CD70EE2-EC8B-4F0B-B243-7FD7650BEA8B}"
EndProject
Project("{FAE04EC0-301F-11D3-BF4B-00C04F79EFBC}") = "AptkAms.Sample.iOS", "Samples\AptkAms.Sample.iOS\AptkAms.Sample.iOS.csproj", "{C9D523AB-E09E-4F6E-86E0-D25BED8E3787}"
EndProject
Project("{FAE04EC0-301F-11D3-BF4B-00C04F79EFBC}") = "AptkAms.Sample.Uwp", "Samples\AptkAms.Sample.Uwp\AptkAms.Sample.Uwp.csproj", "{2AEEE53D-679A-45D6-BE6E-FB27DAD8459F}"
EndProject
Project("{FAE04EC0-301F-11D3-BF4B-00C04F79EFBC}") = "AptkAms.Sample.WindowsPhone", "Samples\AptkAms.Sample.WinPhone8\AptkAms.Sample.WindowsPhone.csproj", "{3F32FDB9-84F8-4BAC-B5D4-B33ECFD9AEEE}"
EndProject
Project("{2150E333-8FDC-42A3-9474-1A3956D46DE8}") = "AptkAms.Sample.WinRT", "AptkAms.Sample.WinRT", "{D487198C-6E37-43E2-8943-C85708579D8E}"
EndProject
Project("{D954291E-2A0B-460D-934E-DC6B0785DB48}") = "AptkAms.Sample.WinRT.Shared", "Samples\AptkAms.Sample.WinRT\AptkAms.Sample.WinRT.Shared\AptkAms.Sample.WinRT.Shared.shproj", "{A3AA3A5B-E084-4856-80C7-9F7A0AD27FE2}"
EndProject
Project("{FAE04EC0-301F-11D3-BF4B-00C04F79EFBC}") = "AptkAms.Sample.WinRT.Windows", "Samples\AptkAms.Sample.WinRT\AptkAms.Sample.WinRT.Windows\AptkAms.Sample.WinRT.Windows.csproj", "{25A03D8F-2995-4EF6-B12F-08AAE7C381ED}"
EndProject
Project("{FAE04EC0-301F-11D3-BF4B-00C04F79EFBC}") = "AptkAms.Sample.WinRT.WindowsPhone", "Samples\AptkAms.Sample.WinRT\AptkAms.Sample.WinRT.WindowsPhone\AptkAms.Sample.WinRT.WindowsPhone.csproj", "{25797D3D-D966-4586-81BD-02AD62E64D25}"
EndProject
Project("{FAE04EC0-301F-11D3-BF4B-00C04F79EFBC}") = "AptkAms.Sample.Backend", "Samples\AptkAms.Sample.Backend\AptkAms.Sample.Backend.csproj", "{E7DE256A-267F-4D11-84D4-820AAB020941}"
EndProject
Project("{FAE04EC0-301F-11D3-BF4B-00C04F79EFBC}") = "AptkAms", "AptkAms\AptkAms.csproj", "{4D073C1D-C46C-4B18-92CC-D3729E11DC88}"
EndProject
Global
	GlobalSection(SharedMSBuildProjectFiles) = preSolution
		AptkAms.Shared\AptkAms.Shared.projitems*{56a56f17-7de1-4ca1-9617-bf32e971ac84}*SharedItemsImports = 4
		AptkAms.Shared\AptkAms.Shared.projitems*{2882aeeb-d4cd-4eb9-8a6c-6653b33681f0}*SharedItemsImports = 4
		AptkAms.Shared\AptkAms.Shared.projitems*{5876144b-47dd-4c4e-b421-bc03f191b996}*SharedItemsImports = 4
		AptkAms.Shared\AptkAms.Shared.projitems*{3bc9b55f-f2f3-4cc5-932b-088ef9acb768}*SharedItemsImports = 13
		Samples\AptkAms.Sample.WinRT\AptkAms.Sample.WinRT.Shared\AptkAms.Sample.WinRT.Shared.projitems*{a3aa3a5b-e084-4856-80c7-9f7a0ad27fe2}*SharedItemsImports = 13
		Samples\AptkAms.Sample.WinRT\AptkAms.Sample.WinRT.Shared\AptkAms.Sample.WinRT.Shared.projitems*{25797d3d-d966-4586-81bd-02ad62e64d25}*SharedItemsImports = 4
		Samples\AptkAms.Sample.WinRT\AptkAms.Sample.WinRT.Shared\AptkAms.Sample.WinRT.Shared.projitems*{25a03d8f-2995-4ef6-b12f-08aae7c381ed}*SharedItemsImports = 4
		AptkAms.Shared\AptkAms.Shared.projitems*{7169373f-0b82-4e5d-9129-7cc3065b90fa}*SharedItemsImports = 4
		AptkAms.WinRT\AptkAms.WinRT.Shared\AptkAms.WinRT.Shared.projitems*{7169373f-0b82-4e5d-9129-7cc3065b90fa}*SharedItemsImports = 4
		AptkAms.WinRT\AptkAms.WinRT.Shared\AptkAms.WinRT.Shared.projitems*{f1fbd5f6-e337-4254-b116-2bb99f83970c}*SharedItemsImports = 13
		AptkAms.Shared\AptkAms.Shared.projitems*{4ee4f673-d674-41ff-b245-dd1b4f0e8cb4}*SharedItemsImports = 4
		AptkAms.Shared\AptkAms.Shared.projitems*{ed9a4ca1-c04c-457d-9a2e-7995ccf12356}*SharedItemsImports = 4
		AptkAms.WinRT\AptkAms.WinRT.Shared\AptkAms.WinRT.Shared.projitems*{ed9a4ca1-c04c-457d-9a2e-7995ccf12356}*SharedItemsImports = 4
		AptkAms.Shared\AptkAms.Shared.projitems*{4d073c1d-c46c-4b18-92cc-d3729e11dc88}*SharedItemsImports = 4
	EndGlobalSection
	GlobalSection(SolutionConfigurationPlatforms) = preSolution
		Ad-Hoc|Any CPU = Ad-Hoc|Any CPU
		Ad-Hoc|ARM = Ad-Hoc|ARM
		Ad-Hoc|iPhone = Ad-Hoc|iPhone
		Ad-Hoc|iPhoneSimulator = Ad-Hoc|iPhoneSimulator
		Ad-Hoc|x64 = Ad-Hoc|x64
		Ad-Hoc|x86 = Ad-Hoc|x86
		AppStore|Any CPU = AppStore|Any CPU
		AppStore|ARM = AppStore|ARM
		AppStore|iPhone = AppStore|iPhone
		AppStore|iPhoneSimulator = AppStore|iPhoneSimulator
		AppStore|x64 = AppStore|x64
		AppStore|x86 = AppStore|x86
		Debug|Any CPU = Debug|Any CPU
		Debug|ARM = Debug|ARM
		Debug|iPhone = Debug|iPhone
		Debug|iPhoneSimulator = Debug|iPhoneSimulator
		Debug|x64 = Debug|x64
		Debug|x86 = Debug|x86
		Release|Any CPU = Release|Any CPU
		Release|ARM = Release|ARM
		Release|iPhone = Release|iPhone
		Release|iPhoneSimulator = Release|iPhoneSimulator
		Release|x64 = Release|x64
		Release|x86 = Release|x86
	EndGlobalSection
	GlobalSection(ProjectConfigurationPlatforms) = postSolution
		{A6FCEF44-D2BA-42C7-B3CB-13667BCD7B54}.Ad-Hoc|Any CPU.ActiveCfg = Release|Any CPU
		{A6FCEF44-D2BA-42C7-B3CB-13667BCD7B54}.Ad-Hoc|Any CPU.Build.0 = Release|Any CPU
		{A6FCEF44-D2BA-42C7-B3CB-13667BCD7B54}.Ad-Hoc|ARM.ActiveCfg = Release|Any CPU
		{A6FCEF44-D2BA-42C7-B3CB-13667BCD7B54}.Ad-Hoc|ARM.Build.0 = Release|Any CPU
		{A6FCEF44-D2BA-42C7-B3CB-13667BCD7B54}.Ad-Hoc|iPhone.ActiveCfg = Release|Any CPU
		{A6FCEF44-D2BA-42C7-B3CB-13667BCD7B54}.Ad-Hoc|iPhone.Build.0 = Release|Any CPU
		{A6FCEF44-D2BA-42C7-B3CB-13667BCD7B54}.Ad-Hoc|iPhoneSimulator.ActiveCfg = Release|Any CPU
		{A6FCEF44-D2BA-42C7-B3CB-13667BCD7B54}.Ad-Hoc|iPhoneSimulator.Build.0 = Release|Any CPU
		{A6FCEF44-D2BA-42C7-B3CB-13667BCD7B54}.Ad-Hoc|x64.ActiveCfg = Release|Any CPU
		{A6FCEF44-D2BA-42C7-B3CB-13667BCD7B54}.Ad-Hoc|x64.Build.0 = Release|Any CPU
		{A6FCEF44-D2BA-42C7-B3CB-13667BCD7B54}.Ad-Hoc|x86.ActiveCfg = Release|Any CPU
		{A6FCEF44-D2BA-42C7-B3CB-13667BCD7B54}.Ad-Hoc|x86.Build.0 = Release|Any CPU
		{A6FCEF44-D2BA-42C7-B3CB-13667BCD7B54}.AppStore|Any CPU.ActiveCfg = Release|Any CPU
		{A6FCEF44-D2BA-42C7-B3CB-13667BCD7B54}.AppStore|Any CPU.Build.0 = Release|Any CPU
		{A6FCEF44-D2BA-42C7-B3CB-13667BCD7B54}.AppStore|ARM.ActiveCfg = Release|Any CPU
		{A6FCEF44-D2BA-42C7-B3CB-13667BCD7B54}.AppStore|ARM.Build.0 = Release|Any CPU
		{A6FCEF44-D2BA-42C7-B3CB-13667BCD7B54}.AppStore|iPhone.ActiveCfg = Release|Any CPU
		{A6FCEF44-D2BA-42C7-B3CB-13667BCD7B54}.AppStore|iPhone.Build.0 = Release|Any CPU
		{A6FCEF44-D2BA-42C7-B3CB-13667BCD7B54}.AppStore|iPhoneSimulator.ActiveCfg = Release|Any CPU
		{A6FCEF44-D2BA-42C7-B3CB-13667BCD7B54}.AppStore|iPhoneSimulator.Build.0 = Release|Any CPU
		{A6FCEF44-D2BA-42C7-B3CB-13667BCD7B54}.AppStore|x64.ActiveCfg = Release|Any CPU
		{A6FCEF44-D2BA-42C7-B3CB-13667BCD7B54}.AppStore|x64.Build.0 = Release|Any CPU
		{A6FCEF44-D2BA-42C7-B3CB-13667BCD7B54}.AppStore|x86.ActiveCfg = Release|Any CPU
		{A6FCEF44-D2BA-42C7-B3CB-13667BCD7B54}.AppStore|x86.Build.0 = Release|Any CPU
		{A6FCEF44-D2BA-42C7-B3CB-13667BCD7B54}.Debug|Any CPU.ActiveCfg = Debug|Any CPU
		{A6FCEF44-D2BA-42C7-B3CB-13667BCD7B54}.Debug|Any CPU.Build.0 = Debug|Any CPU
		{A6FCEF44-D2BA-42C7-B3CB-13667BCD7B54}.Debug|ARM.ActiveCfg = Debug|Any CPU
		{A6FCEF44-D2BA-42C7-B3CB-13667BCD7B54}.Debug|ARM.Build.0 = Debug|Any CPU
		{A6FCEF44-D2BA-42C7-B3CB-13667BCD7B54}.Debug|iPhone.ActiveCfg = Debug|Any CPU
		{A6FCEF44-D2BA-42C7-B3CB-13667BCD7B54}.Debug|iPhone.Build.0 = Debug|Any CPU
		{A6FCEF44-D2BA-42C7-B3CB-13667BCD7B54}.Debug|iPhoneSimulator.ActiveCfg = Debug|Any CPU
		{A6FCEF44-D2BA-42C7-B3CB-13667BCD7B54}.Debug|iPhoneSimulator.Build.0 = Debug|Any CPU
		{A6FCEF44-D2BA-42C7-B3CB-13667BCD7B54}.Debug|x64.ActiveCfg = Debug|Any CPU
		{A6FCEF44-D2BA-42C7-B3CB-13667BCD7B54}.Debug|x64.Build.0 = Debug|Any CPU
		{A6FCEF44-D2BA-42C7-B3CB-13667BCD7B54}.Debug|x86.ActiveCfg = Debug|Any CPU
		{A6FCEF44-D2BA-42C7-B3CB-13667BCD7B54}.Debug|x86.Build.0 = Debug|Any CPU
		{A6FCEF44-D2BA-42C7-B3CB-13667BCD7B54}.Release|Any CPU.ActiveCfg = Release|Any CPU
		{A6FCEF44-D2BA-42C7-B3CB-13667BCD7B54}.Release|Any CPU.Build.0 = Release|Any CPU
		{A6FCEF44-D2BA-42C7-B3CB-13667BCD7B54}.Release|ARM.ActiveCfg = Release|Any CPU
		{A6FCEF44-D2BA-42C7-B3CB-13667BCD7B54}.Release|ARM.Build.0 = Release|Any CPU
		{A6FCEF44-D2BA-42C7-B3CB-13667BCD7B54}.Release|iPhone.ActiveCfg = Release|Any CPU
		{A6FCEF44-D2BA-42C7-B3CB-13667BCD7B54}.Release|iPhone.Build.0 = Release|Any CPU
		{A6FCEF44-D2BA-42C7-B3CB-13667BCD7B54}.Release|iPhoneSimulator.ActiveCfg = Release|Any CPU
		{A6FCEF44-D2BA-42C7-B3CB-13667BCD7B54}.Release|iPhoneSimulator.Build.0 = Release|Any CPU
		{A6FCEF44-D2BA-42C7-B3CB-13667BCD7B54}.Release|x64.ActiveCfg = Release|Any CPU
		{A6FCEF44-D2BA-42C7-B3CB-13667BCD7B54}.Release|x64.Build.0 = Release|Any CPU
		{A6FCEF44-D2BA-42C7-B3CB-13667BCD7B54}.Release|x86.ActiveCfg = Release|Any CPU
		{A6FCEF44-D2BA-42C7-B3CB-13667BCD7B54}.Release|x86.Build.0 = Release|Any CPU
		{2882AEEB-D4CD-4EB9-8A6C-6653B33681F0}.Ad-Hoc|Any CPU.ActiveCfg = Release|Any CPU
		{2882AEEB-D4CD-4EB9-8A6C-6653B33681F0}.Ad-Hoc|Any CPU.Build.0 = Release|Any CPU
		{2882AEEB-D4CD-4EB9-8A6C-6653B33681F0}.Ad-Hoc|ARM.ActiveCfg = Release|Any CPU
		{2882AEEB-D4CD-4EB9-8A6C-6653B33681F0}.Ad-Hoc|ARM.Build.0 = Release|Any CPU
		{2882AEEB-D4CD-4EB9-8A6C-6653B33681F0}.Ad-Hoc|iPhone.ActiveCfg = Release|Any CPU
		{2882AEEB-D4CD-4EB9-8A6C-6653B33681F0}.Ad-Hoc|iPhone.Build.0 = Release|Any CPU
		{2882AEEB-D4CD-4EB9-8A6C-6653B33681F0}.Ad-Hoc|iPhoneSimulator.ActiveCfg = Release|Any CPU
		{2882AEEB-D4CD-4EB9-8A6C-6653B33681F0}.Ad-Hoc|iPhoneSimulator.Build.0 = Release|Any CPU
		{2882AEEB-D4CD-4EB9-8A6C-6653B33681F0}.Ad-Hoc|x64.ActiveCfg = Release|Any CPU
		{2882AEEB-D4CD-4EB9-8A6C-6653B33681F0}.Ad-Hoc|x64.Build.0 = Release|Any CPU
		{2882AEEB-D4CD-4EB9-8A6C-6653B33681F0}.Ad-Hoc|x86.ActiveCfg = Release|Any CPU
		{2882AEEB-D4CD-4EB9-8A6C-6653B33681F0}.Ad-Hoc|x86.Build.0 = Release|Any CPU
		{2882AEEB-D4CD-4EB9-8A6C-6653B33681F0}.AppStore|Any CPU.ActiveCfg = Release|Any CPU
		{2882AEEB-D4CD-4EB9-8A6C-6653B33681F0}.AppStore|Any CPU.Build.0 = Release|Any CPU
		{2882AEEB-D4CD-4EB9-8A6C-6653B33681F0}.AppStore|ARM.ActiveCfg = Release|Any CPU
		{2882AEEB-D4CD-4EB9-8A6C-6653B33681F0}.AppStore|ARM.Build.0 = Release|Any CPU
		{2882AEEB-D4CD-4EB9-8A6C-6653B33681F0}.AppStore|iPhone.ActiveCfg = Release|Any CPU
		{2882AEEB-D4CD-4EB9-8A6C-6653B33681F0}.AppStore|iPhone.Build.0 = Release|Any CPU
		{2882AEEB-D4CD-4EB9-8A6C-6653B33681F0}.AppStore|iPhoneSimulator.ActiveCfg = Release|Any CPU
		{2882AEEB-D4CD-4EB9-8A6C-6653B33681F0}.AppStore|iPhoneSimulator.Build.0 = Release|Any CPU
		{2882AEEB-D4CD-4EB9-8A6C-6653B33681F0}.AppStore|x64.ActiveCfg = Release|Any CPU
		{2882AEEB-D4CD-4EB9-8A6C-6653B33681F0}.AppStore|x64.Build.0 = Release|Any CPU
		{2882AEEB-D4CD-4EB9-8A6C-6653B33681F0}.AppStore|x86.ActiveCfg = Release|Any CPU
		{2882AEEB-D4CD-4EB9-8A6C-6653B33681F0}.AppStore|x86.Build.0 = Release|Any CPU
		{2882AEEB-D4CD-4EB9-8A6C-6653B33681F0}.Debug|Any CPU.ActiveCfg = Debug|Any CPU
		{2882AEEB-D4CD-4EB9-8A6C-6653B33681F0}.Debug|Any CPU.Build.0 = Debug|Any CPU
		{2882AEEB-D4CD-4EB9-8A6C-6653B33681F0}.Debug|ARM.ActiveCfg = Debug|Any CPU
		{2882AEEB-D4CD-4EB9-8A6C-6653B33681F0}.Debug|ARM.Build.0 = Debug|Any CPU
		{2882AEEB-D4CD-4EB9-8A6C-6653B33681F0}.Debug|iPhone.ActiveCfg = Debug|Any CPU
		{2882AEEB-D4CD-4EB9-8A6C-6653B33681F0}.Debug|iPhone.Build.0 = Debug|Any CPU
		{2882AEEB-D4CD-4EB9-8A6C-6653B33681F0}.Debug|iPhoneSimulator.ActiveCfg = Debug|Any CPU
		{2882AEEB-D4CD-4EB9-8A6C-6653B33681F0}.Debug|iPhoneSimulator.Build.0 = Debug|Any CPU
		{2882AEEB-D4CD-4EB9-8A6C-6653B33681F0}.Debug|x64.ActiveCfg = Debug|Any CPU
		{2882AEEB-D4CD-4EB9-8A6C-6653B33681F0}.Debug|x64.Build.0 = Debug|Any CPU
		{2882AEEB-D4CD-4EB9-8A6C-6653B33681F0}.Debug|x86.ActiveCfg = Debug|Any CPU
		{2882AEEB-D4CD-4EB9-8A6C-6653B33681F0}.Debug|x86.Build.0 = Debug|Any CPU
		{2882AEEB-D4CD-4EB9-8A6C-6653B33681F0}.Release|Any CPU.ActiveCfg = Release|Any CPU
		{2882AEEB-D4CD-4EB9-8A6C-6653B33681F0}.Release|Any CPU.Build.0 = Release|Any CPU
		{2882AEEB-D4CD-4EB9-8A6C-6653B33681F0}.Release|ARM.ActiveCfg = Release|Any CPU
		{2882AEEB-D4CD-4EB9-8A6C-6653B33681F0}.Release|ARM.Build.0 = Release|Any CPU
		{2882AEEB-D4CD-4EB9-8A6C-6653B33681F0}.Release|iPhone.ActiveCfg = Release|Any CPU
		{2882AEEB-D4CD-4EB9-8A6C-6653B33681F0}.Release|iPhone.Build.0 = Release|Any CPU
		{2882AEEB-D4CD-4EB9-8A6C-6653B33681F0}.Release|iPhoneSimulator.ActiveCfg = Release|Any CPU
		{2882AEEB-D4CD-4EB9-8A6C-6653B33681F0}.Release|iPhoneSimulator.Build.0 = Release|Any CPU
		{2882AEEB-D4CD-4EB9-8A6C-6653B33681F0}.Release|x64.ActiveCfg = Release|Any CPU
		{2882AEEB-D4CD-4EB9-8A6C-6653B33681F0}.Release|x64.Build.0 = Release|Any CPU
		{2882AEEB-D4CD-4EB9-8A6C-6653B33681F0}.Release|x86.ActiveCfg = Release|Any CPU
		{2882AEEB-D4CD-4EB9-8A6C-6653B33681F0}.Release|x86.Build.0 = Release|Any CPU
		{56A56F17-7DE1-4CA1-9617-BF32E971AC84}.Ad-Hoc|Any CPU.ActiveCfg = Release|Any CPU
		{56A56F17-7DE1-4CA1-9617-BF32E971AC84}.Ad-Hoc|Any CPU.Build.0 = Release|Any CPU
		{56A56F17-7DE1-4CA1-9617-BF32E971AC84}.Ad-Hoc|ARM.ActiveCfg = Release|Any CPU
		{56A56F17-7DE1-4CA1-9617-BF32E971AC84}.Ad-Hoc|ARM.Build.0 = Release|Any CPU
		{56A56F17-7DE1-4CA1-9617-BF32E971AC84}.Ad-Hoc|iPhone.ActiveCfg = Release|Any CPU
		{56A56F17-7DE1-4CA1-9617-BF32E971AC84}.Ad-Hoc|iPhone.Build.0 = Release|Any CPU
		{56A56F17-7DE1-4CA1-9617-BF32E971AC84}.Ad-Hoc|iPhoneSimulator.ActiveCfg = Release|Any CPU
		{56A56F17-7DE1-4CA1-9617-BF32E971AC84}.Ad-Hoc|iPhoneSimulator.Build.0 = Release|Any CPU
		{56A56F17-7DE1-4CA1-9617-BF32E971AC84}.Ad-Hoc|x64.ActiveCfg = Release|Any CPU
		{56A56F17-7DE1-4CA1-9617-BF32E971AC84}.Ad-Hoc|x64.Build.0 = Release|Any CPU
		{56A56F17-7DE1-4CA1-9617-BF32E971AC84}.Ad-Hoc|x86.ActiveCfg = Release|Any CPU
		{56A56F17-7DE1-4CA1-9617-BF32E971AC84}.Ad-Hoc|x86.Build.0 = Release|Any CPU
		{56A56F17-7DE1-4CA1-9617-BF32E971AC84}.AppStore|Any CPU.ActiveCfg = Release|Any CPU
		{56A56F17-7DE1-4CA1-9617-BF32E971AC84}.AppStore|Any CPU.Build.0 = Release|Any CPU
		{56A56F17-7DE1-4CA1-9617-BF32E971AC84}.AppStore|ARM.ActiveCfg = Release|Any CPU
		{56A56F17-7DE1-4CA1-9617-BF32E971AC84}.AppStore|ARM.Build.0 = Release|Any CPU
		{56A56F17-7DE1-4CA1-9617-BF32E971AC84}.AppStore|iPhone.ActiveCfg = Release|Any CPU
		{56A56F17-7DE1-4CA1-9617-BF32E971AC84}.AppStore|iPhone.Build.0 = Release|Any CPU
		{56A56F17-7DE1-4CA1-9617-BF32E971AC84}.AppStore|iPhoneSimulator.ActiveCfg = Release|Any CPU
		{56A56F17-7DE1-4CA1-9617-BF32E971AC84}.AppStore|iPhoneSimulator.Build.0 = Release|Any CPU
		{56A56F17-7DE1-4CA1-9617-BF32E971AC84}.AppStore|x64.ActiveCfg = Release|Any CPU
		{56A56F17-7DE1-4CA1-9617-BF32E971AC84}.AppStore|x64.Build.0 = Release|Any CPU
		{56A56F17-7DE1-4CA1-9617-BF32E971AC84}.AppStore|x86.ActiveCfg = Release|Any CPU
		{56A56F17-7DE1-4CA1-9617-BF32E971AC84}.AppStore|x86.Build.0 = Release|Any CPU
		{56A56F17-7DE1-4CA1-9617-BF32E971AC84}.Debug|Any CPU.ActiveCfg = Debug|Any CPU
		{56A56F17-7DE1-4CA1-9617-BF32E971AC84}.Debug|Any CPU.Build.0 = Debug|Any CPU
		{56A56F17-7DE1-4CA1-9617-BF32E971AC84}.Debug|ARM.ActiveCfg = Debug|Any CPU
		{56A56F17-7DE1-4CA1-9617-BF32E971AC84}.Debug|ARM.Build.0 = Debug|Any CPU
		{56A56F17-7DE1-4CA1-9617-BF32E971AC84}.Debug|iPhone.ActiveCfg = Debug|Any CPU
		{56A56F17-7DE1-4CA1-9617-BF32E971AC84}.Debug|iPhone.Build.0 = Debug|Any CPU
		{56A56F17-7DE1-4CA1-9617-BF32E971AC84}.Debug|iPhoneSimulator.ActiveCfg = Debug|Any CPU
		{56A56F17-7DE1-4CA1-9617-BF32E971AC84}.Debug|x64.ActiveCfg = Debug|Any CPU
		{56A56F17-7DE1-4CA1-9617-BF32E971AC84}.Debug|x64.Build.0 = Debug|Any CPU
		{56A56F17-7DE1-4CA1-9617-BF32E971AC84}.Debug|x86.ActiveCfg = Debug|Any CPU
		{56A56F17-7DE1-4CA1-9617-BF32E971AC84}.Debug|x86.Build.0 = Debug|Any CPU
		{56A56F17-7DE1-4CA1-9617-BF32E971AC84}.Release|Any CPU.ActiveCfg = Release|Any CPU
		{56A56F17-7DE1-4CA1-9617-BF32E971AC84}.Release|Any CPU.Build.0 = Release|Any CPU
		{56A56F17-7DE1-4CA1-9617-BF32E971AC84}.Release|ARM.ActiveCfg = Release|Any CPU
		{56A56F17-7DE1-4CA1-9617-BF32E971AC84}.Release|ARM.Build.0 = Release|Any CPU
		{56A56F17-7DE1-4CA1-9617-BF32E971AC84}.Release|iPhone.ActiveCfg = Release|Any CPU
		{56A56F17-7DE1-4CA1-9617-BF32E971AC84}.Release|iPhone.Build.0 = Release|Any CPU
		{56A56F17-7DE1-4CA1-9617-BF32E971AC84}.Release|iPhoneSimulator.ActiveCfg = Release|Any CPU
		{56A56F17-7DE1-4CA1-9617-BF32E971AC84}.Release|iPhoneSimulator.Build.0 = Release|Any CPU
		{56A56F17-7DE1-4CA1-9617-BF32E971AC84}.Release|x64.ActiveCfg = Release|Any CPU
		{56A56F17-7DE1-4CA1-9617-BF32E971AC84}.Release|x64.Build.0 = Release|Any CPU
		{56A56F17-7DE1-4CA1-9617-BF32E971AC84}.Release|x86.ActiveCfg = Release|Any CPU
		{56A56F17-7DE1-4CA1-9617-BF32E971AC84}.Release|x86.Build.0 = Release|Any CPU
		{5876144B-47DD-4C4E-B421-BC03F191B996}.Ad-Hoc|Any CPU.ActiveCfg = Release|Any CPU
		{5876144B-47DD-4C4E-B421-BC03F191B996}.Ad-Hoc|Any CPU.Build.0 = Release|Any CPU
		{5876144B-47DD-4C4E-B421-BC03F191B996}.Ad-Hoc|ARM.ActiveCfg = Release|ARM
		{5876144B-47DD-4C4E-B421-BC03F191B996}.Ad-Hoc|ARM.Build.0 = Release|ARM
		{5876144B-47DD-4C4E-B421-BC03F191B996}.Ad-Hoc|iPhone.ActiveCfg = Release|Any CPU
		{5876144B-47DD-4C4E-B421-BC03F191B996}.Ad-Hoc|iPhone.Build.0 = Release|Any CPU
		{5876144B-47DD-4C4E-B421-BC03F191B996}.Ad-Hoc|iPhoneSimulator.ActiveCfg = Release|Any CPU
		{5876144B-47DD-4C4E-B421-BC03F191B996}.Ad-Hoc|iPhoneSimulator.Build.0 = Release|Any CPU
		{5876144B-47DD-4C4E-B421-BC03F191B996}.Ad-Hoc|x64.ActiveCfg = Release|Any CPU
		{5876144B-47DD-4C4E-B421-BC03F191B996}.Ad-Hoc|x64.Build.0 = Release|Any CPU
		{5876144B-47DD-4C4E-B421-BC03F191B996}.Ad-Hoc|x86.ActiveCfg = Release|x86
		{5876144B-47DD-4C4E-B421-BC03F191B996}.Ad-Hoc|x86.Build.0 = Release|x86
		{5876144B-47DD-4C4E-B421-BC03F191B996}.AppStore|Any CPU.ActiveCfg = Release|Any CPU
		{5876144B-47DD-4C4E-B421-BC03F191B996}.AppStore|Any CPU.Build.0 = Release|Any CPU
		{5876144B-47DD-4C4E-B421-BC03F191B996}.AppStore|ARM.ActiveCfg = Release|ARM
		{5876144B-47DD-4C4E-B421-BC03F191B996}.AppStore|ARM.Build.0 = Release|ARM
		{5876144B-47DD-4C4E-B421-BC03F191B996}.AppStore|iPhone.ActiveCfg = Release|Any CPU
		{5876144B-47DD-4C4E-B421-BC03F191B996}.AppStore|iPhone.Build.0 = Release|Any CPU
		{5876144B-47DD-4C4E-B421-BC03F191B996}.AppStore|iPhoneSimulator.ActiveCfg = Release|Any CPU
		{5876144B-47DD-4C4E-B421-BC03F191B996}.AppStore|iPhoneSimulator.Build.0 = Release|Any CPU
		{5876144B-47DD-4C4E-B421-BC03F191B996}.AppStore|x64.ActiveCfg = Release|Any CPU
		{5876144B-47DD-4C4E-B421-BC03F191B996}.AppStore|x64.Build.0 = Release|Any CPU
		{5876144B-47DD-4C4E-B421-BC03F191B996}.AppStore|x86.ActiveCfg = Release|x86
		{5876144B-47DD-4C4E-B421-BC03F191B996}.AppStore|x86.Build.0 = Release|x86
		{5876144B-47DD-4C4E-B421-BC03F191B996}.Debug|Any CPU.ActiveCfg = Debug|x86
		{5876144B-47DD-4C4E-B421-BC03F191B996}.Debug|Any CPU.Build.0 = Debug|Any CPU
		{5876144B-47DD-4C4E-B421-BC03F191B996}.Debug|ARM.ActiveCfg = Debug|x86
		{5876144B-47DD-4C4E-B421-BC03F191B996}.Debug|ARM.Build.0 = Debug|ARM
		{5876144B-47DD-4C4E-B421-BC03F191B996}.Debug|iPhone.ActiveCfg = Debug|x86
		{5876144B-47DD-4C4E-B421-BC03F191B996}.Debug|iPhone.Build.0 = Debug|Any CPU
		{5876144B-47DD-4C4E-B421-BC03F191B996}.Debug|iPhoneSimulator.ActiveCfg = Debug|x86
		{5876144B-47DD-4C4E-B421-BC03F191B996}.Debug|x64.ActiveCfg = Debug|x86
		{5876144B-47DD-4C4E-B421-BC03F191B996}.Debug|x64.Build.0 = Debug|Any CPU
		{5876144B-47DD-4C4E-B421-BC03F191B996}.Debug|x86.ActiveCfg = Debug|x86
		{5876144B-47DD-4C4E-B421-BC03F191B996}.Debug|x86.Build.0 = Debug|x86
		{5876144B-47DD-4C4E-B421-BC03F191B996}.Release|Any CPU.ActiveCfg = Release|Any CPU
		{5876144B-47DD-4C4E-B421-BC03F191B996}.Release|Any CPU.Build.0 = Release|Any CPU
		{5876144B-47DD-4C4E-B421-BC03F191B996}.Release|ARM.ActiveCfg = Release|ARM
		{5876144B-47DD-4C4E-B421-BC03F191B996}.Release|ARM.Build.0 = Release|ARM
		{5876144B-47DD-4C4E-B421-BC03F191B996}.Release|iPhone.ActiveCfg = Release|Any CPU
		{5876144B-47DD-4C4E-B421-BC03F191B996}.Release|iPhone.Build.0 = Release|Any CPU
		{5876144B-47DD-4C4E-B421-BC03F191B996}.Release|iPhoneSimulator.ActiveCfg = Release|Any CPU
		{5876144B-47DD-4C4E-B421-BC03F191B996}.Release|iPhoneSimulator.Build.0 = Release|Any CPU
		{5876144B-47DD-4C4E-B421-BC03F191B996}.Release|x64.ActiveCfg = Release|Any CPU
		{5876144B-47DD-4C4E-B421-BC03F191B996}.Release|x64.Build.0 = Release|Any CPU
		{5876144B-47DD-4C4E-B421-BC03F191B996}.Release|x86.ActiveCfg = Release|x86
		{5876144B-47DD-4C4E-B421-BC03F191B996}.Release|x86.Build.0 = Release|x86
		{4EE4F673-D674-41FF-B245-DD1B4F0E8CB4}.Ad-Hoc|Any CPU.ActiveCfg = Release|Any CPU
		{4EE4F673-D674-41FF-B245-DD1B4F0E8CB4}.Ad-Hoc|Any CPU.Build.0 = Release|Any CPU
		{4EE4F673-D674-41FF-B245-DD1B4F0E8CB4}.Ad-Hoc|ARM.ActiveCfg = Release|ARM
		{4EE4F673-D674-41FF-B245-DD1B4F0E8CB4}.Ad-Hoc|ARM.Build.0 = Release|ARM
		{4EE4F673-D674-41FF-B245-DD1B4F0E8CB4}.Ad-Hoc|iPhone.ActiveCfg = Release|Any CPU
		{4EE4F673-D674-41FF-B245-DD1B4F0E8CB4}.Ad-Hoc|iPhone.Build.0 = Release|Any CPU
		{4EE4F673-D674-41FF-B245-DD1B4F0E8CB4}.Ad-Hoc|iPhoneSimulator.ActiveCfg = Release|Any CPU
		{4EE4F673-D674-41FF-B245-DD1B4F0E8CB4}.Ad-Hoc|iPhoneSimulator.Build.0 = Release|Any CPU
		{4EE4F673-D674-41FF-B245-DD1B4F0E8CB4}.Ad-Hoc|x64.ActiveCfg = Release|x64
		{4EE4F673-D674-41FF-B245-DD1B4F0E8CB4}.Ad-Hoc|x64.Build.0 = Release|x64
		{4EE4F673-D674-41FF-B245-DD1B4F0E8CB4}.Ad-Hoc|x86.ActiveCfg = Release|x86
		{4EE4F673-D674-41FF-B245-DD1B4F0E8CB4}.Ad-Hoc|x86.Build.0 = Release|x86
		{4EE4F673-D674-41FF-B245-DD1B4F0E8CB4}.AppStore|Any CPU.ActiveCfg = Release|Any CPU
		{4EE4F673-D674-41FF-B245-DD1B4F0E8CB4}.AppStore|Any CPU.Build.0 = Release|Any CPU
		{4EE4F673-D674-41FF-B245-DD1B4F0E8CB4}.AppStore|ARM.ActiveCfg = Release|ARM
		{4EE4F673-D674-41FF-B245-DD1B4F0E8CB4}.AppStore|ARM.Build.0 = Release|ARM
		{4EE4F673-D674-41FF-B245-DD1B4F0E8CB4}.AppStore|iPhone.ActiveCfg = Release|Any CPU
		{4EE4F673-D674-41FF-B245-DD1B4F0E8CB4}.AppStore|iPhone.Build.0 = Release|Any CPU
		{4EE4F673-D674-41FF-B245-DD1B4F0E8CB4}.AppStore|iPhoneSimulator.ActiveCfg = Release|Any CPU
		{4EE4F673-D674-41FF-B245-DD1B4F0E8CB4}.AppStore|iPhoneSimulator.Build.0 = Release|Any CPU
		{4EE4F673-D674-41FF-B245-DD1B4F0E8CB4}.AppStore|x64.ActiveCfg = Release|x64
		{4EE4F673-D674-41FF-B245-DD1B4F0E8CB4}.AppStore|x64.Build.0 = Release|x64
		{4EE4F673-D674-41FF-B245-DD1B4F0E8CB4}.AppStore|x86.ActiveCfg = Release|x86
		{4EE4F673-D674-41FF-B245-DD1B4F0E8CB4}.AppStore|x86.Build.0 = Release|x86
		{4EE4F673-D674-41FF-B245-DD1B4F0E8CB4}.Debug|Any CPU.ActiveCfg = Debug|x86
		{4EE4F673-D674-41FF-B245-DD1B4F0E8CB4}.Debug|Any CPU.Build.0 = Debug|Any CPU
		{4EE4F673-D674-41FF-B245-DD1B4F0E8CB4}.Debug|ARM.ActiveCfg = Debug|x86
		{4EE4F673-D674-41FF-B245-DD1B4F0E8CB4}.Debug|ARM.Build.0 = Debug|ARM
		{4EE4F673-D674-41FF-B245-DD1B4F0E8CB4}.Debug|iPhone.ActiveCfg = Debug|x86
		{4EE4F673-D674-41FF-B245-DD1B4F0E8CB4}.Debug|iPhone.Build.0 = Debug|Any CPU
		{4EE4F673-D674-41FF-B245-DD1B4F0E8CB4}.Debug|iPhoneSimulator.ActiveCfg = Debug|x86
		{4EE4F673-D674-41FF-B245-DD1B4F0E8CB4}.Debug|x64.ActiveCfg = Debug|x86
		{4EE4F673-D674-41FF-B245-DD1B4F0E8CB4}.Debug|x64.Build.0 = Debug|x64
		{4EE4F673-D674-41FF-B245-DD1B4F0E8CB4}.Debug|x86.ActiveCfg = Debug|x86
		{4EE4F673-D674-41FF-B245-DD1B4F0E8CB4}.Debug|x86.Build.0 = Debug|x86
		{4EE4F673-D674-41FF-B245-DD1B4F0E8CB4}.Release|Any CPU.ActiveCfg = Release|Any CPU
		{4EE4F673-D674-41FF-B245-DD1B4F0E8CB4}.Release|Any CPU.Build.0 = Release|Any CPU
		{4EE4F673-D674-41FF-B245-DD1B4F0E8CB4}.Release|ARM.ActiveCfg = Release|ARM
		{4EE4F673-D674-41FF-B245-DD1B4F0E8CB4}.Release|ARM.Build.0 = Release|ARM
		{4EE4F673-D674-41FF-B245-DD1B4F0E8CB4}.Release|iPhone.ActiveCfg = Release|Any CPU
		{4EE4F673-D674-41FF-B245-DD1B4F0E8CB4}.Release|iPhone.Build.0 = Release|Any CPU
		{4EE4F673-D674-41FF-B245-DD1B4F0E8CB4}.Release|iPhoneSimulator.ActiveCfg = Release|Any CPU
		{4EE4F673-D674-41FF-B245-DD1B4F0E8CB4}.Release|iPhoneSimulator.Build.0 = Release|Any CPU
		{4EE4F673-D674-41FF-B245-DD1B4F0E8CB4}.Release|x64.ActiveCfg = Release|x64
		{4EE4F673-D674-41FF-B245-DD1B4F0E8CB4}.Release|x64.Build.0 = Release|x64
		{4EE4F673-D674-41FF-B245-DD1B4F0E8CB4}.Release|x86.ActiveCfg = Release|x86
		{4EE4F673-D674-41FF-B245-DD1B4F0E8CB4}.Release|x86.Build.0 = Release|x86
		{6E8DF24C-3029-4227-9C81-404BC5C18889}.Ad-Hoc|Any CPU.ActiveCfg = Release|Any CPU
		{6E8DF24C-3029-4227-9C81-404BC5C18889}.Ad-Hoc|Any CPU.Build.0 = Release|Any CPU
		{6E8DF24C-3029-4227-9C81-404BC5C18889}.Ad-Hoc|ARM.ActiveCfg = Release|Any CPU
		{6E8DF24C-3029-4227-9C81-404BC5C18889}.Ad-Hoc|ARM.Build.0 = Release|Any CPU
		{6E8DF24C-3029-4227-9C81-404BC5C18889}.Ad-Hoc|iPhone.ActiveCfg = Release|Any CPU
		{6E8DF24C-3029-4227-9C81-404BC5C18889}.Ad-Hoc|iPhone.Build.0 = Release|Any CPU
		{6E8DF24C-3029-4227-9C81-404BC5C18889}.Ad-Hoc|iPhoneSimulator.ActiveCfg = Release|Any CPU
		{6E8DF24C-3029-4227-9C81-404BC5C18889}.Ad-Hoc|iPhoneSimulator.Build.0 = Release|Any CPU
		{6E8DF24C-3029-4227-9C81-404BC5C18889}.Ad-Hoc|x64.ActiveCfg = Release|Any CPU
		{6E8DF24C-3029-4227-9C81-404BC5C18889}.Ad-Hoc|x64.Build.0 = Release|Any CPU
		{6E8DF24C-3029-4227-9C81-404BC5C18889}.Ad-Hoc|x86.ActiveCfg = Release|Any CPU
		{6E8DF24C-3029-4227-9C81-404BC5C18889}.Ad-Hoc|x86.Build.0 = Release|Any CPU
		{6E8DF24C-3029-4227-9C81-404BC5C18889}.AppStore|Any CPU.ActiveCfg = Release|Any CPU
		{6E8DF24C-3029-4227-9C81-404BC5C18889}.AppStore|Any CPU.Build.0 = Release|Any CPU
		{6E8DF24C-3029-4227-9C81-404BC5C18889}.AppStore|ARM.ActiveCfg = Release|Any CPU
		{6E8DF24C-3029-4227-9C81-404BC5C18889}.AppStore|ARM.Build.0 = Release|Any CPU
		{6E8DF24C-3029-4227-9C81-404BC5C18889}.AppStore|iPhone.ActiveCfg = Release|Any CPU
		{6E8DF24C-3029-4227-9C81-404BC5C18889}.AppStore|iPhone.Build.0 = Release|Any CPU
		{6E8DF24C-3029-4227-9C81-404BC5C18889}.AppStore|iPhoneSimulator.ActiveCfg = Release|Any CPU
		{6E8DF24C-3029-4227-9C81-404BC5C18889}.AppStore|iPhoneSimulator.Build.0 = Release|Any CPU
		{6E8DF24C-3029-4227-9C81-404BC5C18889}.AppStore|x64.ActiveCfg = Release|Any CPU
		{6E8DF24C-3029-4227-9C81-404BC5C18889}.AppStore|x64.Build.0 = Release|Any CPU
		{6E8DF24C-3029-4227-9C81-404BC5C18889}.AppStore|x86.ActiveCfg = Release|Any CPU
		{6E8DF24C-3029-4227-9C81-404BC5C18889}.AppStore|x86.Build.0 = Release|Any CPU
		{6E8DF24C-3029-4227-9C81-404BC5C18889}.Debug|Any CPU.ActiveCfg = Debug|Any CPU
		{6E8DF24C-3029-4227-9C81-404BC5C18889}.Debug|Any CPU.Build.0 = Debug|Any CPU
		{6E8DF24C-3029-4227-9C81-404BC5C18889}.Debug|ARM.ActiveCfg = Debug|Any CPU
		{6E8DF24C-3029-4227-9C81-404BC5C18889}.Debug|ARM.Build.0 = Debug|Any CPU
		{6E8DF24C-3029-4227-9C81-404BC5C18889}.Debug|iPhone.ActiveCfg = Debug|Any CPU
		{6E8DF24C-3029-4227-9C81-404BC5C18889}.Debug|iPhone.Build.0 = Debug|Any CPU
		{6E8DF24C-3029-4227-9C81-404BC5C18889}.Debug|iPhoneSimulator.ActiveCfg = Debug|Any CPU
		{6E8DF24C-3029-4227-9C81-404BC5C18889}.Debug|iPhoneSimulator.Build.0 = Debug|Any CPU
		{6E8DF24C-3029-4227-9C81-404BC5C18889}.Debug|x64.ActiveCfg = Debug|Any CPU
		{6E8DF24C-3029-4227-9C81-404BC5C18889}.Debug|x64.Build.0 = Debug|Any CPU
		{6E8DF24C-3029-4227-9C81-404BC5C18889}.Debug|x86.ActiveCfg = Debug|Any CPU
		{6E8DF24C-3029-4227-9C81-404BC5C18889}.Debug|x86.Build.0 = Debug|Any CPU
		{6E8DF24C-3029-4227-9C81-404BC5C18889}.Release|Any CPU.ActiveCfg = Release|Any CPU
		{6E8DF24C-3029-4227-9C81-404BC5C18889}.Release|Any CPU.Build.0 = Release|Any CPU
		{6E8DF24C-3029-4227-9C81-404BC5C18889}.Release|ARM.ActiveCfg = Release|Any CPU
		{6E8DF24C-3029-4227-9C81-404BC5C18889}.Release|ARM.Build.0 = Release|Any CPU
		{6E8DF24C-3029-4227-9C81-404BC5C18889}.Release|iPhone.ActiveCfg = Release|Any CPU
		{6E8DF24C-3029-4227-9C81-404BC5C18889}.Release|iPhone.Build.0 = Release|Any CPU
		{6E8DF24C-3029-4227-9C81-404BC5C18889}.Release|iPhoneSimulator.ActiveCfg = Release|Any CPU
		{6E8DF24C-3029-4227-9C81-404BC5C18889}.Release|iPhoneSimulator.Build.0 = Release|Any CPU
		{6E8DF24C-3029-4227-9C81-404BC5C18889}.Release|x64.ActiveCfg = Release|Any CPU
		{6E8DF24C-3029-4227-9C81-404BC5C18889}.Release|x64.Build.0 = Release|Any CPU
		{6E8DF24C-3029-4227-9C81-404BC5C18889}.Release|x86.ActiveCfg = Release|Any CPU
		{6E8DF24C-3029-4227-9C81-404BC5C18889}.Release|x86.Build.0 = Release|Any CPU
		{ED9A4CA1-C04C-457D-9A2E-7995CCF12356}.Ad-Hoc|Any CPU.ActiveCfg = Release|Any CPU
		{ED9A4CA1-C04C-457D-9A2E-7995CCF12356}.Ad-Hoc|Any CPU.Build.0 = Release|Any CPU
		{ED9A4CA1-C04C-457D-9A2E-7995CCF12356}.Ad-Hoc|ARM.ActiveCfg = Release|ARM
		{ED9A4CA1-C04C-457D-9A2E-7995CCF12356}.Ad-Hoc|ARM.Build.0 = Release|ARM
		{ED9A4CA1-C04C-457D-9A2E-7995CCF12356}.Ad-Hoc|iPhone.ActiveCfg = Release|Any CPU
		{ED9A4CA1-C04C-457D-9A2E-7995CCF12356}.Ad-Hoc|iPhone.Build.0 = Release|Any CPU
		{ED9A4CA1-C04C-457D-9A2E-7995CCF12356}.Ad-Hoc|iPhoneSimulator.ActiveCfg = Release|Any CPU
		{ED9A4CA1-C04C-457D-9A2E-7995CCF12356}.Ad-Hoc|iPhoneSimulator.Build.0 = Release|Any CPU
		{ED9A4CA1-C04C-457D-9A2E-7995CCF12356}.Ad-Hoc|x64.ActiveCfg = Release|x64
		{ED9A4CA1-C04C-457D-9A2E-7995CCF12356}.Ad-Hoc|x64.Build.0 = Release|x64
		{ED9A4CA1-C04C-457D-9A2E-7995CCF12356}.Ad-Hoc|x86.ActiveCfg = Release|x86
		{ED9A4CA1-C04C-457D-9A2E-7995CCF12356}.Ad-Hoc|x86.Build.0 = Release|x86
		{ED9A4CA1-C04C-457D-9A2E-7995CCF12356}.AppStore|Any CPU.ActiveCfg = Release|Any CPU
		{ED9A4CA1-C04C-457D-9A2E-7995CCF12356}.AppStore|Any CPU.Build.0 = Release|Any CPU
		{ED9A4CA1-C04C-457D-9A2E-7995CCF12356}.AppStore|ARM.ActiveCfg = Release|ARM
		{ED9A4CA1-C04C-457D-9A2E-7995CCF12356}.AppStore|ARM.Build.0 = Release|ARM
		{ED9A4CA1-C04C-457D-9A2E-7995CCF12356}.AppStore|iPhone.ActiveCfg = Release|Any CPU
		{ED9A4CA1-C04C-457D-9A2E-7995CCF12356}.AppStore|iPhone.Build.0 = Release|Any CPU
		{ED9A4CA1-C04C-457D-9A2E-7995CCF12356}.AppStore|iPhoneSimulator.ActiveCfg = Release|Any CPU
		{ED9A4CA1-C04C-457D-9A2E-7995CCF12356}.AppStore|iPhoneSimulator.Build.0 = Release|Any CPU
		{ED9A4CA1-C04C-457D-9A2E-7995CCF12356}.AppStore|x64.ActiveCfg = Release|x64
		{ED9A4CA1-C04C-457D-9A2E-7995CCF12356}.AppStore|x64.Build.0 = Release|x64
		{ED9A4CA1-C04C-457D-9A2E-7995CCF12356}.AppStore|x86.ActiveCfg = Release|x86
		{ED9A4CA1-C04C-457D-9A2E-7995CCF12356}.AppStore|x86.Build.0 = Release|x86
		{ED9A4CA1-C04C-457D-9A2E-7995CCF12356}.Debug|Any CPU.ActiveCfg = Debug|x86
		{ED9A4CA1-C04C-457D-9A2E-7995CCF12356}.Debug|Any CPU.Build.0 = Debug|x86
		{ED9A4CA1-C04C-457D-9A2E-7995CCF12356}.Debug|Any CPU.Deploy.0 = Debug|x86
		{ED9A4CA1-C04C-457D-9A2E-7995CCF12356}.Debug|ARM.ActiveCfg = Debug|x86
		{ED9A4CA1-C04C-457D-9A2E-7995CCF12356}.Debug|ARM.Build.0 = Debug|x86
		{ED9A4CA1-C04C-457D-9A2E-7995CCF12356}.Debug|ARM.Deploy.0 = Debug|x86
		{ED9A4CA1-C04C-457D-9A2E-7995CCF12356}.Debug|iPhone.ActiveCfg = Debug|x86
		{ED9A4CA1-C04C-457D-9A2E-7995CCF12356}.Debug|iPhone.Build.0 = Debug|x86
		{ED9A4CA1-C04C-457D-9A2E-7995CCF12356}.Debug|iPhone.Deploy.0 = Debug|x86
		{ED9A4CA1-C04C-457D-9A2E-7995CCF12356}.Debug|iPhoneSimulator.ActiveCfg = Debug|x86
		{ED9A4CA1-C04C-457D-9A2E-7995CCF12356}.Debug|iPhoneSimulator.Build.0 = Debug|x86
		{ED9A4CA1-C04C-457D-9A2E-7995CCF12356}.Debug|iPhoneSimulator.Deploy.0 = Debug|x86
		{ED9A4CA1-C04C-457D-9A2E-7995CCF12356}.Debug|x64.ActiveCfg = Debug|x86
		{ED9A4CA1-C04C-457D-9A2E-7995CCF12356}.Debug|x64.Build.0 = Debug|x86
		{ED9A4CA1-C04C-457D-9A2E-7995CCF12356}.Debug|x64.Deploy.0 = Debug|x86
		{ED9A4CA1-C04C-457D-9A2E-7995CCF12356}.Debug|x86.ActiveCfg = Debug|x86
		{ED9A4CA1-C04C-457D-9A2E-7995CCF12356}.Debug|x86.Build.0 = Debug|x86
		{ED9A4CA1-C04C-457D-9A2E-7995CCF12356}.Release|Any CPU.ActiveCfg = Release|Any CPU
		{ED9A4CA1-C04C-457D-9A2E-7995CCF12356}.Release|Any CPU.Build.0 = Release|Any CPU
		{ED9A4CA1-C04C-457D-9A2E-7995CCF12356}.Release|ARM.ActiveCfg = Release|ARM
		{ED9A4CA1-C04C-457D-9A2E-7995CCF12356}.Release|ARM.Build.0 = Release|ARM
		{ED9A4CA1-C04C-457D-9A2E-7995CCF12356}.Release|iPhone.ActiveCfg = Release|Any CPU
		{ED9A4CA1-C04C-457D-9A2E-7995CCF12356}.Release|iPhone.Build.0 = Release|Any CPU
		{ED9A4CA1-C04C-457D-9A2E-7995CCF12356}.Release|iPhoneSimulator.ActiveCfg = Release|Any CPU
		{ED9A4CA1-C04C-457D-9A2E-7995CCF12356}.Release|iPhoneSimulator.Build.0 = Release|Any CPU
		{ED9A4CA1-C04C-457D-9A2E-7995CCF12356}.Release|x64.ActiveCfg = Release|x64
		{ED9A4CA1-C04C-457D-9A2E-7995CCF12356}.Release|x64.Build.0 = Release|x64
		{ED9A4CA1-C04C-457D-9A2E-7995CCF12356}.Release|x86.ActiveCfg = Release|x86
		{ED9A4CA1-C04C-457D-9A2E-7995CCF12356}.Release|x86.Build.0 = Release|x86
		{7169373F-0B82-4E5D-9129-7CC3065B90FA}.Ad-Hoc|Any CPU.ActiveCfg = Release|Any CPU
		{7169373F-0B82-4E5D-9129-7CC3065B90FA}.Ad-Hoc|Any CPU.Build.0 = Release|Any CPU
		{7169373F-0B82-4E5D-9129-7CC3065B90FA}.Ad-Hoc|ARM.ActiveCfg = Release|ARM
		{7169373F-0B82-4E5D-9129-7CC3065B90FA}.Ad-Hoc|ARM.Build.0 = Release|ARM
		{7169373F-0B82-4E5D-9129-7CC3065B90FA}.Ad-Hoc|iPhone.ActiveCfg = Release|Any CPU
		{7169373F-0B82-4E5D-9129-7CC3065B90FA}.Ad-Hoc|iPhone.Build.0 = Release|Any CPU
		{7169373F-0B82-4E5D-9129-7CC3065B90FA}.Ad-Hoc|iPhoneSimulator.ActiveCfg = Release|Any CPU
		{7169373F-0B82-4E5D-9129-7CC3065B90FA}.Ad-Hoc|iPhoneSimulator.Build.0 = Release|Any CPU
		{7169373F-0B82-4E5D-9129-7CC3065B90FA}.Ad-Hoc|x64.ActiveCfg = Release|Any CPU
		{7169373F-0B82-4E5D-9129-7CC3065B90FA}.Ad-Hoc|x64.Build.0 = Release|Any CPU
		{7169373F-0B82-4E5D-9129-7CC3065B90FA}.Ad-Hoc|x86.ActiveCfg = Release|x86
		{7169373F-0B82-4E5D-9129-7CC3065B90FA}.Ad-Hoc|x86.Build.0 = Release|x86
		{7169373F-0B82-4E5D-9129-7CC3065B90FA}.AppStore|Any CPU.ActiveCfg = Release|Any CPU
		{7169373F-0B82-4E5D-9129-7CC3065B90FA}.AppStore|Any CPU.Build.0 = Release|Any CPU
		{7169373F-0B82-4E5D-9129-7CC3065B90FA}.AppStore|ARM.ActiveCfg = Release|ARM
		{7169373F-0B82-4E5D-9129-7CC3065B90FA}.AppStore|ARM.Build.0 = Release|ARM
		{7169373F-0B82-4E5D-9129-7CC3065B90FA}.AppStore|iPhone.ActiveCfg = Release|Any CPU
		{7169373F-0B82-4E5D-9129-7CC3065B90FA}.AppStore|iPhone.Build.0 = Release|Any CPU
		{7169373F-0B82-4E5D-9129-7CC3065B90FA}.AppStore|iPhoneSimulator.ActiveCfg = Release|Any CPU
		{7169373F-0B82-4E5D-9129-7CC3065B90FA}.AppStore|iPhoneSimulator.Build.0 = Release|Any CPU
		{7169373F-0B82-4E5D-9129-7CC3065B90FA}.AppStore|x64.ActiveCfg = Release|Any CPU
		{7169373F-0B82-4E5D-9129-7CC3065B90FA}.AppStore|x64.Build.0 = Release|Any CPU
		{7169373F-0B82-4E5D-9129-7CC3065B90FA}.AppStore|x86.ActiveCfg = Release|x86
		{7169373F-0B82-4E5D-9129-7CC3065B90FA}.AppStore|x86.Build.0 = Release|x86
		{7169373F-0B82-4E5D-9129-7CC3065B90FA}.Debug|Any CPU.ActiveCfg = Debug|x86
		{7169373F-0B82-4E5D-9129-7CC3065B90FA}.Debug|Any CPU.Build.0 = Debug|Any CPU
		{7169373F-0B82-4E5D-9129-7CC3065B90FA}.Debug|ARM.ActiveCfg = Debug|x86
		{7169373F-0B82-4E5D-9129-7CC3065B90FA}.Debug|ARM.Build.0 = Debug|ARM
		{7169373F-0B82-4E5D-9129-7CC3065B90FA}.Debug|iPhone.ActiveCfg = Debug|x86
		{7169373F-0B82-4E5D-9129-7CC3065B90FA}.Debug|iPhone.Build.0 = Debug|Any CPU
		{7169373F-0B82-4E5D-9129-7CC3065B90FA}.Debug|iPhoneSimulator.ActiveCfg = Debug|x86
		{7169373F-0B82-4E5D-9129-7CC3065B90FA}.Debug|x64.ActiveCfg = Debug|x86
		{7169373F-0B82-4E5D-9129-7CC3065B90FA}.Debug|x64.Build.0 = Debug|Any CPU
		{7169373F-0B82-4E5D-9129-7CC3065B90FA}.Debug|x86.ActiveCfg = Debug|x86
		{7169373F-0B82-4E5D-9129-7CC3065B90FA}.Debug|x86.Build.0 = Debug|x86
		{7169373F-0B82-4E5D-9129-7CC3065B90FA}.Release|Any CPU.ActiveCfg = Release|Any CPU
		{7169373F-0B82-4E5D-9129-7CC3065B90FA}.Release|Any CPU.Build.0 = Release|Any CPU
		{7169373F-0B82-4E5D-9129-7CC3065B90FA}.Release|ARM.ActiveCfg = Release|ARM
		{7169373F-0B82-4E5D-9129-7CC3065B90FA}.Release|ARM.Build.0 = Release|ARM
		{7169373F-0B82-4E5D-9129-7CC3065B90FA}.Release|iPhone.ActiveCfg = Release|Any CPU
		{7169373F-0B82-4E5D-9129-7CC3065B90FA}.Release|iPhone.Build.0 = Release|Any CPU
		{7169373F-0B82-4E5D-9129-7CC3065B90FA}.Release|iPhoneSimulator.ActiveCfg = Release|Any CPU
		{7169373F-0B82-4E5D-9129-7CC3065B90FA}.Release|iPhoneSimulator.Build.0 = Release|Any CPU
		{7169373F-0B82-4E5D-9129-7CC3065B90FA}.Release|x64.ActiveCfg = Release|Any CPU
		{7169373F-0B82-4E5D-9129-7CC3065B90FA}.Release|x64.Build.0 = Release|Any CPU
		{7169373F-0B82-4E5D-9129-7CC3065B90FA}.Release|x86.ActiveCfg = Release|x86
		{7169373F-0B82-4E5D-9129-7CC3065B90FA}.Release|x86.Build.0 = Release|x86
		{CD8506E7-6212-477C-89AB-8AE2EEEA1776}.Ad-Hoc|Any CPU.ActiveCfg = Release|Any CPU
		{CD8506E7-6212-477C-89AB-8AE2EEEA1776}.Ad-Hoc|Any CPU.Build.0 = Release|Any CPU
		{CD8506E7-6212-477C-89AB-8AE2EEEA1776}.Ad-Hoc|ARM.ActiveCfg = Release|Any CPU
		{CD8506E7-6212-477C-89AB-8AE2EEEA1776}.Ad-Hoc|ARM.Build.0 = Release|Any CPU
		{CD8506E7-6212-477C-89AB-8AE2EEEA1776}.Ad-Hoc|iPhone.ActiveCfg = Release|Any CPU
		{CD8506E7-6212-477C-89AB-8AE2EEEA1776}.Ad-Hoc|iPhone.Build.0 = Release|Any CPU
		{CD8506E7-6212-477C-89AB-8AE2EEEA1776}.Ad-Hoc|iPhoneSimulator.ActiveCfg = Release|Any CPU
		{CD8506E7-6212-477C-89AB-8AE2EEEA1776}.Ad-Hoc|iPhoneSimulator.Build.0 = Release|Any CPU
		{CD8506E7-6212-477C-89AB-8AE2EEEA1776}.Ad-Hoc|x64.ActiveCfg = Release|Any CPU
		{CD8506E7-6212-477C-89AB-8AE2EEEA1776}.Ad-Hoc|x64.Build.0 = Release|Any CPU
		{CD8506E7-6212-477C-89AB-8AE2EEEA1776}.Ad-Hoc|x86.ActiveCfg = Release|Any CPU
		{CD8506E7-6212-477C-89AB-8AE2EEEA1776}.Ad-Hoc|x86.Build.0 = Release|Any CPU
		{CD8506E7-6212-477C-89AB-8AE2EEEA1776}.AppStore|Any CPU.ActiveCfg = Release|Any CPU
		{CD8506E7-6212-477C-89AB-8AE2EEEA1776}.AppStore|Any CPU.Build.0 = Release|Any CPU
		{CD8506E7-6212-477C-89AB-8AE2EEEA1776}.AppStore|ARM.ActiveCfg = Release|Any CPU
		{CD8506E7-6212-477C-89AB-8AE2EEEA1776}.AppStore|ARM.Build.0 = Release|Any CPU
		{CD8506E7-6212-477C-89AB-8AE2EEEA1776}.AppStore|iPhone.ActiveCfg = Release|Any CPU
		{CD8506E7-6212-477C-89AB-8AE2EEEA1776}.AppStore|iPhone.Build.0 = Release|Any CPU
		{CD8506E7-6212-477C-89AB-8AE2EEEA1776}.AppStore|iPhoneSimulator.ActiveCfg = Release|Any CPU
		{CD8506E7-6212-477C-89AB-8AE2EEEA1776}.AppStore|iPhoneSimulator.Build.0 = Release|Any CPU
		{CD8506E7-6212-477C-89AB-8AE2EEEA1776}.AppStore|x64.ActiveCfg = Release|Any CPU
		{CD8506E7-6212-477C-89AB-8AE2EEEA1776}.AppStore|x64.Build.0 = Release|Any CPU
		{CD8506E7-6212-477C-89AB-8AE2EEEA1776}.AppStore|x86.ActiveCfg = Release|Any CPU
		{CD8506E7-6212-477C-89AB-8AE2EEEA1776}.AppStore|x86.Build.0 = Release|Any CPU
		{CD8506E7-6212-477C-89AB-8AE2EEEA1776}.Debug|Any CPU.ActiveCfg = Debug|Any CPU
		{CD8506E7-6212-477C-89AB-8AE2EEEA1776}.Debug|Any CPU.Build.0 = Debug|Any CPU
		{CD8506E7-6212-477C-89AB-8AE2EEEA1776}.Debug|ARM.ActiveCfg = Debug|Any CPU
		{CD8506E7-6212-477C-89AB-8AE2EEEA1776}.Debug|ARM.Build.0 = Debug|Any CPU
		{CD8506E7-6212-477C-89AB-8AE2EEEA1776}.Debug|iPhone.ActiveCfg = Debug|Any CPU
		{CD8506E7-6212-477C-89AB-8AE2EEEA1776}.Debug|iPhone.Build.0 = Debug|Any CPU
		{CD8506E7-6212-477C-89AB-8AE2EEEA1776}.Debug|iPhoneSimulator.ActiveCfg = Debug|Any CPU
		{CD8506E7-6212-477C-89AB-8AE2EEEA1776}.Debug|iPhoneSimulator.Build.0 = Debug|Any CPU
		{CD8506E7-6212-477C-89AB-8AE2EEEA1776}.Debug|x64.ActiveCfg = Debug|Any CPU
		{CD8506E7-6212-477C-89AB-8AE2EEEA1776}.Debug|x64.Build.0 = Debug|Any CPU
		{CD8506E7-6212-477C-89AB-8AE2EEEA1776}.Debug|x86.ActiveCfg = Debug|Any CPU
		{CD8506E7-6212-477C-89AB-8AE2EEEA1776}.Debug|x86.Build.0 = Debug|Any CPU
		{CD8506E7-6212-477C-89AB-8AE2EEEA1776}.Release|Any CPU.ActiveCfg = Release|Any CPU
		{CD8506E7-6212-477C-89AB-8AE2EEEA1776}.Release|Any CPU.Build.0 = Release|Any CPU
		{CD8506E7-6212-477C-89AB-8AE2EEEA1776}.Release|ARM.ActiveCfg = Release|Any CPU
		{CD8506E7-6212-477C-89AB-8AE2EEEA1776}.Release|ARM.Build.0 = Release|Any CPU
		{CD8506E7-6212-477C-89AB-8AE2EEEA1776}.Release|iPhone.ActiveCfg = Release|Any CPU
		{CD8506E7-6212-477C-89AB-8AE2EEEA1776}.Release|iPhone.Build.0 = Release|Any CPU
		{CD8506E7-6212-477C-89AB-8AE2EEEA1776}.Release|iPhoneSimulator.ActiveCfg = Release|Any CPU
		{CD8506E7-6212-477C-89AB-8AE2EEEA1776}.Release|iPhoneSimulator.Build.0 = Release|Any CPU
		{CD8506E7-6212-477C-89AB-8AE2EEEA1776}.Release|x64.ActiveCfg = Release|Any CPU
		{CD8506E7-6212-477C-89AB-8AE2EEEA1776}.Release|x64.Build.0 = Release|Any CPU
		{CD8506E7-6212-477C-89AB-8AE2EEEA1776}.Release|x86.ActiveCfg = Release|Any CPU
		{CD8506E7-6212-477C-89AB-8AE2EEEA1776}.Release|x86.Build.0 = Release|Any CPU
		{8CD70EE2-EC8B-4F0B-B243-7FD7650BEA8B}.Ad-Hoc|Any CPU.ActiveCfg = Release|Any CPU
		{8CD70EE2-EC8B-4F0B-B243-7FD7650BEA8B}.Ad-Hoc|Any CPU.Build.0 = Release|Any CPU
		{8CD70EE2-EC8B-4F0B-B243-7FD7650BEA8B}.Ad-Hoc|Any CPU.Deploy.0 = Release|Any CPU
		{8CD70EE2-EC8B-4F0B-B243-7FD7650BEA8B}.Ad-Hoc|ARM.ActiveCfg = Release|Any CPU
		{8CD70EE2-EC8B-4F0B-B243-7FD7650BEA8B}.Ad-Hoc|ARM.Build.0 = Release|Any CPU
		{8CD70EE2-EC8B-4F0B-B243-7FD7650BEA8B}.Ad-Hoc|ARM.Deploy.0 = Release|Any CPU
		{8CD70EE2-EC8B-4F0B-B243-7FD7650BEA8B}.Ad-Hoc|iPhone.ActiveCfg = Release|Any CPU
		{8CD70EE2-EC8B-4F0B-B243-7FD7650BEA8B}.Ad-Hoc|iPhone.Build.0 = Release|Any CPU
		{8CD70EE2-EC8B-4F0B-B243-7FD7650BEA8B}.Ad-Hoc|iPhone.Deploy.0 = Release|Any CPU
		{8CD70EE2-EC8B-4F0B-B243-7FD7650BEA8B}.Ad-Hoc|iPhoneSimulator.ActiveCfg = Release|Any CPU
		{8CD70EE2-EC8B-4F0B-B243-7FD7650BEA8B}.Ad-Hoc|iPhoneSimulator.Build.0 = Release|Any CPU
		{8CD70EE2-EC8B-4F0B-B243-7FD7650BEA8B}.Ad-Hoc|iPhoneSimulator.Deploy.0 = Release|Any CPU
		{8CD70EE2-EC8B-4F0B-B243-7FD7650BEA8B}.Ad-Hoc|x64.ActiveCfg = Release|Any CPU
		{8CD70EE2-EC8B-4F0B-B243-7FD7650BEA8B}.Ad-Hoc|x64.Build.0 = Release|Any CPU
		{8CD70EE2-EC8B-4F0B-B243-7FD7650BEA8B}.Ad-Hoc|x64.Deploy.0 = Release|Any CPU
		{8CD70EE2-EC8B-4F0B-B243-7FD7650BEA8B}.Ad-Hoc|x86.ActiveCfg = Release|Any CPU
		{8CD70EE2-EC8B-4F0B-B243-7FD7650BEA8B}.Ad-Hoc|x86.Build.0 = Release|Any CPU
		{8CD70EE2-EC8B-4F0B-B243-7FD7650BEA8B}.Ad-Hoc|x86.Deploy.0 = Release|Any CPU
		{8CD70EE2-EC8B-4F0B-B243-7FD7650BEA8B}.AppStore|Any CPU.ActiveCfg = Release|Any CPU
		{8CD70EE2-EC8B-4F0B-B243-7FD7650BEA8B}.AppStore|Any CPU.Build.0 = Release|Any CPU
		{8CD70EE2-EC8B-4F0B-B243-7FD7650BEA8B}.AppStore|Any CPU.Deploy.0 = Release|Any CPU
		{8CD70EE2-EC8B-4F0B-B243-7FD7650BEA8B}.AppStore|ARM.ActiveCfg = Release|Any CPU
		{8CD70EE2-EC8B-4F0B-B243-7FD7650BEA8B}.AppStore|ARM.Build.0 = Release|Any CPU
		{8CD70EE2-EC8B-4F0B-B243-7FD7650BEA8B}.AppStore|ARM.Deploy.0 = Release|Any CPU
		{8CD70EE2-EC8B-4F0B-B243-7FD7650BEA8B}.AppStore|iPhone.ActiveCfg = Release|Any CPU
		{8CD70EE2-EC8B-4F0B-B243-7FD7650BEA8B}.AppStore|iPhone.Build.0 = Release|Any CPU
		{8CD70EE2-EC8B-4F0B-B243-7FD7650BEA8B}.AppStore|iPhone.Deploy.0 = Release|Any CPU
		{8CD70EE2-EC8B-4F0B-B243-7FD7650BEA8B}.AppStore|iPhoneSimulator.ActiveCfg = Release|Any CPU
		{8CD70EE2-EC8B-4F0B-B243-7FD7650BEA8B}.AppStore|iPhoneSimulator.Build.0 = Release|Any CPU
		{8CD70EE2-EC8B-4F0B-B243-7FD7650BEA8B}.AppStore|iPhoneSimulator.Deploy.0 = Release|Any CPU
		{8CD70EE2-EC8B-4F0B-B243-7FD7650BEA8B}.AppStore|x64.ActiveCfg = Release|Any CPU
		{8CD70EE2-EC8B-4F0B-B243-7FD7650BEA8B}.AppStore|x64.Build.0 = Release|Any CPU
		{8CD70EE2-EC8B-4F0B-B243-7FD7650BEA8B}.AppStore|x64.Deploy.0 = Release|Any CPU
		{8CD70EE2-EC8B-4F0B-B243-7FD7650BEA8B}.AppStore|x86.ActiveCfg = Release|Any CPU
		{8CD70EE2-EC8B-4F0B-B243-7FD7650BEA8B}.AppStore|x86.Build.0 = Release|Any CPU
		{8CD70EE2-EC8B-4F0B-B243-7FD7650BEA8B}.AppStore|x86.Deploy.0 = Release|Any CPU
		{8CD70EE2-EC8B-4F0B-B243-7FD7650BEA8B}.Debug|Any CPU.ActiveCfg = Debug|Any CPU
		{8CD70EE2-EC8B-4F0B-B243-7FD7650BEA8B}.Debug|Any CPU.Build.0 = Debug|Any CPU
		{8CD70EE2-EC8B-4F0B-B243-7FD7650BEA8B}.Debug|Any CPU.Deploy.0 = Debug|Any CPU
		{8CD70EE2-EC8B-4F0B-B243-7FD7650BEA8B}.Debug|ARM.ActiveCfg = Debug|Any CPU
		{8CD70EE2-EC8B-4F0B-B243-7FD7650BEA8B}.Debug|ARM.Build.0 = Debug|Any CPU
		{8CD70EE2-EC8B-4F0B-B243-7FD7650BEA8B}.Debug|ARM.Deploy.0 = Debug|Any CPU
		{8CD70EE2-EC8B-4F0B-B243-7FD7650BEA8B}.Debug|iPhone.ActiveCfg = Debug|Any CPU
		{8CD70EE2-EC8B-4F0B-B243-7FD7650BEA8B}.Debug|iPhone.Build.0 = Debug|Any CPU
		{8CD70EE2-EC8B-4F0B-B243-7FD7650BEA8B}.Debug|iPhone.Deploy.0 = Debug|Any CPU
		{8CD70EE2-EC8B-4F0B-B243-7FD7650BEA8B}.Debug|iPhoneSimulator.ActiveCfg = Debug|Any CPU
		{8CD70EE2-EC8B-4F0B-B243-7FD7650BEA8B}.Debug|iPhoneSimulator.Build.0 = Debug|Any CPU
		{8CD70EE2-EC8B-4F0B-B243-7FD7650BEA8B}.Debug|iPhoneSimulator.Deploy.0 = Debug|Any CPU
		{8CD70EE2-EC8B-4F0B-B243-7FD7650BEA8B}.Debug|x64.ActiveCfg = Debug|Any CPU
		{8CD70EE2-EC8B-4F0B-B243-7FD7650BEA8B}.Debug|x64.Build.0 = Debug|Any CPU
		{8CD70EE2-EC8B-4F0B-B243-7FD7650BEA8B}.Debug|x64.Deploy.0 = Debug|Any CPU
		{8CD70EE2-EC8B-4F0B-B243-7FD7650BEA8B}.Debug|x86.ActiveCfg = Debug|Any CPU
		{8CD70EE2-EC8B-4F0B-B243-7FD7650BEA8B}.Debug|x86.Build.0 = Debug|Any CPU
		{8CD70EE2-EC8B-4F0B-B243-7FD7650BEA8B}.Debug|x86.Deploy.0 = Debug|Any CPU
		{8CD70EE2-EC8B-4F0B-B243-7FD7650BEA8B}.Release|Any CPU.ActiveCfg = Release|Any CPU
		{8CD70EE2-EC8B-4F0B-B243-7FD7650BEA8B}.Release|Any CPU.Build.0 = Release|Any CPU
		{8CD70EE2-EC8B-4F0B-B243-7FD7650BEA8B}.Release|Any CPU.Deploy.0 = Release|Any CPU
		{8CD70EE2-EC8B-4F0B-B243-7FD7650BEA8B}.Release|ARM.ActiveCfg = Release|Any CPU
		{8CD70EE2-EC8B-4F0B-B243-7FD7650BEA8B}.Release|ARM.Build.0 = Release|Any CPU
		{8CD70EE2-EC8B-4F0B-B243-7FD7650BEA8B}.Release|ARM.Deploy.0 = Release|Any CPU
		{8CD70EE2-EC8B-4F0B-B243-7FD7650BEA8B}.Release|iPhone.ActiveCfg = Release|Any CPU
		{8CD70EE2-EC8B-4F0B-B243-7FD7650BEA8B}.Release|iPhone.Build.0 = Release|Any CPU
		{8CD70EE2-EC8B-4F0B-B243-7FD7650BEA8B}.Release|iPhone.Deploy.0 = Release|Any CPU
		{8CD70EE2-EC8B-4F0B-B243-7FD7650BEA8B}.Release|iPhoneSimulator.ActiveCfg = Release|Any CPU
		{8CD70EE2-EC8B-4F0B-B243-7FD7650BEA8B}.Release|iPhoneSimulator.Build.0 = Release|Any CPU
		{8CD70EE2-EC8B-4F0B-B243-7FD7650BEA8B}.Release|iPhoneSimulator.Deploy.0 = Release|Any CPU
		{8CD70EE2-EC8B-4F0B-B243-7FD7650BEA8B}.Release|x64.ActiveCfg = Release|Any CPU
		{8CD70EE2-EC8B-4F0B-B243-7FD7650BEA8B}.Release|x64.Build.0 = Release|Any CPU
		{8CD70EE2-EC8B-4F0B-B243-7FD7650BEA8B}.Release|x64.Deploy.0 = Release|Any CPU
		{8CD70EE2-EC8B-4F0B-B243-7FD7650BEA8B}.Release|x86.ActiveCfg = Release|Any CPU
		{8CD70EE2-EC8B-4F0B-B243-7FD7650BEA8B}.Release|x86.Build.0 = Release|Any CPU
		{8CD70EE2-EC8B-4F0B-B243-7FD7650BEA8B}.Release|x86.Deploy.0 = Release|Any CPU
		{C9D523AB-E09E-4F6E-86E0-D25BED8E3787}.Ad-Hoc|Any CPU.ActiveCfg = Ad-Hoc|iPhone
		{C9D523AB-E09E-4F6E-86E0-D25BED8E3787}.Ad-Hoc|ARM.ActiveCfg = Ad-Hoc|iPhone
		{C9D523AB-E09E-4F6E-86E0-D25BED8E3787}.Ad-Hoc|iPhone.ActiveCfg = Ad-Hoc|iPhone
		{C9D523AB-E09E-4F6E-86E0-D25BED8E3787}.Ad-Hoc|iPhone.Build.0 = Ad-Hoc|iPhone
		{C9D523AB-E09E-4F6E-86E0-D25BED8E3787}.Ad-Hoc|iPhoneSimulator.ActiveCfg = Ad-Hoc|iPhoneSimulator
		{C9D523AB-E09E-4F6E-86E0-D25BED8E3787}.Ad-Hoc|iPhoneSimulator.Build.0 = Ad-Hoc|iPhoneSimulator
		{C9D523AB-E09E-4F6E-86E0-D25BED8E3787}.Ad-Hoc|x64.ActiveCfg = Ad-Hoc|iPhone
		{C9D523AB-E09E-4F6E-86E0-D25BED8E3787}.Ad-Hoc|x86.ActiveCfg = Ad-Hoc|iPhone
		{C9D523AB-E09E-4F6E-86E0-D25BED8E3787}.AppStore|Any CPU.ActiveCfg = AppStore|iPhone
		{C9D523AB-E09E-4F6E-86E0-D25BED8E3787}.AppStore|ARM.ActiveCfg = AppStore|iPhone
		{C9D523AB-E09E-4F6E-86E0-D25BED8E3787}.AppStore|iPhone.ActiveCfg = AppStore|iPhone
		{C9D523AB-E09E-4F6E-86E0-D25BED8E3787}.AppStore|iPhone.Build.0 = AppStore|iPhone
		{C9D523AB-E09E-4F6E-86E0-D25BED8E3787}.AppStore|iPhoneSimulator.ActiveCfg = AppStore|iPhoneSimulator
		{C9D523AB-E09E-4F6E-86E0-D25BED8E3787}.AppStore|iPhoneSimulator.Build.0 = AppStore|iPhoneSimulator
		{C9D523AB-E09E-4F6E-86E0-D25BED8E3787}.AppStore|x64.ActiveCfg = AppStore|iPhone
		{C9D523AB-E09E-4F6E-86E0-D25BED8E3787}.AppStore|x86.ActiveCfg = AppStore|iPhone
		{C9D523AB-E09E-4F6E-86E0-D25BED8E3787}.Debug|Any CPU.ActiveCfg = Debug|iPhone
		{C9D523AB-E09E-4F6E-86E0-D25BED8E3787}.Debug|ARM.ActiveCfg = Debug|iPhone
		{C9D523AB-E09E-4F6E-86E0-D25BED8E3787}.Debug|iPhone.ActiveCfg = Debug|iPhone
		{C9D523AB-E09E-4F6E-86E0-D25BED8E3787}.Debug|iPhone.Build.0 = Debug|iPhone
		{C9D523AB-E09E-4F6E-86E0-D25BED8E3787}.Debug|iPhoneSimulator.ActiveCfg = Debug|iPhone
		{C9D523AB-E09E-4F6E-86E0-D25BED8E3787}.Debug|iPhoneSimulator.Build.0 = Debug|iPhoneSimulator
		{C9D523AB-E09E-4F6E-86E0-D25BED8E3787}.Debug|x64.ActiveCfg = Debug|iPhone
		{C9D523AB-E09E-4F6E-86E0-D25BED8E3787}.Debug|x86.ActiveCfg = Debug|iPhone
		{C9D523AB-E09E-4F6E-86E0-D25BED8E3787}.Release|Any CPU.ActiveCfg = Release|iPhone
		{C9D523AB-E09E-4F6E-86E0-D25BED8E3787}.Release|ARM.ActiveCfg = Release|iPhone
		{C9D523AB-E09E-4F6E-86E0-D25BED8E3787}.Release|iPhone.ActiveCfg = Release|iPhone
		{C9D523AB-E09E-4F6E-86E0-D25BED8E3787}.Release|iPhone.Build.0 = Release|iPhone
		{C9D523AB-E09E-4F6E-86E0-D25BED8E3787}.Release|iPhoneSimulator.ActiveCfg = Release|iPhoneSimulator
		{C9D523AB-E09E-4F6E-86E0-D25BED8E3787}.Release|iPhoneSimulator.Build.0 = Release|iPhoneSimulator
		{C9D523AB-E09E-4F6E-86E0-D25BED8E3787}.Release|x64.ActiveCfg = Release|iPhone
		{C9D523AB-E09E-4F6E-86E0-D25BED8E3787}.Release|x86.ActiveCfg = Release|iPhone
		{2AEEE53D-679A-45D6-BE6E-FB27DAD8459F}.Ad-Hoc|Any CPU.ActiveCfg = Release|x86
		{2AEEE53D-679A-45D6-BE6E-FB27DAD8459F}.Ad-Hoc|Any CPU.Build.0 = Release|x86
		{2AEEE53D-679A-45D6-BE6E-FB27DAD8459F}.Ad-Hoc|Any CPU.Deploy.0 = Release|x86
		{2AEEE53D-679A-45D6-BE6E-FB27DAD8459F}.Ad-Hoc|ARM.ActiveCfg = Release|ARM
		{2AEEE53D-679A-45D6-BE6E-FB27DAD8459F}.Ad-Hoc|ARM.Build.0 = Release|ARM
		{2AEEE53D-679A-45D6-BE6E-FB27DAD8459F}.Ad-Hoc|ARM.Deploy.0 = Release|ARM
		{2AEEE53D-679A-45D6-BE6E-FB27DAD8459F}.Ad-Hoc|iPhone.ActiveCfg = Release|x86
		{2AEEE53D-679A-45D6-BE6E-FB27DAD8459F}.Ad-Hoc|iPhone.Build.0 = Release|x86
		{2AEEE53D-679A-45D6-BE6E-FB27DAD8459F}.Ad-Hoc|iPhone.Deploy.0 = Release|x86
		{2AEEE53D-679A-45D6-BE6E-FB27DAD8459F}.Ad-Hoc|iPhoneSimulator.ActiveCfg = Release|x86
		{2AEEE53D-679A-45D6-BE6E-FB27DAD8459F}.Ad-Hoc|iPhoneSimulator.Build.0 = Release|x86
		{2AEEE53D-679A-45D6-BE6E-FB27DAD8459F}.Ad-Hoc|iPhoneSimulator.Deploy.0 = Release|x86
		{2AEEE53D-679A-45D6-BE6E-FB27DAD8459F}.Ad-Hoc|x64.ActiveCfg = Release|x64
		{2AEEE53D-679A-45D6-BE6E-FB27DAD8459F}.Ad-Hoc|x64.Build.0 = Release|x64
		{2AEEE53D-679A-45D6-BE6E-FB27DAD8459F}.Ad-Hoc|x64.Deploy.0 = Release|x64
		{2AEEE53D-679A-45D6-BE6E-FB27DAD8459F}.Ad-Hoc|x86.ActiveCfg = Release|x86
		{2AEEE53D-679A-45D6-BE6E-FB27DAD8459F}.Ad-Hoc|x86.Build.0 = Release|x86
		{2AEEE53D-679A-45D6-BE6E-FB27DAD8459F}.Ad-Hoc|x86.Deploy.0 = Release|x86
		{2AEEE53D-679A-45D6-BE6E-FB27DAD8459F}.AppStore|Any CPU.ActiveCfg = Release|x86
		{2AEEE53D-679A-45D6-BE6E-FB27DAD8459F}.AppStore|Any CPU.Build.0 = Release|x86
		{2AEEE53D-679A-45D6-BE6E-FB27DAD8459F}.AppStore|Any CPU.Deploy.0 = Release|x86
		{2AEEE53D-679A-45D6-BE6E-FB27DAD8459F}.AppStore|ARM.ActiveCfg = Release|ARM
		{2AEEE53D-679A-45D6-BE6E-FB27DAD8459F}.AppStore|ARM.Build.0 = Release|ARM
		{2AEEE53D-679A-45D6-BE6E-FB27DAD8459F}.AppStore|ARM.Deploy.0 = Release|ARM
		{2AEEE53D-679A-45D6-BE6E-FB27DAD8459F}.AppStore|iPhone.ActiveCfg = Release|x86
		{2AEEE53D-679A-45D6-BE6E-FB27DAD8459F}.AppStore|iPhone.Build.0 = Release|x86
		{2AEEE53D-679A-45D6-BE6E-FB27DAD8459F}.AppStore|iPhone.Deploy.0 = Release|x86
		{2AEEE53D-679A-45D6-BE6E-FB27DAD8459F}.AppStore|iPhoneSimulator.ActiveCfg = Release|x86
		{2AEEE53D-679A-45D6-BE6E-FB27DAD8459F}.AppStore|iPhoneSimulator.Build.0 = Release|x86
		{2AEEE53D-679A-45D6-BE6E-FB27DAD8459F}.AppStore|iPhoneSimulator.Deploy.0 = Release|x86
		{2AEEE53D-679A-45D6-BE6E-FB27DAD8459F}.AppStore|x64.ActiveCfg = Release|x64
		{2AEEE53D-679A-45D6-BE6E-FB27DAD8459F}.AppStore|x64.Build.0 = Release|x64
		{2AEEE53D-679A-45D6-BE6E-FB27DAD8459F}.AppStore|x64.Deploy.0 = Release|x64
		{2AEEE53D-679A-45D6-BE6E-FB27DAD8459F}.AppStore|x86.ActiveCfg = Release|x86
		{2AEEE53D-679A-45D6-BE6E-FB27DAD8459F}.AppStore|x86.Build.0 = Release|x86
		{2AEEE53D-679A-45D6-BE6E-FB27DAD8459F}.AppStore|x86.Deploy.0 = Release|x86
		{2AEEE53D-679A-45D6-BE6E-FB27DAD8459F}.Debug|Any CPU.ActiveCfg = Debug|x86
		{2AEEE53D-679A-45D6-BE6E-FB27DAD8459F}.Debug|Any CPU.Build.0 = Debug|x86
		{2AEEE53D-679A-45D6-BE6E-FB27DAD8459F}.Debug|Any CPU.Deploy.0 = Debug|x86
		{2AEEE53D-679A-45D6-BE6E-FB27DAD8459F}.Debug|ARM.ActiveCfg = Debug|x86
		{2AEEE53D-679A-45D6-BE6E-FB27DAD8459F}.Debug|ARM.Build.0 = Debug|x86
		{2AEEE53D-679A-45D6-BE6E-FB27DAD8459F}.Debug|ARM.Deploy.0 = Debug|x86
		{2AEEE53D-679A-45D6-BE6E-FB27DAD8459F}.Debug|iPhone.ActiveCfg = Debug|x86
		{2AEEE53D-679A-45D6-BE6E-FB27DAD8459F}.Debug|iPhone.Build.0 = Debug|x86
		{2AEEE53D-679A-45D6-BE6E-FB27DAD8459F}.Debug|iPhone.Deploy.0 = Debug|x86
		{2AEEE53D-679A-45D6-BE6E-FB27DAD8459F}.Debug|iPhoneSimulator.ActiveCfg = Debug|x86
		{2AEEE53D-679A-45D6-BE6E-FB27DAD8459F}.Debug|iPhoneSimulator.Build.0 = Debug|x86
		{2AEEE53D-679A-45D6-BE6E-FB27DAD8459F}.Debug|iPhoneSimulator.Deploy.0 = Debug|x86
		{2AEEE53D-679A-45D6-BE6E-FB27DAD8459F}.Debug|x64.ActiveCfg = Debug|x86
		{2AEEE53D-679A-45D6-BE6E-FB27DAD8459F}.Debug|x64.Build.0 = Debug|x86
		{2AEEE53D-679A-45D6-BE6E-FB27DAD8459F}.Debug|x64.Deploy.0 = Debug|x86
		{2AEEE53D-679A-45D6-BE6E-FB27DAD8459F}.Debug|x86.ActiveCfg = Debug|x86
		{2AEEE53D-679A-45D6-BE6E-FB27DAD8459F}.Debug|x86.Build.0 = Debug|x86
		{2AEEE53D-679A-45D6-BE6E-FB27DAD8459F}.Debug|x86.Deploy.0 = Debug|x86
		{2AEEE53D-679A-45D6-BE6E-FB27DAD8459F}.Release|Any CPU.ActiveCfg = Release|x86
		{2AEEE53D-679A-45D6-BE6E-FB27DAD8459F}.Release|ARM.ActiveCfg = Release|ARM
		{2AEEE53D-679A-45D6-BE6E-FB27DAD8459F}.Release|ARM.Build.0 = Release|ARM
		{2AEEE53D-679A-45D6-BE6E-FB27DAD8459F}.Release|ARM.Deploy.0 = Release|ARM
		{2AEEE53D-679A-45D6-BE6E-FB27DAD8459F}.Release|iPhone.ActiveCfg = Release|x86
		{2AEEE53D-679A-45D6-BE6E-FB27DAD8459F}.Release|iPhoneSimulator.ActiveCfg = Release|x86
		{2AEEE53D-679A-45D6-BE6E-FB27DAD8459F}.Release|x64.ActiveCfg = Release|x64
		{2AEEE53D-679A-45D6-BE6E-FB27DAD8459F}.Release|x64.Build.0 = Release|x64
		{2AEEE53D-679A-45D6-BE6E-FB27DAD8459F}.Release|x64.Deploy.0 = Release|x64
		{2AEEE53D-679A-45D6-BE6E-FB27DAD8459F}.Release|x86.ActiveCfg = Release|x86
		{2AEEE53D-679A-45D6-BE6E-FB27DAD8459F}.Release|x86.Build.0 = Release|x86
		{2AEEE53D-679A-45D6-BE6E-FB27DAD8459F}.Release|x86.Deploy.0 = Release|x86
		{3F32FDB9-84F8-4BAC-B5D4-B33ECFD9AEEE}.Ad-Hoc|Any CPU.ActiveCfg = Release|Any CPU
		{3F32FDB9-84F8-4BAC-B5D4-B33ECFD9AEEE}.Ad-Hoc|Any CPU.Build.0 = Release|Any CPU
		{3F32FDB9-84F8-4BAC-B5D4-B33ECFD9AEEE}.Ad-Hoc|Any CPU.Deploy.0 = Release|Any CPU
		{3F32FDB9-84F8-4BAC-B5D4-B33ECFD9AEEE}.Ad-Hoc|ARM.ActiveCfg = Release|ARM
		{3F32FDB9-84F8-4BAC-B5D4-B33ECFD9AEEE}.Ad-Hoc|ARM.Build.0 = Release|ARM
		{3F32FDB9-84F8-4BAC-B5D4-B33ECFD9AEEE}.Ad-Hoc|ARM.Deploy.0 = Release|ARM
		{3F32FDB9-84F8-4BAC-B5D4-B33ECFD9AEEE}.Ad-Hoc|iPhone.ActiveCfg = Release|Any CPU
		{3F32FDB9-84F8-4BAC-B5D4-B33ECFD9AEEE}.Ad-Hoc|iPhone.Build.0 = Release|Any CPU
		{3F32FDB9-84F8-4BAC-B5D4-B33ECFD9AEEE}.Ad-Hoc|iPhone.Deploy.0 = Release|Any CPU
		{3F32FDB9-84F8-4BAC-B5D4-B33ECFD9AEEE}.Ad-Hoc|iPhoneSimulator.ActiveCfg = Release|Any CPU
		{3F32FDB9-84F8-4BAC-B5D4-B33ECFD9AEEE}.Ad-Hoc|iPhoneSimulator.Build.0 = Release|Any CPU
		{3F32FDB9-84F8-4BAC-B5D4-B33ECFD9AEEE}.Ad-Hoc|iPhoneSimulator.Deploy.0 = Release|Any CPU
		{3F32FDB9-84F8-4BAC-B5D4-B33ECFD9AEEE}.Ad-Hoc|x64.ActiveCfg = Release|Any CPU
		{3F32FDB9-84F8-4BAC-B5D4-B33ECFD9AEEE}.Ad-Hoc|x64.Build.0 = Release|Any CPU
		{3F32FDB9-84F8-4BAC-B5D4-B33ECFD9AEEE}.Ad-Hoc|x64.Deploy.0 = Release|Any CPU
		{3F32FDB9-84F8-4BAC-B5D4-B33ECFD9AEEE}.Ad-Hoc|x86.ActiveCfg = Release|x86
		{3F32FDB9-84F8-4BAC-B5D4-B33ECFD9AEEE}.Ad-Hoc|x86.Build.0 = Release|x86
		{3F32FDB9-84F8-4BAC-B5D4-B33ECFD9AEEE}.Ad-Hoc|x86.Deploy.0 = Release|x86
		{3F32FDB9-84F8-4BAC-B5D4-B33ECFD9AEEE}.AppStore|Any CPU.ActiveCfg = Release|Any CPU
		{3F32FDB9-84F8-4BAC-B5D4-B33ECFD9AEEE}.AppStore|Any CPU.Build.0 = Release|Any CPU
		{3F32FDB9-84F8-4BAC-B5D4-B33ECFD9AEEE}.AppStore|Any CPU.Deploy.0 = Release|Any CPU
		{3F32FDB9-84F8-4BAC-B5D4-B33ECFD9AEEE}.AppStore|ARM.ActiveCfg = Release|ARM
		{3F32FDB9-84F8-4BAC-B5D4-B33ECFD9AEEE}.AppStore|ARM.Build.0 = Release|ARM
		{3F32FDB9-84F8-4BAC-B5D4-B33ECFD9AEEE}.AppStore|ARM.Deploy.0 = Release|ARM
		{3F32FDB9-84F8-4BAC-B5D4-B33ECFD9AEEE}.AppStore|iPhone.ActiveCfg = Release|Any CPU
		{3F32FDB9-84F8-4BAC-B5D4-B33ECFD9AEEE}.AppStore|iPhone.Build.0 = Release|Any CPU
		{3F32FDB9-84F8-4BAC-B5D4-B33ECFD9AEEE}.AppStore|iPhone.Deploy.0 = Release|Any CPU
		{3F32FDB9-84F8-4BAC-B5D4-B33ECFD9AEEE}.AppStore|iPhoneSimulator.ActiveCfg = Release|Any CPU
		{3F32FDB9-84F8-4BAC-B5D4-B33ECFD9AEEE}.AppStore|iPhoneSimulator.Build.0 = Release|Any CPU
		{3F32FDB9-84F8-4BAC-B5D4-B33ECFD9AEEE}.AppStore|iPhoneSimulator.Deploy.0 = Release|Any CPU
		{3F32FDB9-84F8-4BAC-B5D4-B33ECFD9AEEE}.AppStore|x64.ActiveCfg = Release|Any CPU
		{3F32FDB9-84F8-4BAC-B5D4-B33ECFD9AEEE}.AppStore|x64.Build.0 = Release|Any CPU
		{3F32FDB9-84F8-4BAC-B5D4-B33ECFD9AEEE}.AppStore|x64.Deploy.0 = Release|Any CPU
		{3F32FDB9-84F8-4BAC-B5D4-B33ECFD9AEEE}.AppStore|x86.ActiveCfg = Release|x86
		{3F32FDB9-84F8-4BAC-B5D4-B33ECFD9AEEE}.AppStore|x86.Build.0 = Release|x86
		{3F32FDB9-84F8-4BAC-B5D4-B33ECFD9AEEE}.AppStore|x86.Deploy.0 = Release|x86
		{3F32FDB9-84F8-4BAC-B5D4-B33ECFD9AEEE}.Debug|Any CPU.ActiveCfg = Debug|x86
		{3F32FDB9-84F8-4BAC-B5D4-B33ECFD9AEEE}.Debug|Any CPU.Build.0 = Debug|x86
		{3F32FDB9-84F8-4BAC-B5D4-B33ECFD9AEEE}.Debug|Any CPU.Deploy.0 = Debug|x86
		{3F32FDB9-84F8-4BAC-B5D4-B33ECFD9AEEE}.Debug|ARM.ActiveCfg = Debug|x86
		{3F32FDB9-84F8-4BAC-B5D4-B33ECFD9AEEE}.Debug|ARM.Build.0 = Debug|x86
		{3F32FDB9-84F8-4BAC-B5D4-B33ECFD9AEEE}.Debug|ARM.Deploy.0 = Debug|x86
		{3F32FDB9-84F8-4BAC-B5D4-B33ECFD9AEEE}.Debug|iPhone.ActiveCfg = Debug|x86
		{3F32FDB9-84F8-4BAC-B5D4-B33ECFD9AEEE}.Debug|iPhone.Build.0 = Debug|x86
		{3F32FDB9-84F8-4BAC-B5D4-B33ECFD9AEEE}.Debug|iPhone.Deploy.0 = Debug|x86
		{3F32FDB9-84F8-4BAC-B5D4-B33ECFD9AEEE}.Debug|iPhoneSimulator.ActiveCfg = Debug|x86
		{3F32FDB9-84F8-4BAC-B5D4-B33ECFD9AEEE}.Debug|iPhoneSimulator.Build.0 = Debug|x86
		{3F32FDB9-84F8-4BAC-B5D4-B33ECFD9AEEE}.Debug|iPhoneSimulator.Deploy.0 = Debug|x86
		{3F32FDB9-84F8-4BAC-B5D4-B33ECFD9AEEE}.Debug|x64.ActiveCfg = Debug|x86
		{3F32FDB9-84F8-4BAC-B5D4-B33ECFD9AEEE}.Debug|x64.Build.0 = Debug|x86
		{3F32FDB9-84F8-4BAC-B5D4-B33ECFD9AEEE}.Debug|x64.Deploy.0 = Debug|x86
		{3F32FDB9-84F8-4BAC-B5D4-B33ECFD9AEEE}.Debug|x86.ActiveCfg = Debug|x86
		{3F32FDB9-84F8-4BAC-B5D4-B33ECFD9AEEE}.Debug|x86.Build.0 = Debug|x86
		{3F32FDB9-84F8-4BAC-B5D4-B33ECFD9AEEE}.Debug|x86.Deploy.0 = Debug|x86
		{3F32FDB9-84F8-4BAC-B5D4-B33ECFD9AEEE}.Release|Any CPU.ActiveCfg = Release|Any CPU
		{3F32FDB9-84F8-4BAC-B5D4-B33ECFD9AEEE}.Release|Any CPU.Build.0 = Release|Any CPU
		{3F32FDB9-84F8-4BAC-B5D4-B33ECFD9AEEE}.Release|Any CPU.Deploy.0 = Release|Any CPU
		{3F32FDB9-84F8-4BAC-B5D4-B33ECFD9AEEE}.Release|ARM.ActiveCfg = Release|ARM
		{3F32FDB9-84F8-4BAC-B5D4-B33ECFD9AEEE}.Release|ARM.Build.0 = Release|ARM
		{3F32FDB9-84F8-4BAC-B5D4-B33ECFD9AEEE}.Release|ARM.Deploy.0 = Release|ARM
		{3F32FDB9-84F8-4BAC-B5D4-B33ECFD9AEEE}.Release|iPhone.ActiveCfg = Release|Any CPU
		{3F32FDB9-84F8-4BAC-B5D4-B33ECFD9AEEE}.Release|iPhone.Build.0 = Release|Any CPU
		{3F32FDB9-84F8-4BAC-B5D4-B33ECFD9AEEE}.Release|iPhone.Deploy.0 = Release|Any CPU
		{3F32FDB9-84F8-4BAC-B5D4-B33ECFD9AEEE}.Release|iPhoneSimulator.ActiveCfg = Release|Any CPU
		{3F32FDB9-84F8-4BAC-B5D4-B33ECFD9AEEE}.Release|iPhoneSimulator.Build.0 = Release|Any CPU
		{3F32FDB9-84F8-4BAC-B5D4-B33ECFD9AEEE}.Release|iPhoneSimulator.Deploy.0 = Release|Any CPU
		{3F32FDB9-84F8-4BAC-B5D4-B33ECFD9AEEE}.Release|x64.ActiveCfg = Release|Any CPU
		{3F32FDB9-84F8-4BAC-B5D4-B33ECFD9AEEE}.Release|x64.Build.0 = Release|Any CPU
		{3F32FDB9-84F8-4BAC-B5D4-B33ECFD9AEEE}.Release|x64.Deploy.0 = Release|Any CPU
		{3F32FDB9-84F8-4BAC-B5D4-B33ECFD9AEEE}.Release|x86.ActiveCfg = Release|x86
		{3F32FDB9-84F8-4BAC-B5D4-B33ECFD9AEEE}.Release|x86.Build.0 = Release|x86
		{3F32FDB9-84F8-4BAC-B5D4-B33ECFD9AEEE}.Release|x86.Deploy.0 = Release|x86
		{25A03D8F-2995-4EF6-B12F-08AAE7C381ED}.Ad-Hoc|Any CPU.ActiveCfg = Release|Any CPU
		{25A03D8F-2995-4EF6-B12F-08AAE7C381ED}.Ad-Hoc|Any CPU.Build.0 = Release|Any CPU
		{25A03D8F-2995-4EF6-B12F-08AAE7C381ED}.Ad-Hoc|Any CPU.Deploy.0 = Release|Any CPU
		{25A03D8F-2995-4EF6-B12F-08AAE7C381ED}.Ad-Hoc|ARM.ActiveCfg = Release|ARM
		{25A03D8F-2995-4EF6-B12F-08AAE7C381ED}.Ad-Hoc|ARM.Build.0 = Release|ARM
		{25A03D8F-2995-4EF6-B12F-08AAE7C381ED}.Ad-Hoc|ARM.Deploy.0 = Release|ARM
		{25A03D8F-2995-4EF6-B12F-08AAE7C381ED}.Ad-Hoc|iPhone.ActiveCfg = Release|Any CPU
		{25A03D8F-2995-4EF6-B12F-08AAE7C381ED}.Ad-Hoc|iPhone.Build.0 = Release|Any CPU
		{25A03D8F-2995-4EF6-B12F-08AAE7C381ED}.Ad-Hoc|iPhone.Deploy.0 = Release|Any CPU
		{25A03D8F-2995-4EF6-B12F-08AAE7C381ED}.Ad-Hoc|iPhoneSimulator.ActiveCfg = Release|Any CPU
		{25A03D8F-2995-4EF6-B12F-08AAE7C381ED}.Ad-Hoc|iPhoneSimulator.Build.0 = Release|Any CPU
		{25A03D8F-2995-4EF6-B12F-08AAE7C381ED}.Ad-Hoc|iPhoneSimulator.Deploy.0 = Release|Any CPU
		{25A03D8F-2995-4EF6-B12F-08AAE7C381ED}.Ad-Hoc|x64.ActiveCfg = Release|x64
		{25A03D8F-2995-4EF6-B12F-08AAE7C381ED}.Ad-Hoc|x64.Build.0 = Release|x64
		{25A03D8F-2995-4EF6-B12F-08AAE7C381ED}.Ad-Hoc|x64.Deploy.0 = Release|x64
		{25A03D8F-2995-4EF6-B12F-08AAE7C381ED}.Ad-Hoc|x86.ActiveCfg = Release|x86
		{25A03D8F-2995-4EF6-B12F-08AAE7C381ED}.Ad-Hoc|x86.Build.0 = Release|x86
		{25A03D8F-2995-4EF6-B12F-08AAE7C381ED}.Ad-Hoc|x86.Deploy.0 = Release|x86
		{25A03D8F-2995-4EF6-B12F-08AAE7C381ED}.AppStore|Any CPU.ActiveCfg = Release|Any CPU
		{25A03D8F-2995-4EF6-B12F-08AAE7C381ED}.AppStore|Any CPU.Build.0 = Release|Any CPU
		{25A03D8F-2995-4EF6-B12F-08AAE7C381ED}.AppStore|Any CPU.Deploy.0 = Release|Any CPU
		{25A03D8F-2995-4EF6-B12F-08AAE7C381ED}.AppStore|ARM.ActiveCfg = Release|ARM
		{25A03D8F-2995-4EF6-B12F-08AAE7C381ED}.AppStore|ARM.Build.0 = Release|ARM
		{25A03D8F-2995-4EF6-B12F-08AAE7C381ED}.AppStore|ARM.Deploy.0 = Release|ARM
		{25A03D8F-2995-4EF6-B12F-08AAE7C381ED}.AppStore|iPhone.ActiveCfg = Release|Any CPU
		{25A03D8F-2995-4EF6-B12F-08AAE7C381ED}.AppStore|iPhone.Build.0 = Release|Any CPU
		{25A03D8F-2995-4EF6-B12F-08AAE7C381ED}.AppStore|iPhone.Deploy.0 = Release|Any CPU
		{25A03D8F-2995-4EF6-B12F-08AAE7C381ED}.AppStore|iPhoneSimulator.ActiveCfg = Release|Any CPU
		{25A03D8F-2995-4EF6-B12F-08AAE7C381ED}.AppStore|iPhoneSimulator.Build.0 = Release|Any CPU
		{25A03D8F-2995-4EF6-B12F-08AAE7C381ED}.AppStore|iPhoneSimulator.Deploy.0 = Release|Any CPU
		{25A03D8F-2995-4EF6-B12F-08AAE7C381ED}.AppStore|x64.ActiveCfg = Release|x64
		{25A03D8F-2995-4EF6-B12F-08AAE7C381ED}.AppStore|x64.Build.0 = Release|x64
		{25A03D8F-2995-4EF6-B12F-08AAE7C381ED}.AppStore|x64.Deploy.0 = Release|x64
		{25A03D8F-2995-4EF6-B12F-08AAE7C381ED}.AppStore|x86.ActiveCfg = Release|x86
		{25A03D8F-2995-4EF6-B12F-08AAE7C381ED}.AppStore|x86.Build.0 = Release|x86
		{25A03D8F-2995-4EF6-B12F-08AAE7C381ED}.AppStore|x86.Deploy.0 = Release|x86
		{25A03D8F-2995-4EF6-B12F-08AAE7C381ED}.Debug|Any CPU.ActiveCfg = Debug|x86
		{25A03D8F-2995-4EF6-B12F-08AAE7C381ED}.Debug|Any CPU.Build.0 = Debug|x86
		{25A03D8F-2995-4EF6-B12F-08AAE7C381ED}.Debug|Any CPU.Deploy.0 = Debug|x86
		{25A03D8F-2995-4EF6-B12F-08AAE7C381ED}.Debug|ARM.ActiveCfg = Debug|x86
		{25A03D8F-2995-4EF6-B12F-08AAE7C381ED}.Debug|ARM.Build.0 = Debug|x86
		{25A03D8F-2995-4EF6-B12F-08AAE7C381ED}.Debug|ARM.Deploy.0 = Debug|x86
		{25A03D8F-2995-4EF6-B12F-08AAE7C381ED}.Debug|iPhone.ActiveCfg = Debug|x86
		{25A03D8F-2995-4EF6-B12F-08AAE7C381ED}.Debug|iPhone.Build.0 = Debug|x86
		{25A03D8F-2995-4EF6-B12F-08AAE7C381ED}.Debug|iPhone.Deploy.0 = Debug|x86
		{25A03D8F-2995-4EF6-B12F-08AAE7C381ED}.Debug|iPhoneSimulator.ActiveCfg = Debug|x86
		{25A03D8F-2995-4EF6-B12F-08AAE7C381ED}.Debug|iPhoneSimulator.Build.0 = Debug|x86
		{25A03D8F-2995-4EF6-B12F-08AAE7C381ED}.Debug|iPhoneSimulator.Deploy.0 = Debug|x86
		{25A03D8F-2995-4EF6-B12F-08AAE7C381ED}.Debug|x64.ActiveCfg = Debug|x86
		{25A03D8F-2995-4EF6-B12F-08AAE7C381ED}.Debug|x64.Build.0 = Debug|x86
		{25A03D8F-2995-4EF6-B12F-08AAE7C381ED}.Debug|x64.Deploy.0 = Debug|x86
		{25A03D8F-2995-4EF6-B12F-08AAE7C381ED}.Debug|x86.ActiveCfg = Debug|x86
		{25A03D8F-2995-4EF6-B12F-08AAE7C381ED}.Debug|x86.Build.0 = Debug|x86
		{25A03D8F-2995-4EF6-B12F-08AAE7C381ED}.Debug|x86.Deploy.0 = Debug|x86
		{25A03D8F-2995-4EF6-B12F-08AAE7C381ED}.Release|Any CPU.ActiveCfg = Release|Any CPU
		{25A03D8F-2995-4EF6-B12F-08AAE7C381ED}.Release|Any CPU.Build.0 = Release|Any CPU
		{25A03D8F-2995-4EF6-B12F-08AAE7C381ED}.Release|Any CPU.Deploy.0 = Release|Any CPU
		{25A03D8F-2995-4EF6-B12F-08AAE7C381ED}.Release|ARM.ActiveCfg = Release|ARM
		{25A03D8F-2995-4EF6-B12F-08AAE7C381ED}.Release|ARM.Build.0 = Release|ARM
		{25A03D8F-2995-4EF6-B12F-08AAE7C381ED}.Release|ARM.Deploy.0 = Release|ARM
		{25A03D8F-2995-4EF6-B12F-08AAE7C381ED}.Release|iPhone.ActiveCfg = Release|Any CPU
		{25A03D8F-2995-4EF6-B12F-08AAE7C381ED}.Release|iPhone.Build.0 = Release|Any CPU
		{25A03D8F-2995-4EF6-B12F-08AAE7C381ED}.Release|iPhone.Deploy.0 = Release|Any CPU
		{25A03D8F-2995-4EF6-B12F-08AAE7C381ED}.Release|iPhoneSimulator.ActiveCfg = Release|Any CPU
		{25A03D8F-2995-4EF6-B12F-08AAE7C381ED}.Release|iPhoneSimulator.Build.0 = Release|Any CPU
		{25A03D8F-2995-4EF6-B12F-08AAE7C381ED}.Release|iPhoneSimulator.Deploy.0 = Release|Any CPU
		{25A03D8F-2995-4EF6-B12F-08AAE7C381ED}.Release|x64.ActiveCfg = Release|x64
		{25A03D8F-2995-4EF6-B12F-08AAE7C381ED}.Release|x64.Build.0 = Release|x64
		{25A03D8F-2995-4EF6-B12F-08AAE7C381ED}.Release|x64.Deploy.0 = Release|x64
		{25A03D8F-2995-4EF6-B12F-08AAE7C381ED}.Release|x86.ActiveCfg = Release|x86
		{25A03D8F-2995-4EF6-B12F-08AAE7C381ED}.Release|x86.Build.0 = Release|x86
		{25A03D8F-2995-4EF6-B12F-08AAE7C381ED}.Release|x86.Deploy.0 = Release|x86
		{25797D3D-D966-4586-81BD-02AD62E64D25}.Ad-Hoc|Any CPU.ActiveCfg = Release|Any CPU
		{25797D3D-D966-4586-81BD-02AD62E64D25}.Ad-Hoc|Any CPU.Build.0 = Release|Any CPU
		{25797D3D-D966-4586-81BD-02AD62E64D25}.Ad-Hoc|Any CPU.Deploy.0 = Release|Any CPU
		{25797D3D-D966-4586-81BD-02AD62E64D25}.Ad-Hoc|ARM.ActiveCfg = Release|ARM
		{25797D3D-D966-4586-81BD-02AD62E64D25}.Ad-Hoc|ARM.Build.0 = Release|ARM
		{25797D3D-D966-4586-81BD-02AD62E64D25}.Ad-Hoc|ARM.Deploy.0 = Release|ARM
		{25797D3D-D966-4586-81BD-02AD62E64D25}.Ad-Hoc|iPhone.ActiveCfg = Release|Any CPU
		{25797D3D-D966-4586-81BD-02AD62E64D25}.Ad-Hoc|iPhone.Build.0 = Release|Any CPU
		{25797D3D-D966-4586-81BD-02AD62E64D25}.Ad-Hoc|iPhone.Deploy.0 = Release|Any CPU
		{25797D3D-D966-4586-81BD-02AD62E64D25}.Ad-Hoc|iPhoneSimulator.ActiveCfg = Release|Any CPU
		{25797D3D-D966-4586-81BD-02AD62E64D25}.Ad-Hoc|iPhoneSimulator.Build.0 = Release|Any CPU
		{25797D3D-D966-4586-81BD-02AD62E64D25}.Ad-Hoc|iPhoneSimulator.Deploy.0 = Release|Any CPU
		{25797D3D-D966-4586-81BD-02AD62E64D25}.Ad-Hoc|x64.ActiveCfg = Release|Any CPU
		{25797D3D-D966-4586-81BD-02AD62E64D25}.Ad-Hoc|x64.Build.0 = Release|Any CPU
		{25797D3D-D966-4586-81BD-02AD62E64D25}.Ad-Hoc|x64.Deploy.0 = Release|Any CPU
		{25797D3D-D966-4586-81BD-02AD62E64D25}.Ad-Hoc|x86.ActiveCfg = Release|x86
		{25797D3D-D966-4586-81BD-02AD62E64D25}.Ad-Hoc|x86.Build.0 = Release|x86
		{25797D3D-D966-4586-81BD-02AD62E64D25}.Ad-Hoc|x86.Deploy.0 = Release|x86
		{25797D3D-D966-4586-81BD-02AD62E64D25}.AppStore|Any CPU.ActiveCfg = Release|Any CPU
		{25797D3D-D966-4586-81BD-02AD62E64D25}.AppStore|Any CPU.Build.0 = Release|Any CPU
		{25797D3D-D966-4586-81BD-02AD62E64D25}.AppStore|Any CPU.Deploy.0 = Release|Any CPU
		{25797D3D-D966-4586-81BD-02AD62E64D25}.AppStore|ARM.ActiveCfg = Release|ARM
		{25797D3D-D966-4586-81BD-02AD62E64D25}.AppStore|ARM.Build.0 = Release|ARM
		{25797D3D-D966-4586-81BD-02AD62E64D25}.AppStore|ARM.Deploy.0 = Release|ARM
		{25797D3D-D966-4586-81BD-02AD62E64D25}.AppStore|iPhone.ActiveCfg = Release|Any CPU
		{25797D3D-D966-4586-81BD-02AD62E64D25}.AppStore|iPhone.Build.0 = Release|Any CPU
		{25797D3D-D966-4586-81BD-02AD62E64D25}.AppStore|iPhone.Deploy.0 = Release|Any CPU
		{25797D3D-D966-4586-81BD-02AD62E64D25}.AppStore|iPhoneSimulator.ActiveCfg = Release|Any CPU
		{25797D3D-D966-4586-81BD-02AD62E64D25}.AppStore|iPhoneSimulator.Build.0 = Release|Any CPU
		{25797D3D-D966-4586-81BD-02AD62E64D25}.AppStore|iPhoneSimulator.Deploy.0 = Release|Any CPU
		{25797D3D-D966-4586-81BD-02AD62E64D25}.AppStore|x64.ActiveCfg = Release|Any CPU
		{25797D3D-D966-4586-81BD-02AD62E64D25}.AppStore|x64.Build.0 = Release|Any CPU
		{25797D3D-D966-4586-81BD-02AD62E64D25}.AppStore|x64.Deploy.0 = Release|Any CPU
		{25797D3D-D966-4586-81BD-02AD62E64D25}.AppStore|x86.ActiveCfg = Release|x86
		{25797D3D-D966-4586-81BD-02AD62E64D25}.AppStore|x86.Build.0 = Release|x86
		{25797D3D-D966-4586-81BD-02AD62E64D25}.AppStore|x86.Deploy.0 = Release|x86
		{25797D3D-D966-4586-81BD-02AD62E64D25}.Debug|Any CPU.ActiveCfg = Debug|x86
		{25797D3D-D966-4586-81BD-02AD62E64D25}.Debug|Any CPU.Build.0 = Debug|x86
		{25797D3D-D966-4586-81BD-02AD62E64D25}.Debug|Any CPU.Deploy.0 = Debug|x86
		{25797D3D-D966-4586-81BD-02AD62E64D25}.Debug|ARM.ActiveCfg = Debug|x86
		{25797D3D-D966-4586-81BD-02AD62E64D25}.Debug|ARM.Build.0 = Debug|x86
		{25797D3D-D966-4586-81BD-02AD62E64D25}.Debug|ARM.Deploy.0 = Debug|x86
		{25797D3D-D966-4586-81BD-02AD62E64D25}.Debug|iPhone.ActiveCfg = Debug|x86
		{25797D3D-D966-4586-81BD-02AD62E64D25}.Debug|iPhone.Build.0 = Debug|x86
		{25797D3D-D966-4586-81BD-02AD62E64D25}.Debug|iPhone.Deploy.0 = Debug|x86
		{25797D3D-D966-4586-81BD-02AD62E64D25}.Debug|iPhoneSimulator.ActiveCfg = Debug|x86
		{25797D3D-D966-4586-81BD-02AD62E64D25}.Debug|iPhoneSimulator.Build.0 = Debug|x86
		{25797D3D-D966-4586-81BD-02AD62E64D25}.Debug|iPhoneSimulator.Deploy.0 = Debug|x86
		{25797D3D-D966-4586-81BD-02AD62E64D25}.Debug|x64.ActiveCfg = Debug|x86
		{25797D3D-D966-4586-81BD-02AD62E64D25}.Debug|x64.Build.0 = Debug|x86
		{25797D3D-D966-4586-81BD-02AD62E64D25}.Debug|x64.Deploy.0 = Debug|x86
		{25797D3D-D966-4586-81BD-02AD62E64D25}.Debug|x86.ActiveCfg = Debug|x86
		{25797D3D-D966-4586-81BD-02AD62E64D25}.Debug|x86.Build.0 = Debug|x86
		{25797D3D-D966-4586-81BD-02AD62E64D25}.Debug|x86.Deploy.0 = Debug|x86
		{25797D3D-D966-4586-81BD-02AD62E64D25}.Release|Any CPU.ActiveCfg = Release|Any CPU
		{25797D3D-D966-4586-81BD-02AD62E64D25}.Release|Any CPU.Build.0 = Release|Any CPU
		{25797D3D-D966-4586-81BD-02AD62E64D25}.Release|Any CPU.Deploy.0 = Release|Any CPU
		{25797D3D-D966-4586-81BD-02AD62E64D25}.Release|ARM.ActiveCfg = Release|ARM
		{25797D3D-D966-4586-81BD-02AD62E64D25}.Release|ARM.Build.0 = Release|ARM
		{25797D3D-D966-4586-81BD-02AD62E64D25}.Release|ARM.Deploy.0 = Release|ARM
		{25797D3D-D966-4586-81BD-02AD62E64D25}.Release|iPhone.ActiveCfg = Release|Any CPU
		{25797D3D-D966-4586-81BD-02AD62E64D25}.Release|iPhone.Build.0 = Release|Any CPU
		{25797D3D-D966-4586-81BD-02AD62E64D25}.Release|iPhone.Deploy.0 = Release|Any CPU
		{25797D3D-D966-4586-81BD-02AD62E64D25}.Release|iPhoneSimulator.ActiveCfg = Release|Any CPU
		{25797D3D-D966-4586-81BD-02AD62E64D25}.Release|iPhoneSimulator.Build.0 = Release|Any CPU
		{25797D3D-D966-4586-81BD-02AD62E64D25}.Release|iPhoneSimulator.Deploy.0 = Release|Any CPU
		{25797D3D-D966-4586-81BD-02AD62E64D25}.Release|x64.ActiveCfg = Release|Any CPU
		{25797D3D-D966-4586-81BD-02AD62E64D25}.Release|x64.Build.0 = Release|Any CPU
		{25797D3D-D966-4586-81BD-02AD62E64D25}.Release|x64.Deploy.0 = Release|Any CPU
		{25797D3D-D966-4586-81BD-02AD62E64D25}.Release|x86.ActiveCfg = Release|x86
		{25797D3D-D966-4586-81BD-02AD62E64D25}.Release|x86.Build.0 = Release|x86
		{25797D3D-D966-4586-81BD-02AD62E64D25}.Release|x86.Deploy.0 = Release|x86
		{E7DE256A-267F-4D11-84D4-820AAB020941}.Ad-Hoc|Any CPU.ActiveCfg = Release|Any CPU
		{E7DE256A-267F-4D11-84D4-820AAB020941}.Ad-Hoc|Any CPU.Build.0 = Release|Any CPU
		{E7DE256A-267F-4D11-84D4-820AAB020941}.Ad-Hoc|ARM.ActiveCfg = Release|Any CPU
		{E7DE256A-267F-4D11-84D4-820AAB020941}.Ad-Hoc|ARM.Build.0 = Release|Any CPU
		{E7DE256A-267F-4D11-84D4-820AAB020941}.Ad-Hoc|iPhone.ActiveCfg = Release|Any CPU
		{E7DE256A-267F-4D11-84D4-820AAB020941}.Ad-Hoc|iPhone.Build.0 = Release|Any CPU
		{E7DE256A-267F-4D11-84D4-820AAB020941}.Ad-Hoc|iPhoneSimulator.ActiveCfg = Release|Any CPU
		{E7DE256A-267F-4D11-84D4-820AAB020941}.Ad-Hoc|iPhoneSimulator.Build.0 = Release|Any CPU
		{E7DE256A-267F-4D11-84D4-820AAB020941}.Ad-Hoc|x64.ActiveCfg = Release|Any CPU
		{E7DE256A-267F-4D11-84D4-820AAB020941}.Ad-Hoc|x64.Build.0 = Release|Any CPU
		{E7DE256A-267F-4D11-84D4-820AAB020941}.Ad-Hoc|x86.ActiveCfg = Release|Any CPU
		{E7DE256A-267F-4D11-84D4-820AAB020941}.Ad-Hoc|x86.Build.0 = Release|Any CPU
		{E7DE256A-267F-4D11-84D4-820AAB020941}.AppStore|Any CPU.ActiveCfg = Release|Any CPU
		{E7DE256A-267F-4D11-84D4-820AAB020941}.AppStore|Any CPU.Build.0 = Release|Any CPU
		{E7DE256A-267F-4D11-84D4-820AAB020941}.AppStore|ARM.ActiveCfg = Release|Any CPU
		{E7DE256A-267F-4D11-84D4-820AAB020941}.AppStore|ARM.Build.0 = Release|Any CPU
		{E7DE256A-267F-4D11-84D4-820AAB020941}.AppStore|iPhone.ActiveCfg = Release|Any CPU
		{E7DE256A-267F-4D11-84D4-820AAB020941}.AppStore|iPhone.Build.0 = Release|Any CPU
		{E7DE256A-267F-4D11-84D4-820AAB020941}.AppStore|iPhoneSimulator.ActiveCfg = Release|Any CPU
		{E7DE256A-267F-4D11-84D4-820AAB020941}.AppStore|iPhoneSimulator.Build.0 = Release|Any CPU
		{E7DE256A-267F-4D11-84D4-820AAB020941}.AppStore|x64.ActiveCfg = Release|Any CPU
		{E7DE256A-267F-4D11-84D4-820AAB020941}.AppStore|x64.Build.0 = Release|Any CPU
		{E7DE256A-267F-4D11-84D4-820AAB020941}.AppStore|x86.ActiveCfg = Release|Any CPU
		{E7DE256A-267F-4D11-84D4-820AAB020941}.AppStore|x86.Build.0 = Release|Any CPU
		{E7DE256A-267F-4D11-84D4-820AAB020941}.Debug|Any CPU.ActiveCfg = Debug|Any CPU
		{E7DE256A-267F-4D11-84D4-820AAB020941}.Debug|Any CPU.Build.0 = Debug|Any CPU
		{E7DE256A-267F-4D11-84D4-820AAB020941}.Debug|ARM.ActiveCfg = Debug|Any CPU
		{E7DE256A-267F-4D11-84D4-820AAB020941}.Debug|ARM.Build.0 = Debug|Any CPU
		{E7DE256A-267F-4D11-84D4-820AAB020941}.Debug|iPhone.ActiveCfg = Debug|Any CPU
		{E7DE256A-267F-4D11-84D4-820AAB020941}.Debug|iPhone.Build.0 = Debug|Any CPU
		{E7DE256A-267F-4D11-84D4-820AAB020941}.Debug|iPhoneSimulator.ActiveCfg = Debug|Any CPU
		{E7DE256A-267F-4D11-84D4-820AAB020941}.Debug|x64.ActiveCfg = Debug|Any CPU
		{E7DE256A-267F-4D11-84D4-820AAB020941}.Debug|x64.Build.0 = Debug|Any CPU
		{E7DE256A-267F-4D11-84D4-820AAB020941}.Debug|x86.ActiveCfg = Debug|Any CPU
		{E7DE256A-267F-4D11-84D4-820AAB020941}.Debug|x86.Build.0 = Debug|Any CPU
		{E7DE256A-267F-4D11-84D4-820AAB020941}.Release|Any CPU.ActiveCfg = Release|Any CPU
		{E7DE256A-267F-4D11-84D4-820AAB020941}.Release|Any CPU.Build.0 = Release|Any CPU
		{E7DE256A-267F-4D11-84D4-820AAB020941}.Release|ARM.ActiveCfg = Release|Any CPU
		{E7DE256A-267F-4D11-84D4-820AAB020941}.Release|ARM.Build.0 = Release|Any CPU
		{E7DE256A-267F-4D11-84D4-820AAB020941}.Release|iPhone.ActiveCfg = Release|Any CPU
		{E7DE256A-267F-4D11-84D4-820AAB020941}.Release|iPhone.Build.0 = Release|Any CPU
		{E7DE256A-267F-4D11-84D4-820AAB020941}.Release|iPhoneSimulator.ActiveCfg = Release|Any CPU
		{E7DE256A-267F-4D11-84D4-820AAB020941}.Release|iPhoneSimulator.Build.0 = Release|Any CPU
		{E7DE256A-267F-4D11-84D4-820AAB020941}.Release|x64.ActiveCfg = Release|Any CPU
		{E7DE256A-267F-4D11-84D4-820AAB020941}.Release|x64.Build.0 = Release|Any CPU
		{E7DE256A-267F-4D11-84D4-820AAB020941}.Release|x86.ActiveCfg = Release|Any CPU
		{E7DE256A-267F-4D11-84D4-820AAB020941}.Release|x86.Build.0 = Release|Any CPU
		{4D073C1D-C46C-4B18-92CC-D3729E11DC88}.Ad-Hoc|Any CPU.ActiveCfg = Release|Any CPU
		{4D073C1D-C46C-4B18-92CC-D3729E11DC88}.Ad-Hoc|Any CPU.Build.0 = Release|Any CPU
		{4D073C1D-C46C-4B18-92CC-D3729E11DC88}.Ad-Hoc|ARM.ActiveCfg = Release|Any CPU
		{4D073C1D-C46C-4B18-92CC-D3729E11DC88}.Ad-Hoc|ARM.Build.0 = Release|Any CPU
		{4D073C1D-C46C-4B18-92CC-D3729E11DC88}.Ad-Hoc|iPhone.ActiveCfg = Release|Any CPU
		{4D073C1D-C46C-4B18-92CC-D3729E11DC88}.Ad-Hoc|iPhone.Build.0 = Release|Any CPU
		{4D073C1D-C46C-4B18-92CC-D3729E11DC88}.Ad-Hoc|iPhoneSimulator.ActiveCfg = Release|Any CPU
		{4D073C1D-C46C-4B18-92CC-D3729E11DC88}.Ad-Hoc|iPhoneSimulator.Build.0 = Release|Any CPU
		{4D073C1D-C46C-4B18-92CC-D3729E11DC88}.Ad-Hoc|x64.ActiveCfg = Release|Any CPU
		{4D073C1D-C46C-4B18-92CC-D3729E11DC88}.Ad-Hoc|x64.Build.0 = Release|Any CPU
		{4D073C1D-C46C-4B18-92CC-D3729E11DC88}.Ad-Hoc|x86.ActiveCfg = Release|Any CPU
		{4D073C1D-C46C-4B18-92CC-D3729E11DC88}.Ad-Hoc|x86.Build.0 = Release|Any CPU
		{4D073C1D-C46C-4B18-92CC-D3729E11DC88}.AppStore|Any CPU.ActiveCfg = Release|Any CPU
		{4D073C1D-C46C-4B18-92CC-D3729E11DC88}.AppStore|Any CPU.Build.0 = Release|Any CPU
		{4D073C1D-C46C-4B18-92CC-D3729E11DC88}.AppStore|ARM.ActiveCfg = Release|Any CPU
		{4D073C1D-C46C-4B18-92CC-D3729E11DC88}.AppStore|ARM.Build.0 = Release|Any CPU
		{4D073C1D-C46C-4B18-92CC-D3729E11DC88}.AppStore|iPhone.ActiveCfg = Release|Any CPU
		{4D073C1D-C46C-4B18-92CC-D3729E11DC88}.AppStore|iPhone.Build.0 = Release|Any CPU
		{4D073C1D-C46C-4B18-92CC-D3729E11DC88}.AppStore|iPhoneSimulator.ActiveCfg = Release|Any CPU
		{4D073C1D-C46C-4B18-92CC-D3729E11DC88}.AppStore|iPhoneSimulator.Build.0 = Release|Any CPU
		{4D073C1D-C46C-4B18-92CC-D3729E11DC88}.AppStore|x64.ActiveCfg = Release|Any CPU
		{4D073C1D-C46C-4B18-92CC-D3729E11DC88}.AppStore|x64.Build.0 = Release|Any CPU
		{4D073C1D-C46C-4B18-92CC-D3729E11DC88}.AppStore|x86.ActiveCfg = Release|Any CPU
		{4D073C1D-C46C-4B18-92CC-D3729E11DC88}.AppStore|x86.Build.0 = Release|Any CPU
		{4D073C1D-C46C-4B18-92CC-D3729E11DC88}.Debug|Any CPU.ActiveCfg = Debug|Any CPU
		{4D073C1D-C46C-4B18-92CC-D3729E11DC88}.Debug|Any CPU.Build.0 = Debug|Any CPU
		{4D073C1D-C46C-4B18-92CC-D3729E11DC88}.Debug|ARM.ActiveCfg = Debug|Any CPU
		{4D073C1D-C46C-4B18-92CC-D3729E11DC88}.Debug|ARM.Build.0 = Debug|Any CPU
		{4D073C1D-C46C-4B18-92CC-D3729E11DC88}.Debug|iPhone.ActiveCfg = Debug|Any CPU
		{4D073C1D-C46C-4B18-92CC-D3729E11DC88}.Debug|iPhone.Build.0 = Debug|Any CPU
		{4D073C1D-C46C-4B18-92CC-D3729E11DC88}.Debug|iPhoneSimulator.ActiveCfg = Debug|Any CPU
		{4D073C1D-C46C-4B18-92CC-D3729E11DC88}.Debug|iPhoneSimulator.Build.0 = Debug|Any CPU
		{4D073C1D-C46C-4B18-92CC-D3729E11DC88}.Debug|x64.ActiveCfg = Debug|Any CPU
		{4D073C1D-C46C-4B18-92CC-D3729E11DC88}.Debug|x64.Build.0 = Debug|Any CPU
		{4D073C1D-C46C-4B18-92CC-D3729E11DC88}.Debug|x86.ActiveCfg = Debug|Any CPU
		{4D073C1D-C46C-4B18-92CC-D3729E11DC88}.Debug|x86.Build.0 = Debug|Any CPU
		{4D073C1D-C46C-4B18-92CC-D3729E11DC88}.Release|Any CPU.ActiveCfg = Release|Any CPU
		{4D073C1D-C46C-4B18-92CC-D3729E11DC88}.Release|Any CPU.Build.0 = Release|Any CPU
		{4D073C1D-C46C-4B18-92CC-D3729E11DC88}.Release|ARM.ActiveCfg = Release|Any CPU
		{4D073C1D-C46C-4B18-92CC-D3729E11DC88}.Release|ARM.Build.0 = Release|Any CPU
		{4D073C1D-C46C-4B18-92CC-D3729E11DC88}.Release|iPhone.ActiveCfg = Release|Any CPU
		{4D073C1D-C46C-4B18-92CC-D3729E11DC88}.Release|iPhone.Build.0 = Release|Any CPU
		{4D073C1D-C46C-4B18-92CC-D3729E11DC88}.Release|iPhoneSimulator.ActiveCfg = Release|Any CPU
		{4D073C1D-C46C-4B18-92CC-D3729E11DC88}.Release|iPhoneSimulator.Build.0 = Release|Any CPU
		{4D073C1D-C46C-4B18-92CC-D3729E11DC88}.Release|x64.ActiveCfg = Release|Any CPU
		{4D073C1D-C46C-4B18-92CC-D3729E11DC88}.Release|x64.Build.0 = Release|Any CPU
		{4D073C1D-C46C-4B18-92CC-D3729E11DC88}.Release|x86.ActiveCfg = Release|Any CPU
		{4D073C1D-C46C-4B18-92CC-D3729E11DC88}.Release|x86.Build.0 = Release|Any CPU
	EndGlobalSection
	GlobalSection(SolutionProperties) = preSolution
		HideSolutionNode = FALSE
	EndGlobalSection
	GlobalSection(NestedProjects) = preSolution
		{ED9A4CA1-C04C-457D-9A2E-7995CCF12356} = {934B405D-E514-43D2-A304-46C120B8F3FA}
		{7169373F-0B82-4E5D-9129-7CC3065B90FA} = {934B405D-E514-43D2-A304-46C120B8F3FA}
		{F1FBD5F6-E337-4254-B116-2BB99F83970C} = {934B405D-E514-43D2-A304-46C120B8F3FA}
		{CD8506E7-6212-477C-89AB-8AE2EEEA1776} = {D9E5CE7D-E1AD-4AB6-B7FA-7F3DD5609F32}
		{8CD70EE2-EC8B-4F0B-B243-7FD7650BEA8B} = {D9E5CE7D-E1AD-4AB6-B7FA-7F3DD5609F32}
		{C9D523AB-E09E-4F6E-86E0-D25BED8E3787} = {D9E5CE7D-E1AD-4AB6-B7FA-7F3DD5609F32}
		{2AEEE53D-679A-45D6-BE6E-FB27DAD8459F} = {D9E5CE7D-E1AD-4AB6-B7FA-7F3DD5609F32}
		{3F32FDB9-84F8-4BAC-B5D4-B33ECFD9AEEE} = {D9E5CE7D-E1AD-4AB6-B7FA-7F3DD5609F32}
		{D487198C-6E37-43E2-8943-C85708579D8E} = {D9E5CE7D-E1AD-4AB6-B7FA-7F3DD5609F32}
		{A3AA3A5B-E084-4856-80C7-9F7A0AD27FE2} = {D487198C-6E37-43E2-8943-C85708579D8E}
		{25A03D8F-2995-4EF6-B12F-08AAE7C381ED} = {D487198C-6E37-43E2-8943-C85708579D8E}
		{25797D3D-D966-4586-81BD-02AD62E64D25} = {D487198C-6E37-43E2-8943-C85708579D8E}
		{E7DE256A-267F-4D11-84D4-820AAB020941} = {D9E5CE7D-E1AD-4AB6-B7FA-7F3DD5609F32}
	EndGlobalSection
EndGlobal
