
Microsoft Visual Studio Solution File, Format Version 12.00
# Visual Studio 14
VisualStudioVersion = 14.0.24720.0
MinimumVisualStudioVersion = 10.0.40219.1
Project("{FAE04EC0-301F-11D3-BF4B-00C04F79EFBC}") = "AptkAms.Sample.Core", "AptkAms.Sample.Core\AptkAms.Sample.Core.csproj", "{E6A4A0F3-0591-441B-98F8-65EB42BCB114}"
EndProject
Project("{FAE04EC0-301F-11D3-BF4B-00C04F79EFBC}") = "AptkAms.Sample.iOS", "AptkAms.Sample.iOS\AptkAms.Sample.iOS.csproj", "{5DF3282E-028D-4B53-90F3-1F887BB564B6}"
EndProject
Project("{FAE04EC0-301F-11D3-BF4B-00C04F79EFBC}") = "AptkAms.Sample.WinPhone", "AptkAms.Sample.WinPhone\AptkAms.Sample.WinPhone.csproj", "{1B8DD915-E333-4AD9-921F-12CAA16C940B}"
EndProject
Project("{2150E333-8FDC-42A3-9474-1A3956D46DE8}") = "AptkAms.Sample.WinRT", "AptkAms.Sample.WinRT", "{2E5374D2-3299-47D2-8A46-EE7A051FFEDB}"
EndProject
Project("{D954291E-2A0B-460D-934E-DC6B0785DB48}") = "AptkAms.Sample.WinRT.Shared", "AptkAms.Sample.WinRT\AptkAms.Sample.WinRT.Shared\AptkAms.Sample.WinRT.Shared.shproj", "{B535A7A2-98BF-42F0-98AB-7701DE58C2F7}"
EndProject
Project("{FAE04EC0-301F-11D3-BF4B-00C04F79EFBC}") = "AptkAms.Sample.WinRT.Windows", "AptkAms.Sample.WinRT\AptkAms.Sample.WinRT.Windows\AptkAms.Sample.WinRT.Windows.csproj", "{A76364BC-81E6-4731-9717-D2484C9DCEEC}"
EndProject
Project("{FAE04EC0-301F-11D3-BF4B-00C04F79EFBC}") = "AptkAms.Sample.WinRT.WindowsPhone", "AptkAms.Sample.WinRT\AptkAms.Sample.WinRT.WindowsPhone\AptkAms.Sample.WinRT.WindowsPhone.csproj", "{70C4A28C-A8D4-43C4-871F-9161DFB1B93E}"
EndProject
Project("{FAE04EC0-301F-11D3-BF4B-00C04F79EFBC}") = "AptkAms.Sample.Uwp", "AptkAms.Sample.Uwp\AptkAms.Sample.Uwp.csproj", "{44A71F1E-2133-411E-8585-BDCEC3028C17}"
EndProject
Project("{FAE04EC0-301F-11D3-BF4B-00C04F79EFBC}") = "AptkAms.Sample.Droid", "AptkAms.Sample.Droid\AptkAms.Sample.Droid.csproj", "{572E80C8-C140-41C9-AA04-0CAED79F767C}"
EndProject
Project("{FAE04EC0-301F-11D3-BF4B-00C04F79EFBC}") = "AptkAms.Sample.Backend", "AptkAms.Sample.Backend\AptkAms.Sample.Backend.csproj", "{E7DE256A-267F-4D11-84D4-820AAB020941}"
EndProject
Global
	GlobalSection(SharedMSBuildProjectFiles) = preSolution
		AptkAms.Sample.WinRT\AptkAms.Sample.WinRT.Shared\AptkAms.Sample.WinRT.Shared.projitems*{a76364bc-81e6-4731-9717-d2484c9dceec}*SharedItemsImports = 4
		AptkAms.Sample.WinRT\AptkAms.Sample.WinRT.Shared\AptkAms.Sample.WinRT.Shared.projitems*{70c4a28c-a8d4-43c4-871f-9161dfb1b93e}*SharedItemsImports = 4
		AptkAms.Sample.WinRT\AptkAms.Sample.WinRT.Shared\AptkAms.Sample.WinRT.Shared.projitems*{b535a7a2-98bf-42f0-98ab-7701de58c2f7}*SharedItemsImports = 13
	EndGlobalSection
	GlobalSection(SolutionConfigurationPlatforms) = preSolution
		Ad-Hoc|Any CPU = Ad-Hoc|Any CPU
		Ad-Hoc|ARM = Ad-Hoc|ARM
		Ad-Hoc|iPhone = Ad-Hoc|iPhone
		Ad-Hoc|iPhoneSimulator = Ad-Hoc|iPhoneSimulator
		Ad-Hoc|x64 = Ad-Hoc|x64
		Ad-Hoc|x86 = Ad-Hoc|x86
		AppStore|Any CPU = AppStore|Any CPU
		AppStore|ARM = AppStore|ARM
		AppStore|iPhone = AppStore|iPhone
		AppStore|iPhoneSimulator = AppStore|iPhoneSimulator
		AppStore|x64 = AppStore|x64
		AppStore|x86 = AppStore|x86
		Debug|Any CPU = Debug|Any CPU
		Debug|ARM = Debug|ARM
		Debug|iPhone = Debug|iPhone
		Debug|iPhoneSimulator = Debug|iPhoneSimulator
		Debug|x64 = Debug|x64
		Debug|x86 = Debug|x86
		Release|Any CPU = Release|Any CPU
		Release|ARM = Release|ARM
		Release|iPhone = Release|iPhone
		Release|iPhoneSimulator = Release|iPhoneSimulator
		Release|x64 = Release|x64
		Release|x86 = Release|x86
	EndGlobalSection
	GlobalSection(ProjectConfigurationPlatforms) = postSolution
		{E6A4A0F3-0591-441B-98F8-65EB42BCB114}.Ad-Hoc|Any CPU.ActiveCfg = Release|Any CPU
		{E6A4A0F3-0591-441B-98F8-65EB42BCB114}.Ad-Hoc|Any CPU.Build.0 = Release|Any CPU
		{E6A4A0F3-0591-441B-98F8-65EB42BCB114}.Ad-Hoc|ARM.ActiveCfg = Debug|Any CPU
		{E6A4A0F3-0591-441B-98F8-65EB42BCB114}.Ad-Hoc|ARM.Build.0 = Debug|Any CPU
		{E6A4A0F3-0591-441B-98F8-65EB42BCB114}.Ad-Hoc|iPhone.ActiveCfg = Release|Any CPU
		{E6A4A0F3-0591-441B-98F8-65EB42BCB114}.Ad-Hoc|iPhone.Build.0 = Release|Any CPU
		{E6A4A0F3-0591-441B-98F8-65EB42BCB114}.Ad-Hoc|iPhoneSimulator.ActiveCfg = Release|Any CPU
		{E6A4A0F3-0591-441B-98F8-65EB42BCB114}.Ad-Hoc|iPhoneSimulator.Build.0 = Release|Any CPU
		{E6A4A0F3-0591-441B-98F8-65EB42BCB114}.Ad-Hoc|x64.ActiveCfg = Debug|Any CPU
		{E6A4A0F3-0591-441B-98F8-65EB42BCB114}.Ad-Hoc|x64.Build.0 = Debug|Any CPU
		{E6A4A0F3-0591-441B-98F8-65EB42BCB114}.Ad-Hoc|x86.ActiveCfg = Debug|Any CPU
		{E6A4A0F3-0591-441B-98F8-65EB42BCB114}.Ad-Hoc|x86.Build.0 = Debug|Any CPU
		{E6A4A0F3-0591-441B-98F8-65EB42BCB114}.AppStore|Any CPU.ActiveCfg = Release|Any CPU
		{E6A4A0F3-0591-441B-98F8-65EB42BCB114}.AppStore|Any CPU.Build.0 = Release|Any CPU
		{E6A4A0F3-0591-441B-98F8-65EB42BCB114}.AppStore|ARM.ActiveCfg = Debug|Any CPU
		{E6A4A0F3-0591-441B-98F8-65EB42BCB114}.AppStore|ARM.Build.0 = Debug|Any CPU
		{E6A4A0F3-0591-441B-98F8-65EB42BCB114}.AppStore|iPhone.ActiveCfg = Release|Any CPU
		{E6A4A0F3-0591-441B-98F8-65EB42BCB114}.AppStore|iPhone.Build.0 = Release|Any CPU
		{E6A4A0F3-0591-441B-98F8-65EB42BCB114}.AppStore|iPhoneSimulator.ActiveCfg = Release|Any CPU
		{E6A4A0F3-0591-441B-98F8-65EB42BCB114}.AppStore|iPhoneSimulator.Build.0 = Release|Any CPU
		{E6A4A0F3-0591-441B-98F8-65EB42BCB114}.AppStore|x64.ActiveCfg = Debug|Any CPU
		{E6A4A0F3-0591-441B-98F8-65EB42BCB114}.AppStore|x64.Build.0 = Debug|Any CPU
		{E6A4A0F3-0591-441B-98F8-65EB42BCB114}.AppStore|x86.ActiveCfg = Debug|Any CPU
		{E6A4A0F3-0591-441B-98F8-65EB42BCB114}.AppStore|x86.Build.0 = Debug|Any CPU
		{E6A4A0F3-0591-441B-98F8-65EB42BCB114}.Debug|Any CPU.ActiveCfg = Debug|Any CPU
		{E6A4A0F3-0591-441B-98F8-65EB42BCB114}.Debug|Any CPU.Build.0 = Debug|Any CPU
		{E6A4A0F3-0591-441B-98F8-65EB42BCB114}.Debug|ARM.ActiveCfg = Debug|Any CPU
		{E6A4A0F3-0591-441B-98F8-65EB42BCB114}.Debug|ARM.Build.0 = Debug|Any CPU
		{E6A4A0F3-0591-441B-98F8-65EB42BCB114}.Debug|iPhone.ActiveCfg = Debug|Any CPU
		{E6A4A0F3-0591-441B-98F8-65EB42BCB114}.Debug|iPhone.Build.0 = Debug|Any CPU
		{E6A4A0F3-0591-441B-98F8-65EB42BCB114}.Debug|iPhoneSimulator.ActiveCfg = Debug|Any CPU
		{E6A4A0F3-0591-441B-98F8-65EB42BCB114}.Debug|iPhoneSimulator.Build.0 = Debug|Any CPU
		{E6A4A0F3-0591-441B-98F8-65EB42BCB114}.Debug|x64.ActiveCfg = Debug|Any CPU
		{E6A4A0F3-0591-441B-98F8-65EB42BCB114}.Debug|x64.Build.0 = Debug|Any CPU
		{E6A4A0F3-0591-441B-98F8-65EB42BCB114}.Debug|x86.ActiveCfg = Debug|Any CPU
		{E6A4A0F3-0591-441B-98F8-65EB42BCB114}.Debug|x86.Build.0 = Debug|Any CPU
		{E6A4A0F3-0591-441B-98F8-65EB42BCB114}.Release|Any CPU.ActiveCfg = Release|Any CPU
		{E6A4A0F3-0591-441B-98F8-65EB42BCB114}.Release|Any CPU.Build.0 = Release|Any CPU
		{E6A4A0F3-0591-441B-98F8-65EB42BCB114}.Release|ARM.ActiveCfg = Release|Any CPU
		{E6A4A0F3-0591-441B-98F8-65EB42BCB114}.Release|ARM.Build.0 = Release|Any CPU
		{E6A4A0F3-0591-441B-98F8-65EB42BCB114}.Release|iPhone.ActiveCfg = Release|Any CPU
		{E6A4A0F3-0591-441B-98F8-65EB42BCB114}.Release|iPhone.Build.0 = Release|Any CPU
		{E6A4A0F3-0591-441B-98F8-65EB42BCB114}.Release|iPhoneSimulator.ActiveCfg = Release|Any CPU
		{E6A4A0F3-0591-441B-98F8-65EB42BCB114}.Release|iPhoneSimulator.Build.0 = Release|Any CPU
		{E6A4A0F3-0591-441B-98F8-65EB42BCB114}.Release|x64.ActiveCfg = Release|Any CPU
		{E6A4A0F3-0591-441B-98F8-65EB42BCB114}.Release|x64.Build.0 = Release|Any CPU
		{E6A4A0F3-0591-441B-98F8-65EB42BCB114}.Release|x86.ActiveCfg = Release|Any CPU
		{E6A4A0F3-0591-441B-98F8-65EB42BCB114}.Release|x86.Build.0 = Release|Any CPU
		{5DF3282E-028D-4B53-90F3-1F887BB564B6}.Ad-Hoc|Any CPU.ActiveCfg = Ad-Hoc|iPhone
		{5DF3282E-028D-4B53-90F3-1F887BB564B6}.Ad-Hoc|ARM.ActiveCfg = Ad-Hoc|iPhoneSimulator
		{5DF3282E-028D-4B53-90F3-1F887BB564B6}.Ad-Hoc|iPhone.ActiveCfg = Ad-Hoc|iPhone
		{5DF3282E-028D-4B53-90F3-1F887BB564B6}.Ad-Hoc|iPhone.Build.0 = Ad-Hoc|iPhone
		{5DF3282E-028D-4B53-90F3-1F887BB564B6}.Ad-Hoc|iPhoneSimulator.ActiveCfg = Ad-Hoc|iPhoneSimulator
		{5DF3282E-028D-4B53-90F3-1F887BB564B6}.Ad-Hoc|iPhoneSimulator.Build.0 = Ad-Hoc|iPhoneSimulator
		{5DF3282E-028D-4B53-90F3-1F887BB564B6}.Ad-Hoc|x64.ActiveCfg = Ad-Hoc|iPhoneSimulator
		{5DF3282E-028D-4B53-90F3-1F887BB564B6}.Ad-Hoc|x86.ActiveCfg = Ad-Hoc|iPhoneSimulator
		{5DF3282E-028D-4B53-90F3-1F887BB564B6}.AppStore|Any CPU.ActiveCfg = AppStore|iPhone
		{5DF3282E-028D-4B53-90F3-1F887BB564B6}.AppStore|ARM.ActiveCfg = AppStore|iPhoneSimulator
		{5DF3282E-028D-4B53-90F3-1F887BB564B6}.AppStore|iPhone.ActiveCfg = AppStore|iPhone
		{5DF3282E-028D-4B53-90F3-1F887BB564B6}.AppStore|iPhone.Build.0 = AppStore|iPhone
		{5DF3282E-028D-4B53-90F3-1F887BB564B6}.AppStore|iPhoneSimulator.ActiveCfg = AppStore|iPhoneSimulator
		{5DF3282E-028D-4B53-90F3-1F887BB564B6}.AppStore|iPhoneSimulator.Build.0 = AppStore|iPhoneSimulator
		{5DF3282E-028D-4B53-90F3-1F887BB564B6}.AppStore|x64.ActiveCfg = AppStore|iPhoneSimulator
		{5DF3282E-028D-4B53-90F3-1F887BB564B6}.AppStore|x86.ActiveCfg = AppStore|iPhoneSimulator
		{5DF3282E-028D-4B53-90F3-1F887BB564B6}.Debug|Any CPU.ActiveCfg = Debug|iPhone
		{5DF3282E-028D-4B53-90F3-1F887BB564B6}.Debug|ARM.ActiveCfg = Debug|iPhoneSimulator
		{5DF3282E-028D-4B53-90F3-1F887BB564B6}.Debug|iPhone.ActiveCfg = Debug|iPhone
		{5DF3282E-028D-4B53-90F3-1F887BB564B6}.Debug|iPhone.Build.0 = Debug|iPhone
		{5DF3282E-028D-4B53-90F3-1F887BB564B6}.Debug|iPhoneSimulator.ActiveCfg = Debug|iPhoneSimulator
		{5DF3282E-028D-4B53-90F3-1F887BB564B6}.Debug|iPhoneSimulator.Build.0 = Debug|iPhoneSimulator
		{5DF3282E-028D-4B53-90F3-1F887BB564B6}.Debug|x64.ActiveCfg = Debug|iPhoneSimulator
		{5DF3282E-028D-4B53-90F3-1F887BB564B6}.Debug|x86.ActiveCfg = Debug|iPhoneSimulator
		{5DF3282E-028D-4B53-90F3-1F887BB564B6}.Release|Any CPU.ActiveCfg = Release|iPhone
		{5DF3282E-028D-4B53-90F3-1F887BB564B6}.Release|ARM.ActiveCfg = Release|iPhoneSimulator
		{5DF3282E-028D-4B53-90F3-1F887BB564B6}.Release|iPhone.ActiveCfg = Release|iPhone
		{5DF3282E-028D-4B53-90F3-1F887BB564B6}.Release|iPhone.Build.0 = Release|iPhone
		{5DF3282E-028D-4B53-90F3-1F887BB564B6}.Release|iPhoneSimulator.ActiveCfg = Release|iPhoneSimulator
		{5DF3282E-028D-4B53-90F3-1F887BB564B6}.Release|iPhoneSimulator.Build.0 = Release|iPhoneSimulator
		{5DF3282E-028D-4B53-90F3-1F887BB564B6}.Release|x64.ActiveCfg = Release|iPhoneSimulator
		{5DF3282E-028D-4B53-90F3-1F887BB564B6}.Release|x86.ActiveCfg = Release|iPhoneSimulator
		{1B8DD915-E333-4AD9-921F-12CAA16C940B}.Ad-Hoc|Any CPU.ActiveCfg = Release|Any CPU
		{1B8DD915-E333-4AD9-921F-12CAA16C940B}.Ad-Hoc|Any CPU.Build.0 = Release|Any CPU
		{1B8DD915-E333-4AD9-921F-12CAA16C940B}.Ad-Hoc|Any CPU.Deploy.0 = Release|Any CPU
		{1B8DD915-E333-4AD9-921F-12CAA16C940B}.Ad-Hoc|ARM.ActiveCfg = Release|ARM
		{1B8DD915-E333-4AD9-921F-12CAA16C940B}.Ad-Hoc|ARM.Build.0 = Release|ARM
		{1B8DD915-E333-4AD9-921F-12CAA16C940B}.Ad-Hoc|ARM.Deploy.0 = Release|ARM
		{1B8DD915-E333-4AD9-921F-12CAA16C940B}.Ad-Hoc|iPhone.ActiveCfg = Release|Any CPU
		{1B8DD915-E333-4AD9-921F-12CAA16C940B}.Ad-Hoc|iPhone.Build.0 = Release|Any CPU
		{1B8DD915-E333-4AD9-921F-12CAA16C940B}.Ad-Hoc|iPhone.Deploy.0 = Release|Any CPU
		{1B8DD915-E333-4AD9-921F-12CAA16C940B}.Ad-Hoc|iPhoneSimulator.ActiveCfg = Release|Any CPU
		{1B8DD915-E333-4AD9-921F-12CAA16C940B}.Ad-Hoc|iPhoneSimulator.Build.0 = Release|Any CPU
		{1B8DD915-E333-4AD9-921F-12CAA16C940B}.Ad-Hoc|iPhoneSimulator.Deploy.0 = Release|Any CPU
		{1B8DD915-E333-4AD9-921F-12CAA16C940B}.Ad-Hoc|x64.ActiveCfg = Debug|Any CPU
		{1B8DD915-E333-4AD9-921F-12CAA16C940B}.Ad-Hoc|x64.Build.0 = Debug|Any CPU
		{1B8DD915-E333-4AD9-921F-12CAA16C940B}.Ad-Hoc|x64.Deploy.0 = Debug|Any CPU
		{1B8DD915-E333-4AD9-921F-12CAA16C940B}.Ad-Hoc|x86.ActiveCfg = Release|x86
		{1B8DD915-E333-4AD9-921F-12CAA16C940B}.Ad-Hoc|x86.Build.0 = Release|x86
		{1B8DD915-E333-4AD9-921F-12CAA16C940B}.Ad-Hoc|x86.Deploy.0 = Release|x86
		{1B8DD915-E333-4AD9-921F-12CAA16C940B}.AppStore|Any CPU.ActiveCfg = Release|Any CPU
		{1B8DD915-E333-4AD9-921F-12CAA16C940B}.AppStore|Any CPU.Build.0 = Release|Any CPU
		{1B8DD915-E333-4AD9-921F-12CAA16C940B}.AppStore|Any CPU.Deploy.0 = Release|Any CPU
		{1B8DD915-E333-4AD9-921F-12CAA16C940B}.AppStore|ARM.ActiveCfg = Release|ARM
		{1B8DD915-E333-4AD9-921F-12CAA16C940B}.AppStore|ARM.Build.0 = Release|ARM
		{1B8DD915-E333-4AD9-921F-12CAA16C940B}.AppStore|ARM.Deploy.0 = Release|ARM
		{1B8DD915-E333-4AD9-921F-12CAA16C940B}.AppStore|iPhone.ActiveCfg = Release|Any CPU
		{1B8DD915-E333-4AD9-921F-12CAA16C940B}.AppStore|iPhone.Build.0 = Release|Any CPU
		{1B8DD915-E333-4AD9-921F-12CAA16C940B}.AppStore|iPhone.Deploy.0 = Release|Any CPU
		{1B8DD915-E333-4AD9-921F-12CAA16C940B}.AppStore|iPhoneSimulator.ActiveCfg = Release|Any CPU
		{1B8DD915-E333-4AD9-921F-12CAA16C940B}.AppStore|iPhoneSimulator.Build.0 = Release|Any CPU
		{1B8DD915-E333-4AD9-921F-12CAA16C940B}.AppStore|iPhoneSimulator.Deploy.0 = Release|Any CPU
		{1B8DD915-E333-4AD9-921F-12CAA16C940B}.AppStore|x64.ActiveCfg = Debug|Any CPU
		{1B8DD915-E333-4AD9-921F-12CAA16C940B}.AppStore|x64.Build.0 = Debug|Any CPU
		{1B8DD915-E333-4AD9-921F-12CAA16C940B}.AppStore|x64.Deploy.0 = Debug|Any CPU
		{1B8DD915-E333-4AD9-921F-12CAA16C940B}.AppStore|x86.ActiveCfg = Release|x86
		{1B8DD915-E333-4AD9-921F-12CAA16C940B}.AppStore|x86.Build.0 = Release|x86
		{1B8DD915-E333-4AD9-921F-12CAA16C940B}.AppStore|x86.Deploy.0 = Release|x86
		{1B8DD915-E333-4AD9-921F-12CAA16C940B}.Debug|Any CPU.ActiveCfg = Debug|Any CPU
		{1B8DD915-E333-4AD9-921F-12CAA16C940B}.Debug|Any CPU.Build.0 = Debug|Any CPU
		{1B8DD915-E333-4AD9-921F-12CAA16C940B}.Debug|Any CPU.Deploy.0 = Debug|Any CPU
		{1B8DD915-E333-4AD9-921F-12CAA16C940B}.Debug|ARM.ActiveCfg = Debug|ARM
		{1B8DD915-E333-4AD9-921F-12CAA16C940B}.Debug|ARM.Build.0 = Debug|ARM
		{1B8DD915-E333-4AD9-921F-12CAA16C940B}.Debug|ARM.Deploy.0 = Debug|ARM
		{1B8DD915-E333-4AD9-921F-12CAA16C940B}.Debug|iPhone.ActiveCfg = Debug|Any CPU
		{1B8DD915-E333-4AD9-921F-12CAA16C940B}.Debug|iPhone.Build.0 = Debug|Any CPU
		{1B8DD915-E333-4AD9-921F-12CAA16C940B}.Debug|iPhone.Deploy.0 = Debug|Any CPU
		{1B8DD915-E333-4AD9-921F-12CAA16C940B}.Debug|iPhoneSimulator.ActiveCfg = Debug|Any CPU
		{1B8DD915-E333-4AD9-921F-12CAA16C940B}.Debug|iPhoneSimulator.Build.0 = Debug|Any CPU
		{1B8DD915-E333-4AD9-921F-12CAA16C940B}.Debug|iPhoneSimulator.Deploy.0 = Debug|Any CPU
		{1B8DD915-E333-4AD9-921F-12CAA16C940B}.Debug|x64.ActiveCfg = Debug|Any CPU
		{1B8DD915-E333-4AD9-921F-12CAA16C940B}.Debug|x64.Build.0 = Debug|Any CPU
		{1B8DD915-E333-4AD9-921F-12CAA16C940B}.Debug|x64.Deploy.0 = Debug|Any CPU
		{1B8DD915-E333-4AD9-921F-12CAA16C940B}.Debug|x86.ActiveCfg = Debug|x86
		{1B8DD915-E333-4AD9-921F-12CAA16C940B}.Debug|x86.Build.0 = Debug|x86
		{1B8DD915-E333-4AD9-921F-12CAA16C940B}.Debug|x86.Deploy.0 = Debug|x86
		{1B8DD915-E333-4AD9-921F-12CAA16C940B}.Release|Any CPU.ActiveCfg = Release|Any CPU
		{1B8DD915-E333-4AD9-921F-12CAA16C940B}.Release|Any CPU.Build.0 = Release|Any CPU
		{1B8DD915-E333-4AD9-921F-12CAA16C940B}.Release|Any CPU.Deploy.0 = Release|Any CPU
		{1B8DD915-E333-4AD9-921F-12CAA16C940B}.Release|ARM.ActiveCfg = Release|ARM
		{1B8DD915-E333-4AD9-921F-12CAA16C940B}.Release|ARM.Build.0 = Release|ARM
		{1B8DD915-E333-4AD9-921F-12CAA16C940B}.Release|ARM.Deploy.0 = Release|ARM
		{1B8DD915-E333-4AD9-921F-12CAA16C940B}.Release|iPhone.ActiveCfg = Release|Any CPU
		{1B8DD915-E333-4AD9-921F-12CAA16C940B}.Release|iPhone.Build.0 = Release|Any CPU
		{1B8DD915-E333-4AD9-921F-12CAA16C940B}.Release|iPhone.Deploy.0 = Release|Any CPU
		{1B8DD915-E333-4AD9-921F-12CAA16C940B}.Release|iPhoneSimulator.ActiveCfg = Release|Any CPU
		{1B8DD915-E333-4AD9-921F-12CAA16C940B}.Release|iPhoneSimulator.Build.0 = Release|Any CPU
		{1B8DD915-E333-4AD9-921F-12CAA16C940B}.Release|iPhoneSimulator.Deploy.0 = Release|Any CPU
		{1B8DD915-E333-4AD9-921F-12CAA16C940B}.Release|x64.ActiveCfg = Release|Any CPU
		{1B8DD915-E333-4AD9-921F-12CAA16C940B}.Release|x64.Build.0 = Release|Any CPU
		{1B8DD915-E333-4AD9-921F-12CAA16C940B}.Release|x64.Deploy.0 = Release|Any CPU
		{1B8DD915-E333-4AD9-921F-12CAA16C940B}.Release|x86.ActiveCfg = Release|x86
		{1B8DD915-E333-4AD9-921F-12CAA16C940B}.Release|x86.Build.0 = Release|x86
		{1B8DD915-E333-4AD9-921F-12CAA16C940B}.Release|x86.Deploy.0 = Release|x86
		{A76364BC-81E6-4731-9717-D2484C9DCEEC}.Ad-Hoc|Any CPU.ActiveCfg = Release|Any CPU
		{A76364BC-81E6-4731-9717-D2484C9DCEEC}.Ad-Hoc|Any CPU.Build.0 = Release|Any CPU
		{A76364BC-81E6-4731-9717-D2484C9DCEEC}.Ad-Hoc|Any CPU.Deploy.0 = Release|Any CPU
		{A76364BC-81E6-4731-9717-D2484C9DCEEC}.Ad-Hoc|ARM.ActiveCfg = Release|ARM
		{A76364BC-81E6-4731-9717-D2484C9DCEEC}.Ad-Hoc|ARM.Build.0 = Release|ARM
		{A76364BC-81E6-4731-9717-D2484C9DCEEC}.Ad-Hoc|ARM.Deploy.0 = Release|ARM
		{A76364BC-81E6-4731-9717-D2484C9DCEEC}.Ad-Hoc|iPhone.ActiveCfg = Release|Any CPU
		{A76364BC-81E6-4731-9717-D2484C9DCEEC}.Ad-Hoc|iPhone.Build.0 = Release|Any CPU
		{A76364BC-81E6-4731-9717-D2484C9DCEEC}.Ad-Hoc|iPhone.Deploy.0 = Release|Any CPU
		{A76364BC-81E6-4731-9717-D2484C9DCEEC}.Ad-Hoc|iPhoneSimulator.ActiveCfg = Release|Any CPU
		{A76364BC-81E6-4731-9717-D2484C9DCEEC}.Ad-Hoc|iPhoneSimulator.Build.0 = Release|Any CPU
		{A76364BC-81E6-4731-9717-D2484C9DCEEC}.Ad-Hoc|iPhoneSimulator.Deploy.0 = Release|Any CPU
		{A76364BC-81E6-4731-9717-D2484C9DCEEC}.Ad-Hoc|x64.ActiveCfg = Release|x64
		{A76364BC-81E6-4731-9717-D2484C9DCEEC}.Ad-Hoc|x64.Build.0 = Release|x64
		{A76364BC-81E6-4731-9717-D2484C9DCEEC}.Ad-Hoc|x64.Deploy.0 = Release|x64
		{A76364BC-81E6-4731-9717-D2484C9DCEEC}.Ad-Hoc|x86.ActiveCfg = Release|x86
		{A76364BC-81E6-4731-9717-D2484C9DCEEC}.Ad-Hoc|x86.Build.0 = Release|x86
		{A76364BC-81E6-4731-9717-D2484C9DCEEC}.Ad-Hoc|x86.Deploy.0 = Release|x86
		{A76364BC-81E6-4731-9717-D2484C9DCEEC}.AppStore|Any CPU.ActiveCfg = Release|Any CPU
		{A76364BC-81E6-4731-9717-D2484C9DCEEC}.AppStore|Any CPU.Build.0 = Release|Any CPU
		{A76364BC-81E6-4731-9717-D2484C9DCEEC}.AppStore|Any CPU.Deploy.0 = Release|Any CPU
		{A76364BC-81E6-4731-9717-D2484C9DCEEC}.AppStore|ARM.ActiveCfg = Release|ARM
		{A76364BC-81E6-4731-9717-D2484C9DCEEC}.AppStore|ARM.Build.0 = Release|ARM
		{A76364BC-81E6-4731-9717-D2484C9DCEEC}.AppStore|ARM.Deploy.0 = Release|ARM
		{A76364BC-81E6-4731-9717-D2484C9DCEEC}.AppStore|iPhone.ActiveCfg = Release|Any CPU
		{A76364BC-81E6-4731-9717-D2484C9DCEEC}.AppStore|iPhone.Build.0 = Release|Any CPU
		{A76364BC-81E6-4731-9717-D2484C9DCEEC}.AppStore|iPhone.Deploy.0 = Release|Any CPU
		{A76364BC-81E6-4731-9717-D2484C9DCEEC}.AppStore|iPhoneSimulator.ActiveCfg = Release|Any CPU
		{A76364BC-81E6-4731-9717-D2484C9DCEEC}.AppStore|iPhoneSimulator.Build.0 = Release|Any CPU
		{A76364BC-81E6-4731-9717-D2484C9DCEEC}.AppStore|iPhoneSimulator.Deploy.0 = Release|Any CPU
		{A76364BC-81E6-4731-9717-D2484C9DCEEC}.AppStore|x64.ActiveCfg = Release|x64
		{A76364BC-81E6-4731-9717-D2484C9DCEEC}.AppStore|x64.Build.0 = Release|x64
		{A76364BC-81E6-4731-9717-D2484C9DCEEC}.AppStore|x64.Deploy.0 = Release|x64
		{A76364BC-81E6-4731-9717-D2484C9DCEEC}.AppStore|x86.ActiveCfg = Release|x86
		{A76364BC-81E6-4731-9717-D2484C9DCEEC}.AppStore|x86.Build.0 = Release|x86
		{A76364BC-81E6-4731-9717-D2484C9DCEEC}.AppStore|x86.Deploy.0 = Release|x86
		{A76364BC-81E6-4731-9717-D2484C9DCEEC}.Debug|Any CPU.ActiveCfg = Debug|Any CPU
		{A76364BC-81E6-4731-9717-D2484C9DCEEC}.Debug|Any CPU.Build.0 = Debug|Any CPU
		{A76364BC-81E6-4731-9717-D2484C9DCEEC}.Debug|Any CPU.Deploy.0 = Debug|Any CPU
		{A76364BC-81E6-4731-9717-D2484C9DCEEC}.Debug|ARM.ActiveCfg = Debug|ARM
		{A76364BC-81E6-4731-9717-D2484C9DCEEC}.Debug|ARM.Build.0 = Debug|ARM
		{A76364BC-81E6-4731-9717-D2484C9DCEEC}.Debug|ARM.Deploy.0 = Debug|ARM
		{A76364BC-81E6-4731-9717-D2484C9DCEEC}.Debug|iPhone.ActiveCfg = Debug|Any CPU
		{A76364BC-81E6-4731-9717-D2484C9DCEEC}.Debug|iPhone.Build.0 = Debug|Any CPU
		{A76364BC-81E6-4731-9717-D2484C9DCEEC}.Debug|iPhone.Deploy.0 = Debug|Any CPU
		{A76364BC-81E6-4731-9717-D2484C9DCEEC}.Debug|iPhoneSimulator.ActiveCfg = Debug|Any CPU
		{A76364BC-81E6-4731-9717-D2484C9DCEEC}.Debug|iPhoneSimulator.Build.0 = Debug|Any CPU
		{A76364BC-81E6-4731-9717-D2484C9DCEEC}.Debug|iPhoneSimulator.Deploy.0 = Debug|Any CPU
		{A76364BC-81E6-4731-9717-D2484C9DCEEC}.Debug|x64.ActiveCfg = Debug|x64
		{A76364BC-81E6-4731-9717-D2484C9DCEEC}.Debug|x64.Build.0 = Debug|x64
		{A76364BC-81E6-4731-9717-D2484C9DCEEC}.Debug|x64.Deploy.0 = Debug|x64
		{A76364BC-81E6-4731-9717-D2484C9DCEEC}.Debug|x86.ActiveCfg = Debug|x86
		{A76364BC-81E6-4731-9717-D2484C9DCEEC}.Debug|x86.Build.0 = Debug|x86
		{A76364BC-81E6-4731-9717-D2484C9DCEEC}.Debug|x86.Deploy.0 = Debug|x86
		{A76364BC-81E6-4731-9717-D2484C9DCEEC}.Release|Any CPU.ActiveCfg = Release|Any CPU
		{A76364BC-81E6-4731-9717-D2484C9DCEEC}.Release|Any CPU.Build.0 = Release|Any CPU
		{A76364BC-81E6-4731-9717-D2484C9DCEEC}.Release|Any CPU.Deploy.0 = Release|Any CPU
		{A76364BC-81E6-4731-9717-D2484C9DCEEC}.Release|ARM.ActiveCfg = Release|ARM
		{A76364BC-81E6-4731-9717-D2484C9DCEEC}.Release|ARM.Build.0 = Release|ARM
		{A76364BC-81E6-4731-9717-D2484C9DCEEC}.Release|ARM.Deploy.0 = Release|ARM
		{A76364BC-81E6-4731-9717-D2484C9DCEEC}.Release|iPhone.ActiveCfg = Release|Any CPU
		{A76364BC-81E6-4731-9717-D2484C9DCEEC}.Release|iPhone.Build.0 = Release|Any CPU
		{A76364BC-81E6-4731-9717-D2484C9DCEEC}.Release|iPhone.Deploy.0 = Release|Any CPU
		{A76364BC-81E6-4731-9717-D2484C9DCEEC}.Release|iPhoneSimulator.ActiveCfg = Release|Any CPU
		{A76364BC-81E6-4731-9717-D2484C9DCEEC}.Release|iPhoneSimulator.Build.0 = Release|Any CPU
		{A76364BC-81E6-4731-9717-D2484C9DCEEC}.Release|iPhoneSimulator.Deploy.0 = Release|Any CPU
		{A76364BC-81E6-4731-9717-D2484C9DCEEC}.Release|x64.ActiveCfg = Release|x64
		{A76364BC-81E6-4731-9717-D2484C9DCEEC}.Release|x64.Build.0 = Release|x64
		{A76364BC-81E6-4731-9717-D2484C9DCEEC}.Release|x64.Deploy.0 = Release|x64
		{A76364BC-81E6-4731-9717-D2484C9DCEEC}.Release|x86.ActiveCfg = Release|x86
		{A76364BC-81E6-4731-9717-D2484C9DCEEC}.Release|x86.Build.0 = Release|x86
		{A76364BC-81E6-4731-9717-D2484C9DCEEC}.Release|x86.Deploy.0 = Release|x86
		{70C4A28C-A8D4-43C4-871F-9161DFB1B93E}.Ad-Hoc|Any CPU.ActiveCfg = Release|Any CPU
		{70C4A28C-A8D4-43C4-871F-9161DFB1B93E}.Ad-Hoc|Any CPU.Build.0 = Release|Any CPU
		{70C4A28C-A8D4-43C4-871F-9161DFB1B93E}.Ad-Hoc|Any CPU.Deploy.0 = Release|Any CPU
		{70C4A28C-A8D4-43C4-871F-9161DFB1B93E}.Ad-Hoc|ARM.ActiveCfg = Release|ARM
		{70C4A28C-A8D4-43C4-871F-9161DFB1B93E}.Ad-Hoc|ARM.Build.0 = Release|ARM
		{70C4A28C-A8D4-43C4-871F-9161DFB1B93E}.Ad-Hoc|ARM.Deploy.0 = Release|ARM
		{70C4A28C-A8D4-43C4-871F-9161DFB1B93E}.Ad-Hoc|iPhone.ActiveCfg = Release|Any CPU
		{70C4A28C-A8D4-43C4-871F-9161DFB1B93E}.Ad-Hoc|iPhone.Build.0 = Release|Any CPU
		{70C4A28C-A8D4-43C4-871F-9161DFB1B93E}.Ad-Hoc|iPhone.Deploy.0 = Release|Any CPU
		{70C4A28C-A8D4-43C4-871F-9161DFB1B93E}.Ad-Hoc|iPhoneSimulator.ActiveCfg = Release|Any CPU
		{70C4A28C-A8D4-43C4-871F-9161DFB1B93E}.Ad-Hoc|iPhoneSimulator.Build.0 = Release|Any CPU
		{70C4A28C-A8D4-43C4-871F-9161DFB1B93E}.Ad-Hoc|iPhoneSimulator.Deploy.0 = Release|Any CPU
		{70C4A28C-A8D4-43C4-871F-9161DFB1B93E}.Ad-Hoc|x64.ActiveCfg = Release|Any CPU
		{70C4A28C-A8D4-43C4-871F-9161DFB1B93E}.Ad-Hoc|x64.Build.0 = Release|Any CPU
		{70C4A28C-A8D4-43C4-871F-9161DFB1B93E}.Ad-Hoc|x64.Deploy.0 = Release|Any CPU
		{70C4A28C-A8D4-43C4-871F-9161DFB1B93E}.Ad-Hoc|x86.ActiveCfg = Release|x86
		{70C4A28C-A8D4-43C4-871F-9161DFB1B93E}.Ad-Hoc|x86.Build.0 = Release|x86
		{70C4A28C-A8D4-43C4-871F-9161DFB1B93E}.Ad-Hoc|x86.Deploy.0 = Release|x86
		{70C4A28C-A8D4-43C4-871F-9161DFB1B93E}.AppStore|Any CPU.ActiveCfg = Release|Any CPU
		{70C4A28C-A8D4-43C4-871F-9161DFB1B93E}.AppStore|Any CPU.Build.0 = Release|Any CPU
		{70C4A28C-A8D4-43C4-871F-9161DFB1B93E}.AppStore|Any CPU.Deploy.0 = Release|Any CPU
		{70C4A28C-A8D4-43C4-871F-9161DFB1B93E}.AppStore|ARM.ActiveCfg = Release|ARM
		{70C4A28C-A8D4-43C4-871F-9161DFB1B93E}.AppStore|ARM.Build.0 = Release|ARM
		{70C4A28C-A8D4-43C4-871F-9161DFB1B93E}.AppStore|ARM.Deploy.0 = Release|ARM
		{70C4A28C-A8D4-43C4-871F-9161DFB1B93E}.AppStore|iPhone.ActiveCfg = Release|Any CPU
		{70C4A28C-A8D4-43C4-871F-9161DFB1B93E}.AppStore|iPhone.Build.0 = Release|Any CPU
		{70C4A28C-A8D4-43C4-871F-9161DFB1B93E}.AppStore|iPhone.Deploy.0 = Release|Any CPU
		{70C4A28C-A8D4-43C4-871F-9161DFB1B93E}.AppStore|iPhoneSimulator.ActiveCfg = Release|Any CPU
		{70C4A28C-A8D4-43C4-871F-9161DFB1B93E}.AppStore|iPhoneSimulator.Build.0 = Release|Any CPU
		{70C4A28C-A8D4-43C4-871F-9161DFB1B93E}.AppStore|iPhoneSimulator.Deploy.0 = Release|Any CPU
		{70C4A28C-A8D4-43C4-871F-9161DFB1B93E}.AppStore|x64.ActiveCfg = Release|Any CPU
		{70C4A28C-A8D4-43C4-871F-9161DFB1B93E}.AppStore|x64.Build.0 = Release|Any CPU
		{70C4A28C-A8D4-43C4-871F-9161DFB1B93E}.AppStore|x64.Deploy.0 = Release|Any CPU
		{70C4A28C-A8D4-43C4-871F-9161DFB1B93E}.AppStore|x86.ActiveCfg = Release|x86
		{70C4A28C-A8D4-43C4-871F-9161DFB1B93E}.AppStore|x86.Build.0 = Release|x86
		{70C4A28C-A8D4-43C4-871F-9161DFB1B93E}.AppStore|x86.Deploy.0 = Release|x86
		{70C4A28C-A8D4-43C4-871F-9161DFB1B93E}.Debug|Any CPU.ActiveCfg = Debug|Any CPU
		{70C4A28C-A8D4-43C4-871F-9161DFB1B93E}.Debug|Any CPU.Build.0 = Debug|Any CPU
		{70C4A28C-A8D4-43C4-871F-9161DFB1B93E}.Debug|Any CPU.Deploy.0 = Debug|Any CPU
		{70C4A28C-A8D4-43C4-871F-9161DFB1B93E}.Debug|ARM.ActiveCfg = Debug|ARM
		{70C4A28C-A8D4-43C4-871F-9161DFB1B93E}.Debug|ARM.Build.0 = Debug|ARM
		{70C4A28C-A8D4-43C4-871F-9161DFB1B93E}.Debug|ARM.Deploy.0 = Debug|ARM
		{70C4A28C-A8D4-43C4-871F-9161DFB1B93E}.Debug|iPhone.ActiveCfg = Debug|Any CPU
		{70C4A28C-A8D4-43C4-871F-9161DFB1B93E}.Debug|iPhone.Build.0 = Debug|Any CPU
		{70C4A28C-A8D4-43C4-871F-9161DFB1B93E}.Debug|iPhone.Deploy.0 = Debug|Any CPU
		{70C4A28C-A8D4-43C4-871F-9161DFB1B93E}.Debug|iPhoneSimulator.ActiveCfg = Debug|Any CPU
		{70C4A28C-A8D4-43C4-871F-9161DFB1B93E}.Debug|iPhoneSimulator.Build.0 = Debug|Any CPU
		{70C4A28C-A8D4-43C4-871F-9161DFB1B93E}.Debug|iPhoneSimulator.Deploy.0 = Debug|Any CPU
		{70C4A28C-A8D4-43C4-871F-9161DFB1B93E}.Debug|x64.ActiveCfg = Debug|Any CPU
		{70C4A28C-A8D4-43C4-871F-9161DFB1B93E}.Debug|x64.Build.0 = Debug|Any CPU
		{70C4A28C-A8D4-43C4-871F-9161DFB1B93E}.Debug|x64.Deploy.0 = Debug|Any CPU
		{70C4A28C-A8D4-43C4-871F-9161DFB1B93E}.Debug|x86.ActiveCfg = Debug|x86
		{70C4A28C-A8D4-43C4-871F-9161DFB1B93E}.Debug|x86.Build.0 = Debug|x86
		{70C4A28C-A8D4-43C4-871F-9161DFB1B93E}.Debug|x86.Deploy.0 = Debug|x86
		{70C4A28C-A8D4-43C4-871F-9161DFB1B93E}.Release|Any CPU.ActiveCfg = Release|Any CPU
		{70C4A28C-A8D4-43C4-871F-9161DFB1B93E}.Release|Any CPU.Build.0 = Release|Any CPU
		{70C4A28C-A8D4-43C4-871F-9161DFB1B93E}.Release|Any CPU.Deploy.0 = Release|Any CPU
		{70C4A28C-A8D4-43C4-871F-9161DFB1B93E}.Release|ARM.ActiveCfg = Release|ARM
		{70C4A28C-A8D4-43C4-871F-9161DFB1B93E}.Release|ARM.Build.0 = Release|ARM
		{70C4A28C-A8D4-43C4-871F-9161DFB1B93E}.Release|ARM.Deploy.0 = Release|ARM
		{70C4A28C-A8D4-43C4-871F-9161DFB1B93E}.Release|iPhone.ActiveCfg = Release|Any CPU
		{70C4A28C-A8D4-43C4-871F-9161DFB1B93E}.Release|iPhone.Build.0 = Release|Any CPU
		{70C4A28C-A8D4-43C4-871F-9161DFB1B93E}.Release|iPhone.Deploy.0 = Release|Any CPU
		{70C4A28C-A8D4-43C4-871F-9161DFB1B93E}.Release|iPhoneSimulator.ActiveCfg = Release|Any CPU
		{70C4A28C-A8D4-43C4-871F-9161DFB1B93E}.Release|iPhoneSimulator.Build.0 = Release|Any CPU
		{70C4A28C-A8D4-43C4-871F-9161DFB1B93E}.Release|iPhoneSimulator.Deploy.0 = Release|Any CPU
		{70C4A28C-A8D4-43C4-871F-9161DFB1B93E}.Release|x64.ActiveCfg = Release|Any CPU
		{70C4A28C-A8D4-43C4-871F-9161DFB1B93E}.Release|x64.Build.0 = Release|Any CPU
		{70C4A28C-A8D4-43C4-871F-9161DFB1B93E}.Release|x64.Deploy.0 = Release|Any CPU
		{70C4A28C-A8D4-43C4-871F-9161DFB1B93E}.Release|x86.ActiveCfg = Release|x86
		{70C4A28C-A8D4-43C4-871F-9161DFB1B93E}.Release|x86.Build.0 = Release|x86
		{70C4A28C-A8D4-43C4-871F-9161DFB1B93E}.Release|x86.Deploy.0 = Release|x86
		{44A71F1E-2133-411E-8585-BDCEC3028C17}.Ad-Hoc|Any CPU.ActiveCfg = Release|x64
		{44A71F1E-2133-411E-8585-BDCEC3028C17}.Ad-Hoc|Any CPU.Build.0 = Release|x64
		{44A71F1E-2133-411E-8585-BDCEC3028C17}.Ad-Hoc|Any CPU.Deploy.0 = Release|x64
		{44A71F1E-2133-411E-8585-BDCEC3028C17}.Ad-Hoc|ARM.ActiveCfg = Release|ARM
		{44A71F1E-2133-411E-8585-BDCEC3028C17}.Ad-Hoc|ARM.Build.0 = Release|ARM
		{44A71F1E-2133-411E-8585-BDCEC3028C17}.Ad-Hoc|ARM.Deploy.0 = Release|ARM
		{44A71F1E-2133-411E-8585-BDCEC3028C17}.Ad-Hoc|iPhone.ActiveCfg = Release|x64
		{44A71F1E-2133-411E-8585-BDCEC3028C17}.Ad-Hoc|iPhone.Build.0 = Release|x64
		{44A71F1E-2133-411E-8585-BDCEC3028C17}.Ad-Hoc|iPhone.Deploy.0 = Release|x64
		{44A71F1E-2133-411E-8585-BDCEC3028C17}.Ad-Hoc|iPhoneSimulator.ActiveCfg = Release|x64
		{44A71F1E-2133-411E-8585-BDCEC3028C17}.Ad-Hoc|iPhoneSimulator.Build.0 = Release|x64
		{44A71F1E-2133-411E-8585-BDCEC3028C17}.Ad-Hoc|iPhoneSimulator.Deploy.0 = Release|x64
		{44A71F1E-2133-411E-8585-BDCEC3028C17}.Ad-Hoc|x64.ActiveCfg = Release|x64
		{44A71F1E-2133-411E-8585-BDCEC3028C17}.Ad-Hoc|x64.Build.0 = Release|x64
		{44A71F1E-2133-411E-8585-BDCEC3028C17}.Ad-Hoc|x64.Deploy.0 = Release|x64
		{44A71F1E-2133-411E-8585-BDCEC3028C17}.Ad-Hoc|x86.ActiveCfg = Release|x86
		{44A71F1E-2133-411E-8585-BDCEC3028C17}.Ad-Hoc|x86.Build.0 = Release|x86
		{44A71F1E-2133-411E-8585-BDCEC3028C17}.Ad-Hoc|x86.Deploy.0 = Release|x86
		{44A71F1E-2133-411E-8585-BDCEC3028C17}.AppStore|Any CPU.ActiveCfg = Release|x64
		{44A71F1E-2133-411E-8585-BDCEC3028C17}.AppStore|Any CPU.Build.0 = Release|x64
		{44A71F1E-2133-411E-8585-BDCEC3028C17}.AppStore|Any CPU.Deploy.0 = Release|x64
		{44A71F1E-2133-411E-8585-BDCEC3028C17}.AppStore|ARM.ActiveCfg = Release|ARM
		{44A71F1E-2133-411E-8585-BDCEC3028C17}.AppStore|ARM.Build.0 = Release|ARM
		{44A71F1E-2133-411E-8585-BDCEC3028C17}.AppStore|ARM.Deploy.0 = Release|ARM
		{44A71F1E-2133-411E-8585-BDCEC3028C17}.AppStore|iPhone.ActiveCfg = Release|x64
		{44A71F1E-2133-411E-8585-BDCEC3028C17}.AppStore|iPhone.Build.0 = Release|x64
		{44A71F1E-2133-411E-8585-BDCEC3028C17}.AppStore|iPhone.Deploy.0 = Release|x64
		{44A71F1E-2133-411E-8585-BDCEC3028C17}.AppStore|iPhoneSimulator.ActiveCfg = Release|x64
		{44A71F1E-2133-411E-8585-BDCEC3028C17}.AppStore|iPhoneSimulator.Build.0 = Release|x64
		{44A71F1E-2133-411E-8585-BDCEC3028C17}.AppStore|iPhoneSimulator.Deploy.0 = Release|x64
		{44A71F1E-2133-411E-8585-BDCEC3028C17}.AppStore|x64.ActiveCfg = Release|x64
		{44A71F1E-2133-411E-8585-BDCEC3028C17}.AppStore|x64.Build.0 = Release|x64
		{44A71F1E-2133-411E-8585-BDCEC3028C17}.AppStore|x64.Deploy.0 = Release|x64
		{44A71F1E-2133-411E-8585-BDCEC3028C17}.AppStore|x86.ActiveCfg = Release|x86
		{44A71F1E-2133-411E-8585-BDCEC3028C17}.AppStore|x86.Build.0 = Release|x86
		{44A71F1E-2133-411E-8585-BDCEC3028C17}.AppStore|x86.Deploy.0 = Release|x86
		{44A71F1E-2133-411E-8585-BDCEC3028C17}.Debug|Any CPU.ActiveCfg = Debug|x86
		{44A71F1E-2133-411E-8585-BDCEC3028C17}.Debug|ARM.ActiveCfg = Debug|ARM
		{44A71F1E-2133-411E-8585-BDCEC3028C17}.Debug|ARM.Build.0 = Debug|ARM
		{44A71F1E-2133-411E-8585-BDCEC3028C17}.Debug|ARM.Deploy.0 = Debug|ARM
		{44A71F1E-2133-411E-8585-BDCEC3028C17}.Debug|iPhone.ActiveCfg = Debug|x86
		{44A71F1E-2133-411E-8585-BDCEC3028C17}.Debug|iPhoneSimulator.ActiveCfg = Debug|x86
		{44A71F1E-2133-411E-8585-BDCEC3028C17}.Debug|x64.ActiveCfg = Debug|x64
		{44A71F1E-2133-411E-8585-BDCEC3028C17}.Debug|x64.Build.0 = Debug|x64
		{44A71F1E-2133-411E-8585-BDCEC3028C17}.Debug|x64.Deploy.0 = Debug|x64
		{44A71F1E-2133-411E-8585-BDCEC3028C17}.Debug|x86.ActiveCfg = Debug|x86
		{44A71F1E-2133-411E-8585-BDCEC3028C17}.Debug|x86.Build.0 = Debug|x86
		{44A71F1E-2133-411E-8585-BDCEC3028C17}.Debug|x86.Deploy.0 = Debug|x86
		{44A71F1E-2133-411E-8585-BDCEC3028C17}.Release|Any CPU.ActiveCfg = Release|x86
		{44A71F1E-2133-411E-8585-BDCEC3028C17}.Release|ARM.ActiveCfg = Release|ARM
		{44A71F1E-2133-411E-8585-BDCEC3028C17}.Release|ARM.Build.0 = Release|ARM
		{44A71F1E-2133-411E-8585-BDCEC3028C17}.Release|ARM.Deploy.0 = Release|ARM
		{44A71F1E-2133-411E-8585-BDCEC3028C17}.Release|iPhone.ActiveCfg = Release|x86
		{44A71F1E-2133-411E-8585-BDCEC3028C17}.Release|iPhoneSimulator.ActiveCfg = Release|x86
		{44A71F1E-2133-411E-8585-BDCEC3028C17}.Release|x64.ActiveCfg = Release|x64
		{44A71F1E-2133-411E-8585-BDCEC3028C17}.Release|x64.Build.0 = Release|x64
		{44A71F1E-2133-411E-8585-BDCEC3028C17}.Release|x64.Deploy.0 = Release|x64
		{44A71F1E-2133-411E-8585-BDCEC3028C17}.Release|x86.ActiveCfg = Release|x86
		{44A71F1E-2133-411E-8585-BDCEC3028C17}.Release|x86.Build.0 = Release|x86
		{44A71F1E-2133-411E-8585-BDCEC3028C17}.Release|x86.Deploy.0 = Release|x86
		{572E80C8-C140-41C9-AA04-0CAED79F767C}.Ad-Hoc|Any CPU.ActiveCfg = Release|Any CPU
		{572E80C8-C140-41C9-AA04-0CAED79F767C}.Ad-Hoc|Any CPU.Build.0 = Release|Any CPU
		{572E80C8-C140-41C9-AA04-0CAED79F767C}.Ad-Hoc|Any CPU.Deploy.0 = Release|Any CPU
		{572E80C8-C140-41C9-AA04-0CAED79F767C}.Ad-Hoc|ARM.ActiveCfg = Release|Any CPU
		{572E80C8-C140-41C9-AA04-0CAED79F767C}.Ad-Hoc|ARM.Build.0 = Release|Any CPU
		{572E80C8-C140-41C9-AA04-0CAED79F767C}.Ad-Hoc|ARM.Deploy.0 = Release|Any CPU
		{572E80C8-C140-41C9-AA04-0CAED79F767C}.Ad-Hoc|iPhone.ActiveCfg = Release|Any CPU
		{572E80C8-C140-41C9-AA04-0CAED79F767C}.Ad-Hoc|iPhone.Build.0 = Release|Any CPU
		{572E80C8-C140-41C9-AA04-0CAED79F767C}.Ad-Hoc|iPhone.Deploy.0 = Release|Any CPU
		{572E80C8-C140-41C9-AA04-0CAED79F767C}.Ad-Hoc|iPhoneSimulator.ActiveCfg = Release|Any CPU
		{572E80C8-C140-41C9-AA04-0CAED79F767C}.Ad-Hoc|iPhoneSimulator.Build.0 = Release|Any CPU
		{572E80C8-C140-41C9-AA04-0CAED79F767C}.Ad-Hoc|iPhoneSimulator.Deploy.0 = Release|Any CPU
		{572E80C8-C140-41C9-AA04-0CAED79F767C}.Ad-Hoc|x64.ActiveCfg = Release|Any CPU
		{572E80C8-C140-41C9-AA04-0CAED79F767C}.Ad-Hoc|x64.Build.0 = Release|Any CPU
		{572E80C8-C140-41C9-AA04-0CAED79F767C}.Ad-Hoc|x64.Deploy.0 = Release|Any CPU
		{572E80C8-C140-41C9-AA04-0CAED79F767C}.Ad-Hoc|x86.ActiveCfg = Release|Any CPU
		{572E80C8-C140-41C9-AA04-0CAED79F767C}.Ad-Hoc|x86.Build.0 = Release|Any CPU
		{572E80C8-C140-41C9-AA04-0CAED79F767C}.Ad-Hoc|x86.Deploy.0 = Release|Any CPU
		{572E80C8-C140-41C9-AA04-0CAED79F767C}.AppStore|Any CPU.ActiveCfg = Release|Any CPU
		{572E80C8-C140-41C9-AA04-0CAED79F767C}.AppStore|Any CPU.Build.0 = Release|Any CPU
		{572E80C8-C140-41C9-AA04-0CAED79F767C}.AppStore|Any CPU.Deploy.0 = Release|Any CPU
		{572E80C8-C140-41C9-AA04-0CAED79F767C}.AppStore|ARM.ActiveCfg = Release|Any CPU
		{572E80C8-C140-41C9-AA04-0CAED79F767C}.AppStore|ARM.Build.0 = Release|Any CPU
		{572E80C8-C140-41C9-AA04-0CAED79F767C}.AppStore|ARM.Deploy.0 = Release|Any CPU
		{572E80C8-C140-41C9-AA04-0CAED79F767C}.AppStore|iPhone.ActiveCfg = Release|Any CPU
		{572E80C8-C140-41C9-AA04-0CAED79F767C}.AppStore|iPhone.Build.0 = Release|Any CPU
		{572E80C8-C140-41C9-AA04-0CAED79F767C}.AppStore|iPhone.Deploy.0 = Release|Any CPU
		{572E80C8-C140-41C9-AA04-0CAED79F767C}.AppStore|iPhoneSimulator.ActiveCfg = Release|Any CPU
		{572E80C8-C140-41C9-AA04-0CAED79F767C}.AppStore|iPhoneSimulator.Build.0 = Release|Any CPU
		{572E80C8-C140-41C9-AA04-0CAED79F767C}.AppStore|iPhoneSimulator.Deploy.0 = Release|Any CPU
		{572E80C8-C140-41C9-AA04-0CAED79F767C}.AppStore|x64.ActiveCfg = Release|Any CPU
		{572E80C8-C140-41C9-AA04-0CAED79F767C}.AppStore|x64.Build.0 = Release|Any CPU
		{572E80C8-C140-41C9-AA04-0CAED79F767C}.AppStore|x64.Deploy.0 = Release|Any CPU
		{572E80C8-C140-41C9-AA04-0CAED79F767C}.AppStore|x86.ActiveCfg = Release|Any CPU
		{572E80C8-C140-41C9-AA04-0CAED79F767C}.AppStore|x86.Build.0 = Release|Any CPU
		{572E80C8-C140-41C9-AA04-0CAED79F767C}.AppStore|x86.Deploy.0 = Release|Any CPU
		{572E80C8-C140-41C9-AA04-0CAED79F767C}.Debug|Any CPU.ActiveCfg = Debug|Any CPU
		{572E80C8-C140-41C9-AA04-0CAED79F767C}.Debug|Any CPU.Build.0 = Debug|Any CPU
		{572E80C8-C140-41C9-AA04-0CAED79F767C}.Debug|Any CPU.Deploy.0 = Debug|Any CPU
		{572E80C8-C140-41C9-AA04-0CAED79F767C}.Debug|ARM.ActiveCfg = Debug|Any CPU
		{572E80C8-C140-41C9-AA04-0CAED79F767C}.Debug|ARM.Build.0 = Debug|Any CPU
		{572E80C8-C140-41C9-AA04-0CAED79F767C}.Debug|ARM.Deploy.0 = Debug|Any CPU
		{572E80C8-C140-41C9-AA04-0CAED79F767C}.Debug|iPhone.ActiveCfg = Debug|Any CPU
		{572E80C8-C140-41C9-AA04-0CAED79F767C}.Debug|iPhone.Build.0 = Debug|Any CPU
		{572E80C8-C140-41C9-AA04-0CAED79F767C}.Debug|iPhone.Deploy.0 = Debug|Any CPU
		{572E80C8-C140-41C9-AA04-0CAED79F767C}.Debug|iPhoneSimulator.ActiveCfg = Debug|Any CPU
		{572E80C8-C140-41C9-AA04-0CAED79F767C}.Debug|iPhoneSimulator.Build.0 = Debug|Any CPU
		{572E80C8-C140-41C9-AA04-0CAED79F767C}.Debug|iPhoneSimulator.Deploy.0 = Debug|Any CPU
		{572E80C8-C140-41C9-AA04-0CAED79F767C}.Debug|x64.ActiveCfg = Debug|Any CPU
		{572E80C8-C140-41C9-AA04-0CAED79F767C}.Debug|x64.Build.0 = Debug|Any CPU
		{572E80C8-C140-41C9-AA04-0CAED79F767C}.Debug|x64.Deploy.0 = Debug|Any CPU
		{572E80C8-C140-41C9-AA04-0CAED79F767C}.Debug|x86.ActiveCfg = Debug|Any CPU
		{572E80C8-C140-41C9-AA04-0CAED79F767C}.Debug|x86.Build.0 = Debug|Any CPU
		{572E80C8-C140-41C9-AA04-0CAED79F767C}.Debug|x86.Deploy.0 = Debug|Any CPU
		{572E80C8-C140-41C9-AA04-0CAED79F767C}.Release|Any CPU.ActiveCfg = Release|Any CPU
		{572E80C8-C140-41C9-AA04-0CAED79F767C}.Release|Any CPU.Build.0 = Release|Any CPU
		{572E80C8-C140-41C9-AA04-0CAED79F767C}.Release|Any CPU.Deploy.0 = Release|Any CPU
		{572E80C8-C140-41C9-AA04-0CAED79F767C}.Release|ARM.ActiveCfg = Release|Any CPU
		{572E80C8-C140-41C9-AA04-0CAED79F767C}.Release|ARM.Build.0 = Release|Any CPU
		{572E80C8-C140-41C9-AA04-0CAED79F767C}.Release|ARM.Deploy.0 = Release|Any CPU
		{572E80C8-C140-41C9-AA04-0CAED79F767C}.Release|iPhone.ActiveCfg = Release|Any CPU
		{572E80C8-C140-41C9-AA04-0CAED79F767C}.Release|iPhone.Build.0 = Release|Any CPU
		{572E80C8-C140-41C9-AA04-0CAED79F767C}.Release|iPhone.Deploy.0 = Release|Any CPU
		{572E80C8-C140-41C9-AA04-0CAED79F767C}.Release|iPhoneSimulator.ActiveCfg = Release|Any CPU
		{572E80C8-C140-41C9-AA04-0CAED79F767C}.Release|iPhoneSimulator.Build.0 = Release|Any CPU
		{572E80C8-C140-41C9-AA04-0CAED79F767C}.Release|iPhoneSimulator.Deploy.0 = Release|Any CPU
		{572E80C8-C140-41C9-AA04-0CAED79F767C}.Release|x64.ActiveCfg = Release|Any CPU
		{572E80C8-C140-41C9-AA04-0CAED79F767C}.Release|x64.Build.0 = Release|Any CPU
		{572E80C8-C140-41C9-AA04-0CAED79F767C}.Release|x64.Deploy.0 = Release|Any CPU
		{572E80C8-C140-41C9-AA04-0CAED79F767C}.Release|x86.ActiveCfg = Release|Any CPU
		{572E80C8-C140-41C9-AA04-0CAED79F767C}.Release|x86.Build.0 = Release|Any CPU
		{572E80C8-C140-41C9-AA04-0CAED79F767C}.Release|x86.Deploy.0 = Release|Any CPU
		{E7DE256A-267F-4D11-84D4-820AAB020941}.Ad-Hoc|Any CPU.ActiveCfg = Release|Any CPU
		{E7DE256A-267F-4D11-84D4-820AAB020941}.Ad-Hoc|Any CPU.Build.0 = Release|Any CPU
		{E7DE256A-267F-4D11-84D4-820AAB020941}.Ad-Hoc|ARM.ActiveCfg = Release|Any CPU
		{E7DE256A-267F-4D11-84D4-820AAB020941}.Ad-Hoc|ARM.Build.0 = Release|Any CPU
		{E7DE256A-267F-4D11-84D4-820AAB020941}.Ad-Hoc|iPhone.ActiveCfg = Release|Any CPU
		{E7DE256A-267F-4D11-84D4-820AAB020941}.Ad-Hoc|iPhone.Build.0 = Release|Any CPU
		{E7DE256A-267F-4D11-84D4-820AAB020941}.Ad-Hoc|iPhoneSimulator.ActiveCfg = Release|Any CPU
		{E7DE256A-267F-4D11-84D4-820AAB020941}.Ad-Hoc|iPhoneSimulator.Build.0 = Release|Any CPU
		{E7DE256A-267F-4D11-84D4-820AAB020941}.Ad-Hoc|x64.ActiveCfg = Release|Any CPU
		{E7DE256A-267F-4D11-84D4-820AAB020941}.Ad-Hoc|x64.Build.0 = Release|Any CPU
		{E7DE256A-267F-4D11-84D4-820AAB020941}.Ad-Hoc|x86.ActiveCfg = Release|Any CPU
		{E7DE256A-267F-4D11-84D4-820AAB020941}.Ad-Hoc|x86.Build.0 = Release|Any CPU
		{E7DE256A-267F-4D11-84D4-820AAB020941}.AppStore|Any CPU.ActiveCfg = Release|Any CPU
		{E7DE256A-267F-4D11-84D4-820AAB020941}.AppStore|Any CPU.Build.0 = Release|Any CPU
		{E7DE256A-267F-4D11-84D4-820AAB020941}.AppStore|ARM.ActiveCfg = Release|Any CPU
		{E7DE256A-267F-4D11-84D4-820AAB020941}.AppStore|ARM.Build.0 = Release|Any CPU
		{E7DE256A-267F-4D11-84D4-820AAB020941}.AppStore|iPhone.ActiveCfg = Release|Any CPU
		{E7DE256A-267F-4D11-84D4-820AAB020941}.AppStore|iPhone.Build.0 = Release|Any CPU
		{E7DE256A-267F-4D11-84D4-820AAB020941}.AppStore|iPhoneSimulator.ActiveCfg = Release|Any CPU
		{E7DE256A-267F-4D11-84D4-820AAB020941}.AppStore|iPhoneSimulator.Build.0 = Release|Any CPU
		{E7DE256A-267F-4D11-84D4-820AAB020941}.AppStore|x64.ActiveCfg = Release|Any CPU
		{E7DE256A-267F-4D11-84D4-820AAB020941}.AppStore|x64.Build.0 = Release|Any CPU
		{E7DE256A-267F-4D11-84D4-820AAB020941}.AppStore|x86.ActiveCfg = Release|Any CPU
		{E7DE256A-267F-4D11-84D4-820AAB020941}.AppStore|x86.Build.0 = Release|Any CPU
		{E7DE256A-267F-4D11-84D4-820AAB020941}.Debug|Any CPU.ActiveCfg = Debug|Any CPU
		{E7DE256A-267F-4D11-84D4-820AAB020941}.Debug|Any CPU.Build.0 = Debug|Any CPU
		{E7DE256A-267F-4D11-84D4-820AAB020941}.Debug|ARM.ActiveCfg = Debug|Any CPU
		{E7DE256A-267F-4D11-84D4-820AAB020941}.Debug|ARM.Build.0 = Debug|Any CPU
		{E7DE256A-267F-4D11-84D4-820AAB020941}.Debug|iPhone.ActiveCfg = Debug|Any CPU
		{E7DE256A-267F-4D11-84D4-820AAB020941}.Debug|iPhone.Build.0 = Debug|Any CPU
		{E7DE256A-267F-4D11-84D4-820AAB020941}.Debug|iPhoneSimulator.ActiveCfg = Debug|Any CPU
		{E7DE256A-267F-4D11-84D4-820AAB020941}.Debug|iPhoneSimulator.Build.0 = Debug|Any CPU
		{E7DE256A-267F-4D11-84D4-820AAB020941}.Debug|x64.ActiveCfg = Debug|Any CPU
		{E7DE256A-267F-4D11-84D4-820AAB020941}.Debug|x64.Build.0 = Debug|Any CPU
		{E7DE256A-267F-4D11-84D4-820AAB020941}.Debug|x86.ActiveCfg = Debug|Any CPU
		{E7DE256A-267F-4D11-84D4-820AAB020941}.Debug|x86.Build.0 = Debug|Any CPU
		{E7DE256A-267F-4D11-84D4-820AAB020941}.Release|Any CPU.ActiveCfg = Release|Any CPU
		{E7DE256A-267F-4D11-84D4-820AAB020941}.Release|Any CPU.Build.0 = Release|Any CPU
		{E7DE256A-267F-4D11-84D4-820AAB020941}.Release|ARM.ActiveCfg = Release|Any CPU
		{E7DE256A-267F-4D11-84D4-820AAB020941}.Release|ARM.Build.0 = Release|Any CPU
		{E7DE256A-267F-4D11-84D4-820AAB020941}.Release|iPhone.ActiveCfg = Release|Any CPU
		{E7DE256A-267F-4D11-84D4-820AAB020941}.Release|iPhone.Build.0 = Release|Any CPU
		{E7DE256A-267F-4D11-84D4-820AAB020941}.Release|iPhoneSimulator.ActiveCfg = Release|Any CPU
		{E7DE256A-267F-4D11-84D4-820AAB020941}.Release|iPhoneSimulator.Build.0 = Release|Any CPU
		{E7DE256A-267F-4D11-84D4-820AAB020941}.Release|x64.ActiveCfg = Release|Any CPU
		{E7DE256A-267F-4D11-84D4-820AAB020941}.Release|x64.Build.0 = Release|Any CPU
		{E7DE256A-267F-4D11-84D4-820AAB020941}.Release|x86.ActiveCfg = Release|Any CPU
		{E7DE256A-267F-4D11-84D4-820AAB020941}.Release|x86.Build.0 = Release|Any CPU
	EndGlobalSection
	GlobalSection(SolutionProperties) = preSolution
		HideSolutionNode = FALSE
	EndGlobalSection
	GlobalSection(NestedProjects) = preSolution
		{B535A7A2-98BF-42F0-98AB-7701DE58C2F7} = {2E5374D2-3299-47D2-8A46-EE7A051FFEDB}
		{A76364BC-81E6-4731-9717-D2484C9DCEEC} = {2E5374D2-3299-47D2-8A46-EE7A051FFEDB}
		{70C4A28C-A8D4-43C4-871F-9161DFB1B93E} = {2E5374D2-3299-47D2-8A46-EE7A051FFEDB}
	EndGlobalSection
EndGlobal
