
Microsoft Visual Studio Solution File, Format Version 12.00
# Visual Studio 14
VisualStudioVersion = 14.0.24720.0
MinimumVisualStudioVersion = 10.0.40219.1
Project("{FAE04EC0-301F-11D3-BF4B-00C04F79EFBC}") = "AptkAms.Sample.Core", "AptkAms.Sample.Core\AptkAms.Sample.Core.csproj", "{E6A4A0F3-0591-441B-98F8-65EB42BCB114}"
EndProject
Project("{FAE04EC0-301F-11D3-BF4B-00C04F79EFBC}") = "AptkAms.Sample.iOS", "AptkAms.Sample.iOS\AptkAms.Sample.iOS.csproj", "{5DF3282E-028D-4B53-90F3-1F887BB564B6}"
EndProject
Project("{FAE04EC0-301F-11D3-BF4B-00C04F79EFBC}") = "AptkAms.Sample.WinPhone", "AptkAms.Sample.WinPhone\AptkAms.Sample.WinPhone.csproj", "{1B8DD915-E333-4AD9-921F-12CAA16C940B}"
EndProject
Global
	GlobalSection(SolutionConfigurationPlatforms) = preSolution
		Ad-Hoc|Any CPU = Ad-Hoc|Any CPU
		Ad-Hoc|ARM = Ad-Hoc|ARM
		Ad-Hoc|iPhone = Ad-Hoc|iPhone
		Ad-Hoc|iPhoneSimulator = Ad-Hoc|iPhoneSimulator
		Ad-Hoc|x86 = Ad-Hoc|x86
		AppStore|Any CPU = AppStore|Any CPU
		AppStore|ARM = AppStore|ARM
		AppStore|iPhone = AppStore|iPhone
		AppStore|iPhoneSimulator = AppStore|iPhoneSimulator
		AppStore|x86 = AppStore|x86
		Debug|Any CPU = Debug|Any CPU
		Debug|ARM = Debug|ARM
		Debug|iPhone = Debug|iPhone
		Debug|iPhoneSimulator = Debug|iPhoneSimulator
		Debug|x86 = Debug|x86
		Release|Any CPU = Release|Any CPU
		Release|ARM = Release|ARM
		Release|iPhone = Release|iPhone
		Release|iPhoneSimulator = Release|iPhoneSimulator
		Release|x86 = Release|x86
	EndGlobalSection
	GlobalSection(ProjectConfigurationPlatforms) = postSolution
		{E6A4A0F3-0591-441B-98F8-65EB42BCB114}.Ad-Hoc|Any CPU.ActiveCfg = Release|Any CPU
		{E6A4A0F3-0591-441B-98F8-65EB42BCB114}.Ad-Hoc|Any CPU.Build.0 = Release|Any CPU
		{E6A4A0F3-0591-441B-98F8-65EB42BCB114}.Ad-Hoc|ARM.ActiveCfg = Debug|Any CPU
		{E6A4A0F3-0591-441B-98F8-65EB42BCB114}.Ad-Hoc|ARM.Build.0 = Debug|Any CPU
		{E6A4A0F3-0591-441B-98F8-65EB42BCB114}.Ad-Hoc|iPhone.ActiveCfg = Release|Any CPU
		{E6A4A0F3-0591-441B-98F8-65EB42BCB114}.Ad-Hoc|iPhone.Build.0 = Release|Any CPU
		{E6A4A0F3-0591-441B-98F8-65EB42BCB114}.Ad-Hoc|iPhoneSimulator.ActiveCfg = Release|Any CPU
		{E6A4A0F3-0591-441B-98F8-65EB42BCB114}.Ad-Hoc|iPhoneSimulator.Build.0 = Release|Any CPU
		{E6A4A0F3-0591-441B-98F8-65EB42BCB114}.Ad-Hoc|x86.ActiveCfg = Debug|Any CPU
		{E6A4A0F3-0591-441B-98F8-65EB42BCB114}.Ad-Hoc|x86.Build.0 = Debug|Any CPU
		{E6A4A0F3-0591-441B-98F8-65EB42BCB114}.AppStore|Any CPU.ActiveCfg = Release|Any CPU
		{E6A4A0F3-0591-441B-98F8-65EB42BCB114}.AppStore|Any CPU.Build.0 = Release|Any CPU
		{E6A4A0F3-0591-441B-98F8-65EB42BCB114}.AppStore|ARM.ActiveCfg = Debug|Any CPU
		{E6A4A0F3-0591-441B-98F8-65EB42BCB114}.AppStore|ARM.Build.0 = Debug|Any CPU
		{E6A4A0F3-0591-441B-98F8-65EB42BCB114}.AppStore|iPhone.ActiveCfg = Release|Any CPU
		{E6A4A0F3-0591-441B-98F8-65EB42BCB114}.AppStore|iPhone.Build.0 = Release|Any CPU
		{E6A4A0F3-0591-441B-98F8-65EB42BCB114}.AppStore|iPhoneSimulator.ActiveCfg = Release|Any CPU
		{E6A4A0F3-0591-441B-98F8-65EB42BCB114}.AppStore|iPhoneSimulator.Build.0 = Release|Any CPU
		{E6A4A0F3-0591-441B-98F8-65EB42BCB114}.AppStore|x86.ActiveCfg = Debug|Any CPU
		{E6A4A0F3-0591-441B-98F8-65EB42BCB114}.AppStore|x86.Build.0 = Debug|Any CPU
		{E6A4A0F3-0591-441B-98F8-65EB42BCB114}.Debug|Any CPU.ActiveCfg = Debug|Any CPU
		{E6A4A0F3-0591-441B-98F8-65EB42BCB114}.Debug|Any CPU.Build.0 = Debug|Any CPU
		{E6A4A0F3-0591-441B-98F8-65EB42BCB114}.Debug|ARM.ActiveCfg = Debug|Any CPU
		{E6A4A0F3-0591-441B-98F8-65EB42BCB114}.Debug|ARM.Build.0 = Debug|Any CPU
		{E6A4A0F3-0591-441B-98F8-65EB42BCB114}.Debug|iPhone.ActiveCfg = Debug|Any CPU
		{E6A4A0F3-0591-441B-98F8-65EB42BCB114}.Debug|iPhone.Build.0 = Debug|Any CPU
		{E6A4A0F3-0591-441B-98F8-65EB42BCB114}.Debug|iPhoneSimulator.ActiveCfg = Debug|Any CPU
		{E6A4A0F3-0591-441B-98F8-65EB42BCB114}.Debug|iPhoneSimulator.Build.0 = Debug|Any CPU
		{E6A4A0F3-0591-441B-98F8-65EB42BCB114}.Debug|x86.ActiveCfg = Debug|Any CPU
		{E6A4A0F3-0591-441B-98F8-65EB42BCB114}.Debug|x86.Build.0 = Debug|Any CPU
		{E6A4A0F3-0591-441B-98F8-65EB42BCB114}.Release|Any CPU.ActiveCfg = Release|Any CPU
		{E6A4A0F3-0591-441B-98F8-65EB42BCB114}.Release|Any CPU.Build.0 = Release|Any CPU
		{E6A4A0F3-0591-441B-98F8-65EB42BCB114}.Release|ARM.ActiveCfg = Release|Any CPU
		{E6A4A0F3-0591-441B-98F8-65EB42BCB114}.Release|ARM.Build.0 = Release|Any CPU
		{E6A4A0F3-0591-441B-98F8-65EB42BCB114}.Release|iPhone.ActiveCfg = Release|Any CPU
		{E6A4A0F3-0591-441B-98F8-65EB42BCB114}.Release|iPhone.Build.0 = Release|Any CPU
		{E6A4A0F3-0591-441B-98F8-65EB42BCB114}.Release|iPhoneSimulator.ActiveCfg = Release|Any CPU
		{E6A4A0F3-0591-441B-98F8-65EB42BCB114}.Release|iPhoneSimulator.Build.0 = Release|Any CPU
		{E6A4A0F3-0591-441B-98F8-65EB42BCB114}.Release|x86.ActiveCfg = Release|Any CPU
		{E6A4A0F3-0591-441B-98F8-65EB42BCB114}.Release|x86.Build.0 = Release|Any CPU
		{5DF3282E-028D-4B53-90F3-1F887BB564B6}.Ad-Hoc|Any CPU.ActiveCfg = Ad-Hoc|iPhone
		{5DF3282E-028D-4B53-90F3-1F887BB564B6}.Ad-Hoc|ARM.ActiveCfg = Ad-Hoc|iPhoneSimulator
		{5DF3282E-028D-4B53-90F3-1F887BB564B6}.Ad-Hoc|iPhone.ActiveCfg = Ad-Hoc|iPhone
		{5DF3282E-028D-4B53-90F3-1F887BB564B6}.Ad-Hoc|iPhone.Build.0 = Ad-Hoc|iPhone
		{5DF3282E-028D-4B53-90F3-1F887BB564B6}.Ad-Hoc|iPhoneSimulator.ActiveCfg = Ad-Hoc|iPhoneSimulator
		{5DF3282E-028D-4B53-90F3-1F887BB564B6}.Ad-Hoc|iPhoneSimulator.Build.0 = Ad-Hoc|iPhoneSimulator
		{5DF3282E-028D-4B53-90F3-1F887BB564B6}.Ad-Hoc|x86.ActiveCfg = Ad-Hoc|iPhoneSimulator
		{5DF3282E-028D-4B53-90F3-1F887BB564B6}.AppStore|Any CPU.ActiveCfg = AppStore|iPhone
		{5DF3282E-028D-4B53-90F3-1F887BB564B6}.AppStore|ARM.ActiveCfg = AppStore|iPhoneSimulator
		{5DF3282E-028D-4B53-90F3-1F887BB564B6}.AppStore|iPhone.ActiveCfg = AppStore|iPhone
		{5DF3282E-028D-4B53-90F3-1F887BB564B6}.AppStore|iPhone.Build.0 = AppStore|iPhone
		{5DF3282E-028D-4B53-90F3-1F887BB564B6}.AppStore|iPhoneSimulator.ActiveCfg = AppStore|iPhoneSimulator
		{5DF3282E-028D-4B53-90F3-1F887BB564B6}.AppStore|iPhoneSimulator.Build.0 = AppStore|iPhoneSimulator
		{5DF3282E-028D-4B53-90F3-1F887BB564B6}.AppStore|x86.ActiveCfg = AppStore|iPhoneSimulator
		{5DF3282E-028D-4B53-90F3-1F887BB564B6}.Debug|Any CPU.ActiveCfg = Debug|iPhone
		{5DF3282E-028D-4B53-90F3-1F887BB564B6}.Debug|ARM.ActiveCfg = Debug|iPhoneSimulator
		{5DF3282E-028D-4B53-90F3-1F887BB564B6}.Debug|iPhone.ActiveCfg = Debug|iPhone
		{5DF3282E-028D-4B53-90F3-1F887BB564B6}.Debug|iPhone.Build.0 = Debug|iPhone
		{5DF3282E-028D-4B53-90F3-1F887BB564B6}.Debug|iPhoneSimulator.ActiveCfg = Debug|iPhoneSimulator
		{5DF3282E-028D-4B53-90F3-1F887BB564B6}.Debug|iPhoneSimulator.Build.0 = Debug|iPhoneSimulator
		{5DF3282E-028D-4B53-90F3-1F887BB564B6}.Debug|x86.ActiveCfg = Debug|iPhoneSimulator
		{5DF3282E-028D-4B53-90F3-1F887BB564B6}.Release|Any CPU.ActiveCfg = Release|iPhone
		{5DF3282E-028D-4B53-90F3-1F887BB564B6}.Release|ARM.ActiveCfg = Release|iPhoneSimulator
		{5DF3282E-028D-4B53-90F3-1F887BB564B6}.Release|iPhone.ActiveCfg = Release|iPhone
		{5DF3282E-028D-4B53-90F3-1F887BB564B6}.Release|iPhone.Build.0 = Release|iPhone
		{5DF3282E-028D-4B53-90F3-1F887BB564B6}.Release|iPhoneSimulator.ActiveCfg = Release|iPhoneSimulator
		{5DF3282E-028D-4B53-90F3-1F887BB564B6}.Release|iPhoneSimulator.Build.0 = Release|iPhoneSimulator
		{5DF3282E-028D-4B53-90F3-1F887BB564B6}.Release|x86.ActiveCfg = Release|iPhoneSimulator
		{1B8DD915-E333-4AD9-921F-12CAA16C940B}.Ad-Hoc|Any CPU.ActiveCfg = Release|Any CPU
		{1B8DD915-E333-4AD9-921F-12CAA16C940B}.Ad-Hoc|Any CPU.Build.0 = Release|Any CPU
		{1B8DD915-E333-4AD9-921F-12CAA16C940B}.Ad-Hoc|Any CPU.Deploy.0 = Release|Any CPU
		{1B8DD915-E333-4AD9-921F-12CAA16C940B}.Ad-Hoc|ARM.ActiveCfg = Release|ARM
		{1B8DD915-E333-4AD9-921F-12CAA16C940B}.Ad-Hoc|ARM.Build.0 = Release|ARM
		{1B8DD915-E333-4AD9-921F-12CAA16C940B}.Ad-Hoc|ARM.Deploy.0 = Release|ARM
		{1B8DD915-E333-4AD9-921F-12CAA16C940B}.Ad-Hoc|iPhone.ActiveCfg = Release|Any CPU
		{1B8DD915-E333-4AD9-921F-12CAA16C940B}.Ad-Hoc|iPhone.Build.0 = Release|Any CPU
		{1B8DD915-E333-4AD9-921F-12CAA16C940B}.Ad-Hoc|iPhone.Deploy.0 = Release|Any CPU
		{1B8DD915-E333-4AD9-921F-12CAA16C940B}.Ad-Hoc|iPhoneSimulator.ActiveCfg = Release|Any CPU
		{1B8DD915-E333-4AD9-921F-12CAA16C940B}.Ad-Hoc|iPhoneSimulator.Build.0 = Release|Any CPU
		{1B8DD915-E333-4AD9-921F-12CAA16C940B}.Ad-Hoc|iPhoneSimulator.Deploy.0 = Release|Any CPU
		{1B8DD915-E333-4AD9-921F-12CAA16C940B}.Ad-Hoc|x86.ActiveCfg = Release|x86
		{1B8DD915-E333-4AD9-921F-12CAA16C940B}.Ad-Hoc|x86.Build.0 = Release|x86
		{1B8DD915-E333-4AD9-921F-12CAA16C940B}.Ad-Hoc|x86.Deploy.0 = Release|x86
		{1B8DD915-E333-4AD9-921F-12CAA16C940B}.AppStore|Any CPU.ActiveCfg = Release|Any CPU
		{1B8DD915-E333-4AD9-921F-12CAA16C940B}.AppStore|Any CPU.Build.0 = Release|Any CPU
		{1B8DD915-E333-4AD9-921F-12CAA16C940B}.AppStore|Any CPU.Deploy.0 = Release|Any CPU
		{1B8DD915-E333-4AD9-921F-12CAA16C940B}.AppStore|ARM.ActiveCfg = Release|ARM
		{1B8DD915-E333-4AD9-921F-12CAA16C940B}.AppStore|ARM.Build.0 = Release|ARM
		{1B8DD915-E333-4AD9-921F-12CAA16C940B}.AppStore|ARM.Deploy.0 = Release|ARM
		{1B8DD915-E333-4AD9-921F-12CAA16C940B}.AppStore|iPhone.ActiveCfg = Release|Any CPU
		{1B8DD915-E333-4AD9-921F-12CAA16C940B}.AppStore|iPhone.Build.0 = Release|Any CPU
		{1B8DD915-E333-4AD9-921F-12CAA16C940B}.AppStore|iPhone.Deploy.0 = Release|Any CPU
		{1B8DD915-E333-4AD9-921F-12CAA16C940B}.AppStore|iPhoneSimulator.ActiveCfg = Release|Any CPU
		{1B8DD915-E333-4AD9-921F-12CAA16C940B}.AppStore|iPhoneSimulator.Build.0 = Release|Any CPU
		{1B8DD915-E333-4AD9-921F-12CAA16C940B}.AppStore|iPhoneSimulator.Deploy.0 = Release|Any CPU
		{1B8DD915-E333-4AD9-921F-12CAA16C940B}.AppStore|x86.ActiveCfg = Release|x86
		{1B8DD915-E333-4AD9-921F-12CAA16C940B}.AppStore|x86.Build.0 = Release|x86
		{1B8DD915-E333-4AD9-921F-12CAA16C940B}.AppStore|x86.Deploy.0 = Release|x86
		{1B8DD915-E333-4AD9-921F-12CAA16C940B}.Debug|Any CPU.ActiveCfg = Debug|Any CPU
		{1B8DD915-E333-4AD9-921F-12CAA16C940B}.Debug|Any CPU.Build.0 = Debug|Any CPU
		{1B8DD915-E333-4AD9-921F-12CAA16C940B}.Debug|Any CPU.Deploy.0 = Debug|Any CPU
		{1B8DD915-E333-4AD9-921F-12CAA16C940B}.Debug|ARM.ActiveCfg = Debug|ARM
		{1B8DD915-E333-4AD9-921F-12CAA16C940B}.Debug|ARM.Build.0 = Debug|ARM
		{1B8DD915-E333-4AD9-921F-12CAA16C940B}.Debug|ARM.Deploy.0 = Debug|ARM
		{1B8DD915-E333-4AD9-921F-12CAA16C940B}.Debug|iPhone.ActiveCfg = Debug|Any CPU
		{1B8DD915-E333-4AD9-921F-12CAA16C940B}.Debug|iPhone.Build.0 = Debug|Any CPU
		{1B8DD915-E333-4AD9-921F-12CAA16C940B}.Debug|iPhone.Deploy.0 = Debug|Any CPU
		{1B8DD915-E333-4AD9-921F-12CAA16C940B}.Debug|iPhoneSimulator.ActiveCfg = Debug|Any CPU
		{1B8DD915-E333-4AD9-921F-12CAA16C940B}.Debug|iPhoneSimulator.Build.0 = Debug|Any CPU
		{1B8DD915-E333-4AD9-921F-12CAA16C940B}.Debug|iPhoneSimulator.Deploy.0 = Debug|Any CPU
		{1B8DD915-E333-4AD9-921F-12CAA16C940B}.Debug|x86.ActiveCfg = Debug|x86
		{1B8DD915-E333-4AD9-921F-12CAA16C940B}.Debug|x86.Build.0 = Debug|x86
		{1B8DD915-E333-4AD9-921F-12CAA16C940B}.Debug|x86.Deploy.0 = Debug|x86
		{1B8DD915-E333-4AD9-921F-12CAA16C940B}.Release|Any CPU.ActiveCfg = Release|Any CPU
		{1B8DD915-E333-4AD9-921F-12CAA16C940B}.Release|Any CPU.Build.0 = Release|Any CPU
		{1B8DD915-E333-4AD9-921F-12CAA16C940B}.Release|Any CPU.Deploy.0 = Release|Any CPU
		{1B8DD915-E333-4AD9-921F-12CAA16C940B}.Release|ARM.ActiveCfg = Release|ARM
		{1B8DD915-E333-4AD9-921F-12CAA16C940B}.Release|ARM.Build.0 = Release|ARM
		{1B8DD915-E333-4AD9-921F-12CAA16C940B}.Release|ARM.Deploy.0 = Release|ARM
		{1B8DD915-E333-4AD9-921F-12CAA16C940B}.Release|iPhone.ActiveCfg = Release|Any CPU
		{1B8DD915-E333-4AD9-921F-12CAA16C940B}.Release|iPhone.Build.0 = Release|Any CPU
		{1B8DD915-E333-4AD9-921F-12CAA16C940B}.Release|iPhone.Deploy.0 = Release|Any CPU
		{1B8DD915-E333-4AD9-921F-12CAA16C940B}.Release|iPhoneSimulator.ActiveCfg = Release|Any CPU
		{1B8DD915-E333-4AD9-921F-12CAA16C940B}.Release|iPhoneSimulator.Build.0 = Release|Any CPU
		{1B8DD915-E333-4AD9-921F-12CAA16C940B}.Release|iPhoneSimulator.Deploy.0 = Release|Any CPU
		{1B8DD915-E333-4AD9-921F-12CAA16C940B}.Release|x86.ActiveCfg = Release|x86
		{1B8DD915-E333-4AD9-921F-12CAA16C940B}.Release|x86.Build.0 = Release|x86
		{1B8DD915-E333-4AD9-921F-12CAA16C940B}.Release|x86.Deploy.0 = Release|x86
	EndGlobalSection
	GlobalSection(SolutionProperties) = preSolution
		HideSolutionNode = FALSE
	EndGlobalSection
EndGlobal
